// !$*UTF8*$!
{
	archiveVersion = 1;
	classes = {
	};
	objectVersion = 48;
	objects = {

/* Begin PBXBuildFile section */
		682F0A19C9F947C5D768DFE0 /* libPods-FireMarchTch.a in Frameworks */ = {isa = PBXBuildFile; fileRef = 25F7AE81BF2D94110752DD1A /* libPods-FireMarchTch.a */; };
		EC38CAFA20722EDB00C09DC7 /* FMViewController.m in Sources */ = {isa = PBXBuildFile; fileRef = EC38CAF920722EDB00C09DC7 /* FMViewController.m */; };
		EC38CAFE2072507900C09DC7 /* CZJAlertView.m in Sources */ = {isa = PBXBuildFile; fileRef = EC38CAFB2072507800C09DC7 /* CZJAlertView.m */; };
		EC38CAFF2072507900C09DC7 /* CZJAlertView.xib in Resources */ = {isa = PBXBuildFile; fileRef = EC38CAFC2072507900C09DC7 /* CZJAlertView.xib */; };
		EC38CB02207250B200C09DC7 /* FMAlertViewController.m in Sources */ = {isa = PBXBuildFile; fileRef = EC38CB01207250B100C09DC7 /* FMAlertViewController.m */; };
		EC38CB0520732C8A00C09DC7 /* FMDeviceInfo.m in Sources */ = {isa = PBXBuildFile; fileRef = EC38CB0420732C8A00C09DC7 /* FMDeviceInfo.m */; };
		EC38CB08207379FE00C09DC7 /* Reachability.m in Sources */ = {isa = PBXBuildFile; fileRef = EC38CB07207379FE00C09DC7 /* Reachability.m */; };
		EC38CB0C2074745600C09DC7 /* FMSetMyInfoViewController.m in Sources */ = {isa = PBXBuildFile; fileRef = EC38CB0A2074745600C09DC7 /* FMSetMyInfoViewController.m */; };
		EC38CB0D2074745600C09DC7 /* FMSetMyInfoViewController.xib in Resources */ = {isa = PBXBuildFile; fileRef = EC38CB0B2074745600C09DC7 /* FMSetMyInfoViewController.xib */; };
		EC38CB102074A7E500C09DC7 /* LewPickerController.m in Sources */ = {isa = PBXBuildFile; fileRef = EC38CB0F2074A7E500C09DC7 /* LewPickerController.m */; };
		EC42A4AF20614F4700C52324 /* FMTBaseDataManager.m in Sources */ = {isa = PBXBuildFile; fileRef = EC42A4AE20614F4700C52324 /* FMTBaseDataManager.m */; };
		EC42A4B82062131500C52324 /* FMTUnLockViewController.m in Sources */ = {isa = PBXBuildFile; fileRef = EC42A4B72062131500C52324 /* FMTUnLockViewController.m */; };
		EC42A4C92063EEED00C52324 /* FMTLoginViewController.m in Sources */ = {isa = PBXBuildFile; fileRef = EC42A4C82063EEED00C52324 /* FMTLoginViewController.m */; };
		EC42A4CC2063EF0700C52324 /* FMTRegistViewController.m in Sources */ = {isa = PBXBuildFile; fileRef = EC42A4CB2063EF0700C52324 /* FMTRegistViewController.m */; };
		EC42A4CF2063EF2200C52324 /* FMTRegLoginHomeController.m in Sources */ = {isa = PBXBuildFile; fileRef = EC42A4CE2063EF2200C52324 /* FMTRegLoginHomeController.m */; };
		EC42A4D42064F13600C52324 /* UINavigationBar+BackgroundColor.m in Sources */ = {isa = PBXBuildFile; fileRef = EC42A4D32064F13600C52324 /* UINavigationBar+BackgroundColor.m */; };
		EC42A4D92068DC3A00C52324 /* AppDelegate.m in Sources */ = {isa = PBXBuildFile; fileRef = EC42A4D72068DC3900C52324 /* AppDelegate.m */; };
		EC42A4DD2068DCC500C52324 /* Info.plist in Resources */ = {isa = PBXBuildFile; fileRef = EC42A4DB2068DCC500C52324 /* Info.plist */; };
		EC42A4DE2068DCC500C52324 /* main.m in Sources */ = {isa = PBXBuildFile; fileRef = EC42A4DC2068DCC500C52324 /* main.m */; };
		EC42A4E52068DCCD00C52324 /* ValueType.m in Sources */ = {isa = PBXBuildFile; fileRef = EC42A4DF2068DCCC00C52324 /* ValueType.m */; };
		EC42A4E62068DCCD00C52324 /* FMModel.m in Sources */ = {isa = PBXBuildFile; fileRef = EC42A4E02068DCCC00C52324 /* FMModel.m */; };
		EC42A4F22068F6A000C52324 /* FMTCodeInputTextFields.m in Sources */ = {isa = PBXBuildFile; fileRef = EC42A4F12068F6A000C52324 /* FMTCodeInputTextFields.m */; };
		EC42A4F5206900E600C52324 /* UITextField+Delete.m in Sources */ = {isa = PBXBuildFile; fileRef = EC42A4F4206900E600C52324 /* UITextField+Delete.m */; };
		EC473C962056556200CD9397 /* ViewController.m in Sources */ = {isa = PBXBuildFile; fileRef = EC473C952056556200CD9397 /* ViewController.m */; };
		EC473CF52056BDCB00CD9397 /* LaunchScreen.storyboard in Resources */ = {isa = PBXBuildFile; fileRef = EC473CF12056BDCB00CD9397 /* LaunchScreen.storyboard */; };
		EC473CF62056BDCB00CD9397 /* Main.storyboard in Resources */ = {isa = PBXBuildFile; fileRef = EC473CF32056BDCB00CD9397 /* Main.storyboard */; };
		EC473CF92056BE0B00CD9397 /* RegLogin.storyboard in Resources */ = {isa = PBXBuildFile; fileRef = EC473CF72056BE0B00CD9397 /* RegLogin.storyboard */; };
		EC473D0620576BD000CD9397 /* 方正兰亭细黑_GBK.TTF in Resources */ = {isa = PBXBuildFile; fileRef = EC473D0520576BD000CD9397 /* 方正兰亭细黑_GBK.TTF */; };
		EC473D0A205BD9BF00CD9397 /* FMUtils.m in Sources */ = {isa = PBXBuildFile; fileRef = EC473D09205BD9BF00CD9397 /* FMUtils.m */; };
		EC473D21205BF6DB00CD9397 /* UIColor+WLZ_HexRGB.m in Sources */ = {isa = PBXBuildFile; fileRef = EC473D16205BF6DB00CD9397 /* UIColor+WLZ_HexRGB.m */; };
		EC473D22205BF6DB00CD9397 /* UIView+Frame.m in Sources */ = {isa = PBXBuildFile; fileRef = EC473D17205BF6DB00CD9397 /* UIView+Frame.m */; };
		EC473D23205BF6DB00CD9397 /* UIView+RGSize.m in Sources */ = {isa = PBXBuildFile; fileRef = EC473D18205BF6DB00CD9397 /* UIView+RGSize.m */; };
		EC473D24205BF6DB00CD9397 /* UIScrollView+Touch.m in Sources */ = {isa = PBXBuildFile; fileRef = EC473D1A205BF6DB00CD9397 /* UIScrollView+Touch.m */; };
		EC473D25205BF6DB00CD9397 /* NSDictionary+NSDictonay_Unicode.m in Sources */ = {isa = PBXBuildFile; fileRef = EC473D1B205BF6DB00CD9397 /* NSDictionary+NSDictonay_Unicode.m */; };
		EC473D26205BF6DB00CD9397 /* CALayer+UIColor.m in Sources */ = {isa = PBXBuildFile; fileRef = EC473D1E205BF6DB00CD9397 /* CALayer+UIColor.m */; };
		EC473D2C205FBF5200CD9397 /* CCLocationManager.m in Sources */ = {isa = PBXBuildFile; fileRef = EC473D2B205FBF5200CD9397 /* CCLocationManager.m */; };
		EC473D2F205FBFF300CD9397 /* WGS84TOGCJ02.m in Sources */ = {isa = PBXBuildFile; fileRef = EC473D2E205FBFF300CD9397 /* WGS84TOGCJ02.m */; };
		EC473D322060DB9500CD9397 /* FMNetworkMananger.m in Sources */ = {isa = PBXBuildFile; fileRef = EC473D312060DB9500CD9397 /* FMNetworkMananger.m */; };
		ECA70B88206A935B003E2F62 /* FMSetPWDViewController.m in Sources */ = {isa = PBXBuildFile; fileRef = ECA70B87206A935B003E2F62 /* FMSetPWDViewController.m */; };
		ECDCE67A207B0D07009BB554 /* FMTUpImageViewController.m in Sources */ = {isa = PBXBuildFile; fileRef = ECDCE678207B0D07009BB554 /* FMTUpImageViewController.m */; };
		ECDCE67B207B0D07009BB554 /* FMTUpImageViewController.xib in Resources */ = {isa = PBXBuildFile; fileRef = ECDCE679207B0D07009BB554 /* FMTUpImageViewController.xib */; };
		ECDCE67E207B5DF0009BB554 /* FSDeletableImageView.m in Sources */ = {isa = PBXBuildFile; fileRef = ECDCE67C207B5DEF009BB554 /* FSDeletableImageView.m */; };
		ECDCE686207B6ACE009BB554 /* PBaseTableViewCell.m in Sources */ = {isa = PBXBuildFile; fileRef = ECDCE685207B6ACE009BB554 /* PBaseTableViewCell.m */; };
		ECDCE689207B9C8C009BB554 /* UIView+SDAutoLayout.m in Sources */ = {isa = PBXBuildFile; fileRef = ECDCE688207B9C8C009BB554 /* UIView+SDAutoLayout.m */; };
		ECDCE68C207B9D0D009BB554 /* UITableView+SDAutoTableViewCellHeight.m in Sources */ = {isa = PBXBuildFile; fileRef = ECDCE68A207B9D0D009BB554 /* UITableView+SDAutoTableViewCellHeight.m */; };
		ECDCE694207BABD7009BB554 /* FMImageUploadView.m in Sources */ = {isa = PBXBuildFile; fileRef = ECDCE693207BABD7009BB554 /* FMImageUploadView.m */; };
		ECDCE699207C858A009BB554 /* YYWeakProxy.m in Sources */ = {isa = PBXBuildFile; fileRef = ECDCE695207C858A009BB554 /* YYWeakProxy.m */; };
		ECDCE69A207C858A009BB554 /* YYFPSLabel.m in Sources */ = {isa = PBXBuildFile; fileRef = ECDCE696207C858A009BB554 /* YYFPSLabel.m */; };
		ECDCE70E207DF666009BB554 /* FMImageCollectionViewCell.m in Sources */ = {isa = PBXBuildFile; fileRef = ECDCE70C207DF666009BB554 /* FMImageCollectionViewCell.m */; };
		ECDCE70F207DF666009BB554 /* FMImageCollectionViewCell.xib in Resources */ = {isa = PBXBuildFile; fileRef = ECDCE70D207DF666009BB554 /* FMImageCollectionViewCell.xib */; };
		ECDCE71B207F3E81009BB554 /* HXTagCollectionViewCell.m in Sources */ = {isa = PBXBuildFile; fileRef = ECDCE711207F3E81009BB554 /* HXTagCollectionViewCell.m */; };
		ECDCE71C207F3E81009BB554 /* HXTagsView.m in Sources */ = {isa = PBXBuildFile; fileRef = ECDCE713207F3E81009BB554 /* HXTagsView.m */; };
		ECDCE71E207F3E81009BB554 /* HXTagAttribute.m in Sources */ = {isa = PBXBuildFile; fileRef = ECDCE716207F3E81009BB554 /* HXTagAttribute.m */; };
		ECDCE71F207F3E81009BB554 /* HXTagCollectionViewFlowLayout.m in Sources */ = {isa = PBXBuildFile; fileRef = ECDCE719207F3E81009BB554 /* HXTagCollectionViewFlowLayout.m */; };
		ECDCE721208593DF009BB554 /* Assets.xcassets in Resources */ = {isa = PBXBuildFile; fileRef = ECDCE720208593DF009BB554 /* Assets.xcassets */; };
		ECDCE72720871CA7009BB554 /* FMTRegTopView.m in Sources */ = {isa = PBXBuildFile; fileRef = ECDCE72620871CA7009BB554 /* FMTRegTopView.m */; };
		ECE816682087559700A4D691 /* MMLabel.m in Sources */ = {isa = PBXBuildFile; fileRef = ECE816662087559700A4D691 /* MMLabel.m */; };
		ECF1919B2089E11F004A158E /* FMTCourseController.m in Sources */ = {isa = PBXBuildFile; fileRef = ECF1919A2089E11F004A158E /* FMTCourseController.m */; };
		ECF191A2208DAAC9004A158E /* FMTCourseSetController.m in Sources */ = {isa = PBXBuildFile; fileRef = ECF191A0208DAAC9004A158E /* FMTCourseSetController.m */; };
		ECF191A3208DAAC9004A158E /* FMTCourseSetController.xib in Resources */ = {isa = PBXBuildFile; fileRef = ECF191A1208DAAC9004A158E /* FMTCourseSetController.xib */; };
		ECF191A7208DB050004A158E /* FMTPrivacySetController.m in Sources */ = {isa = PBXBuildFile; fileRef = ECF191A5208DB050004A158E /* FMTPrivacySetController.m */; };
		ECF191A8208DB050004A158E /* FMTPrivacySetController.xib in Resources */ = {isa = PBXBuildFile; fileRef = ECF191A6208DB050004A158E /* FMTPrivacySetController.xib */; };
		ECF191B1208F0C16004A158E /* FMTCourseModel.m in Sources */ = {isa = PBXBuildFile; fileRef = ECF191B0208F0C16004A158E /* FMTCourseModel.m */; };
		ECF191BA208F178F004A158E /* FMTCourseCell.m in Sources */ = {isa = PBXBuildFile; fileRef = ECF191B8208F178F004A158E /* FMTCourseCell.m */; };
		ECF191BB208F178F004A158E /* FMTCourseCell.xib in Resources */ = {isa = PBXBuildFile; fileRef = ECF191B9208F178F004A158E /* FMTCourseCell.xib */; };
		ECF191C3208F2906004A158E /* UIView+Shadow.m in Sources */ = {isa = PBXBuildFile; fileRef = ECF191C2208F2906004A158E /* UIView+Shadow.m */; };
		ECF191C720902321004A158E /* FMTCourseEditView.m in Sources */ = {isa = PBXBuildFile; fileRef = ECF191C520902321004A158E /* FMTCourseEditView.m */; };
		ECF191C820902321004A158E /* FMTCourseEditView.xib in Resources */ = {isa = PBXBuildFile; fileRef = ECF191C620902321004A158E /* FMTCourseEditView.xib */; };
		ECF191CD20902AD0004A158E /* dropdownMenu_cornerIcon.png in Resources */ = {isa = PBXBuildFile; fileRef = ECF191CA20902AD0004A158E /* dropdownMenu_cornerIcon.png */; };
		ECF191CE20902AD0004A158E /* LMJDropdownMenu.m in Sources */ = {isa = PBXBuildFile; fileRef = ECF191CB20902AD0004A158E /* LMJDropdownMenu.m */; };
		ECF191D120917896004A158E /* FMBaseTabBarController.m in Sources */ = {isa = PBXBuildFile; fileRef = ECF191D020917896004A158E /* FMBaseTabBarController.m */; };
		ECF191D42091A257004A158E /* FMTOrderManageController.m in Sources */ = {isa = PBXBuildFile; fileRef = ECF191D32091A257004A158E /* FMTOrderManageController.m */; };
		ECF191D72091A8BA004A158E /* FMTMyInfoController.m in Sources */ = {isa = PBXBuildFile; fileRef = ECF191D62091A8BA004A158E /* FMTMyInfoController.m */; };
		ECF191DA2091A974004A158E /* FMTForumController.m in Sources */ = {isa = PBXBuildFile; fileRef = ECF191D92091A974004A158E /* FMTForumController.m */; };
		ECF191DD2091B1DD004A158E /* CZJPageControlView.m in Sources */ = {isa = PBXBuildFile; fileRef = ECF191DB2091B1DD004A158E /* CZJPageControlView.m */; };
		ECF191E120998FF3004A158E /* FMTMyInfoCell.m in Sources */ = {isa = PBXBuildFile; fileRef = ECF191DF20998FF3004A158E /* FMTMyInfoCell.m */; };
		ECF191E220998FF3004A158E /* FMTMyInfoCell.xib in Resources */ = {isa = PBXBuildFile; fileRef = ECF191E020998FF3004A158E /* FMTMyInfoCell.xib */; };
		ECF191E62099900C004A158E /* FMTMyAccountCell.m in Sources */ = {isa = PBXBuildFile; fileRef = ECF191E42099900C004A158E /* FMTMyAccountCell.m */; };
		ECF191E72099900C004A158E /* FMTMyAccountCell.xib in Resources */ = {isa = PBXBuildFile; fileRef = ECF191E52099900C004A158E /* FMTMyAccountCell.xib */; };
		ECF191EA20999F5A004A158E /* FMTMyAccountController.m in Sources */ = {isa = PBXBuildFile; fileRef = ECF191E920999F5A004A158E /* FMTMyAccountController.m */; };
		ECF191ED20999F7C004A158E /* FMTMyStuController.m in Sources */ = {isa = PBXBuildFile; fileRef = ECF191EC20999F7C004A158E /* FMTMyStuController.m */; };
		ECF191F020999FA7004A158E /* FMTMyAlbumController.m in Sources */ = {isa = PBXBuildFile; fileRef = ECF191EF20999FA7004A158E /* FMTMyAlbumController.m */; };
		ECF191F320999FBC004A158E /* FMTMySettingController.m in Sources */ = {isa = PBXBuildFile; fileRef = ECF191F220999FBC004A158E /* FMTMySettingController.m */; };
		ECF191F620999FDB004A158E /* FMTMyEvaluateController.m in Sources */ = {isa = PBXBuildFile; fileRef = ECF191F520999FDB004A158E /* FMTMyEvaluateController.m */; };
/* End PBXBuildFile section */

/* Begin PBXFileReference section */
		25F7AE81BF2D94110752DD1A /* libPods-FireMarchTch.a */ = {isa = PBXFileReference; explicitFileType = archive.ar; includeInIndex = 0; path = "libPods-FireMarchTch.a"; sourceTree = BUILT_PRODUCTS_DIR; };
		26A680B511CED9E372C15761 /* Pods-FireMarchTch.release.xcconfig */ = {isa = PBXFileReference; includeInIndex = 1; lastKnownFileType = text.xcconfig; name = "Pods-FireMarchTch.release.xcconfig"; path = "Pods/Target Support Files/Pods-FireMarchTch/Pods-FireMarchTch.release.xcconfig"; sourceTree = "<group>"; };
		C70B9865407A3A915AD13095 /* Pods-FireMarchTch.debug.xcconfig */ = {isa = PBXFileReference; includeInIndex = 1; lastKnownFileType = text.xcconfig; name = "Pods-FireMarchTch.debug.xcconfig"; path = "Pods/Target Support Files/Pods-FireMarchTch/Pods-FireMarchTch.debug.xcconfig"; sourceTree = "<group>"; };
		EC38CAF820722EDB00C09DC7 /* FMViewController.h */ = {isa = PBXFileReference; lastKnownFileType = sourcecode.c.h; path = FMViewController.h; sourceTree = "<group>"; };
		EC38CAF920722EDB00C09DC7 /* FMViewController.m */ = {isa = PBXFileReference; lastKnownFileType = sourcecode.c.objc; path = FMViewController.m; sourceTree = "<group>"; };
		EC38CAFB2072507800C09DC7 /* CZJAlertView.m */ = {isa = PBXFileReference; fileEncoding = 4; lastKnownFileType = sourcecode.c.objc; path = CZJAlertView.m; sourceTree = "<group>"; };
		EC38CAFC2072507900C09DC7 /* CZJAlertView.xib */ = {isa = PBXFileReference; fileEncoding = 4; lastKnownFileType = file.xib; path = CZJAlertView.xib; sourceTree = "<group>"; };
		EC38CAFD2072507900C09DC7 /* CZJAlertView.h */ = {isa = PBXFileReference; fileEncoding = 4; lastKnownFileType = sourcecode.c.h; path = CZJAlertView.h; sourceTree = "<group>"; };
		EC38CB00207250B100C09DC7 /* FMAlertViewController.h */ = {isa = PBXFileReference; fileEncoding = 4; lastKnownFileType = sourcecode.c.h; path = FMAlertViewController.h; sourceTree = "<group>"; };
		EC38CB01207250B100C09DC7 /* FMAlertViewController.m */ = {isa = PBXFileReference; fileEncoding = 4; lastKnownFileType = sourcecode.c.objc; path = FMAlertViewController.m; sourceTree = "<group>"; };
		EC38CB0320732C8A00C09DC7 /* FMDeviceInfo.h */ = {isa = PBXFileReference; lastKnownFileType = sourcecode.c.h; path = FMDeviceInfo.h; sourceTree = "<group>"; };
		EC38CB0420732C8A00C09DC7 /* FMDeviceInfo.m */ = {isa = PBXFileReference; lastKnownFileType = sourcecode.c.objc; path = FMDeviceInfo.m; sourceTree = "<group>"; };
		EC38CB06207379FE00C09DC7 /* Reachability.h */ = {isa = PBXFileReference; fileEncoding = 4; lastKnownFileType = sourcecode.c.h; path = Reachability.h; sourceTree = "<group>"; };
		EC38CB07207379FE00C09DC7 /* Reachability.m */ = {isa = PBXFileReference; fileEncoding = 4; lastKnownFileType = sourcecode.c.objc; path = Reachability.m; sourceTree = "<group>"; };
		EC38CB092074745600C09DC7 /* FMSetMyInfoViewController.h */ = {isa = PBXFileReference; lastKnownFileType = sourcecode.c.h; path = FMSetMyInfoViewController.h; sourceTree = "<group>"; };
		EC38CB0A2074745600C09DC7 /* FMSetMyInfoViewController.m */ = {isa = PBXFileReference; lastKnownFileType = sourcecode.c.objc; path = FMSetMyInfoViewController.m; sourceTree = "<group>"; };
		EC38CB0B2074745600C09DC7 /* FMSetMyInfoViewController.xib */ = {isa = PBXFileReference; lastKnownFileType = file.xib; path = FMSetMyInfoViewController.xib; sourceTree = "<group>"; };
		EC38CB0E2074A7E500C09DC7 /* LewPickerController.h */ = {isa = PBXFileReference; fileEncoding = 4; lastKnownFileType = sourcecode.c.h; path = LewPickerController.h; sourceTree = "<group>"; };
		EC38CB0F2074A7E500C09DC7 /* LewPickerController.m */ = {isa = PBXFileReference; fileEncoding = 4; lastKnownFileType = sourcecode.c.objc; path = LewPickerController.m; sourceTree = "<group>"; };
		EC42A4AD20614F4700C52324 /* FMTBaseDataManager.h */ = {isa = PBXFileReference; lastKnownFileType = sourcecode.c.h; path = FMTBaseDataManager.h; sourceTree = "<group>"; };
		EC42A4AE20614F4700C52324 /* FMTBaseDataManager.m */ = {isa = PBXFileReference; lastKnownFileType = sourcecode.c.objc; path = FMTBaseDataManager.m; sourceTree = "<group>"; };
		EC42A4B62062131500C52324 /* FMTUnLockViewController.h */ = {isa = PBXFileReference; lastKnownFileType = sourcecode.c.h; path = FMTUnLockViewController.h; sourceTree = "<group>"; };
		EC42A4B72062131500C52324 /* FMTUnLockViewController.m */ = {isa = PBXFileReference; lastKnownFileType = sourcecode.c.objc; path = FMTUnLockViewController.m; sourceTree = "<group>"; };
		EC42A4C72063EEED00C52324 /* FMTLoginViewController.h */ = {isa = PBXFileReference; lastKnownFileType = sourcecode.c.h; path = FMTLoginViewController.h; sourceTree = "<group>"; };
		EC42A4C82063EEED00C52324 /* FMTLoginViewController.m */ = {isa = PBXFileReference; lastKnownFileType = sourcecode.c.objc; path = FMTLoginViewController.m; sourceTree = "<group>"; };
		EC42A4CA2063EF0700C52324 /* FMTRegistViewController.h */ = {isa = PBXFileReference; lastKnownFileType = sourcecode.c.h; path = FMTRegistViewController.h; sourceTree = "<group>"; };
		EC42A4CB2063EF0700C52324 /* FMTRegistViewController.m */ = {isa = PBXFileReference; lastKnownFileType = sourcecode.c.objc; path = FMTRegistViewController.m; sourceTree = "<group>"; };
		EC42A4CD2063EF2200C52324 /* FMTRegLoginHomeController.h */ = {isa = PBXFileReference; lastKnownFileType = sourcecode.c.h; path = FMTRegLoginHomeController.h; sourceTree = "<group>"; };
		EC42A4CE2063EF2200C52324 /* FMTRegLoginHomeController.m */ = {isa = PBXFileReference; lastKnownFileType = sourcecode.c.objc; path = FMTRegLoginHomeController.m; sourceTree = "<group>"; };
		EC42A4D22064F13600C52324 /* UINavigationBar+BackgroundColor.h */ = {isa = PBXFileReference; lastKnownFileType = sourcecode.c.h; path = "UINavigationBar+BackgroundColor.h"; sourceTree = "<group>"; };
		EC42A4D32064F13600C52324 /* UINavigationBar+BackgroundColor.m */ = {isa = PBXFileReference; lastKnownFileType = sourcecode.c.objc; path = "UINavigationBar+BackgroundColor.m"; sourceTree = "<group>"; };
		EC42A4D72068DC3900C52324 /* AppDelegate.m */ = {isa = PBXFileReference; fileEncoding = 4; lastKnownFileType = sourcecode.c.objc; path = AppDelegate.m; sourceTree = "<group>"; };
		EC42A4D82068DC3A00C52324 /* AppDelegate.h */ = {isa = PBXFileReference; fileEncoding = 4; lastKnownFileType = sourcecode.c.h; path = AppDelegate.h; sourceTree = "<group>"; };
		EC42A4DB2068DCC500C52324 /* Info.plist */ = {isa = PBXFileReference; fileEncoding = 4; lastKnownFileType = text.plist.xml; path = Info.plist; sourceTree = "<group>"; };
		EC42A4DC2068DCC500C52324 /* main.m */ = {isa = PBXFileReference; fileEncoding = 4; lastKnownFileType = sourcecode.c.objc; path = main.m; sourceTree = "<group>"; };
		EC42A4DF2068DCCC00C52324 /* ValueType.m */ = {isa = PBXFileReference; fileEncoding = 4; lastKnownFileType = sourcecode.c.objc; name = ValueType.m; path = SupportingFiles/ValueType.m; sourceTree = "<group>"; };
		EC42A4E02068DCCC00C52324 /* FMModel.m */ = {isa = PBXFileReference; fileEncoding = 4; lastKnownFileType = sourcecode.c.objc; name = FMModel.m; path = SupportingFiles/FMModel.m; sourceTree = "<group>"; };
		EC42A4E12068DCCC00C52324 /* PJMacros.h */ = {isa = PBXFileReference; fileEncoding = 4; lastKnownFileType = sourcecode.c.h; name = PJMacros.h; path = SupportingFiles/PJMacros.h; sourceTree = "<group>"; };
		EC42A4E22068DCCC00C52324 /* PrefixHeader.pch */ = {isa = PBXFileReference; fileEncoding = 4; lastKnownFileType = sourcecode.c.h; name = PrefixHeader.pch; path = SupportingFiles/PrefixHeader.pch; sourceTree = "<group>"; };
		EC42A4E32068DCCC00C52324 /* FMModel.h */ = {isa = PBXFileReference; fileEncoding = 4; lastKnownFileType = sourcecode.c.h; name = FMModel.h; path = SupportingFiles/FMModel.h; sourceTree = "<group>"; };
		EC42A4E42068DCCD00C52324 /* ValueType.h */ = {isa = PBXFileReference; fileEncoding = 4; lastKnownFileType = sourcecode.c.h; name = ValueType.h; path = SupportingFiles/ValueType.h; sourceTree = "<group>"; };
		EC42A4F02068F6A000C52324 /* FMTCodeInputTextFields.h */ = {isa = PBXFileReference; fileEncoding = 4; lastKnownFileType = sourcecode.c.h; path = FMTCodeInputTextFields.h; sourceTree = "<group>"; };
		EC42A4F12068F6A000C52324 /* FMTCodeInputTextFields.m */ = {isa = PBXFileReference; fileEncoding = 4; lastKnownFileType = sourcecode.c.objc; path = FMTCodeInputTextFields.m; sourceTree = "<group>"; };
		EC42A4F3206900E600C52324 /* UITextField+Delete.h */ = {isa = PBXFileReference; lastKnownFileType = sourcecode.c.h; path = "UITextField+Delete.h"; sourceTree = "<group>"; };
		EC42A4F4206900E600C52324 /* UITextField+Delete.m */ = {isa = PBXFileReference; lastKnownFileType = sourcecode.c.objc; path = "UITextField+Delete.m"; sourceTree = "<group>"; };
		EC473C8E2056556200CD9397 /* FireMarchTch.app */ = {isa = PBXFileReference; explicitFileType = wrapper.application; includeInIndex = 0; path = FireMarchTch.app; sourceTree = BUILT_PRODUCTS_DIR; };
		EC473C942056556200CD9397 /* ViewController.h */ = {isa = PBXFileReference; lastKnownFileType = sourcecode.c.h; path = ViewController.h; sourceTree = "<group>"; };
		EC473C952056556200CD9397 /* ViewController.m */ = {isa = PBXFileReference; lastKnownFileType = sourcecode.c.objc; path = ViewController.m; sourceTree = "<group>"; };
		EC473CF22056BDCB00CD9397 /* Base */ = {isa = PBXFileReference; lastKnownFileType = file.storyboard; name = Base; path = LaunchScreen.storyboard; sourceTree = "<group>"; };
		EC473CF42056BDCB00CD9397 /* Base */ = {isa = PBXFileReference; lastKnownFileType = file.storyboard; name = Base; path = Main.storyboard; sourceTree = "<group>"; };
		EC473CF82056BE0B00CD9397 /* Base */ = {isa = PBXFileReference; lastKnownFileType = file.storyboard; name = Base; path = RegLogin.storyboard; sourceTree = "<group>"; };
		EC473D0520576BD000CD9397 /* 方正兰亭细黑_GBK.TTF */ = {isa = PBXFileReference; lastKnownFileType = file; path = "方正兰亭细黑_GBK.TTF"; sourceTree = "<group>"; };
		EC473D08205BD9BF00CD9397 /* FMUtils.h */ = {isa = PBXFileReference; lastKnownFileType = sourcecode.c.h; path = FMUtils.h; sourceTree = "<group>"; };
		EC473D09205BD9BF00CD9397 /* FMUtils.m */ = {isa = PBXFileReference; lastKnownFileType = sourcecode.c.objc; path = FMUtils.m; sourceTree = "<group>"; };
		EC473D15205BF6DB00CD9397 /* NSDictionary+NSDictonay_Unicode.h */ = {isa = PBXFileReference; fileEncoding = 4; lastKnownFileType = sourcecode.c.h; path = "NSDictionary+NSDictonay_Unicode.h"; sourceTree = "<group>"; };
		EC473D16205BF6DB00CD9397 /* UIColor+WLZ_HexRGB.m */ = {isa = PBXFileReference; fileEncoding = 4; lastKnownFileType = sourcecode.c.objc; path = "UIColor+WLZ_HexRGB.m"; sourceTree = "<group>"; };
		EC473D17205BF6DB00CD9397 /* UIView+Frame.m */ = {isa = PBXFileReference; fileEncoding = 4; lastKnownFileType = sourcecode.c.objc; path = "UIView+Frame.m"; sourceTree = "<group>"; };
		EC473D18205BF6DB00CD9397 /* UIView+RGSize.m */ = {isa = PBXFileReference; fileEncoding = 4; lastKnownFileType = sourcecode.c.objc; path = "UIView+RGSize.m"; sourceTree = "<group>"; };
		EC473D19205BF6DB00CD9397 /* CALayer+UIColor.h */ = {isa = PBXFileReference; fileEncoding = 4; lastKnownFileType = sourcecode.c.h; path = "CALayer+UIColor.h"; sourceTree = "<group>"; };
		EC473D1A205BF6DB00CD9397 /* UIScrollView+Touch.m */ = {isa = PBXFileReference; fileEncoding = 4; lastKnownFileType = sourcecode.c.objc; path = "UIScrollView+Touch.m"; sourceTree = "<group>"; };
		EC473D1B205BF6DB00CD9397 /* NSDictionary+NSDictonay_Unicode.m */ = {isa = PBXFileReference; fileEncoding = 4; lastKnownFileType = sourcecode.c.objc; path = "NSDictionary+NSDictonay_Unicode.m"; sourceTree = "<group>"; };
		EC473D1C205BF6DB00CD9397 /* UIColor+WLZ_HexRGB.h */ = {isa = PBXFileReference; fileEncoding = 4; lastKnownFileType = sourcecode.c.h; path = "UIColor+WLZ_HexRGB.h"; sourceTree = "<group>"; };
		EC473D1D205BF6DB00CD9397 /* UIView+RGSize.h */ = {isa = PBXFileReference; fileEncoding = 4; lastKnownFileType = sourcecode.c.h; path = "UIView+RGSize.h"; sourceTree = "<group>"; };
		EC473D1E205BF6DB00CD9397 /* CALayer+UIColor.m */ = {isa = PBXFileReference; fileEncoding = 4; lastKnownFileType = sourcecode.c.objc; path = "CALayer+UIColor.m"; sourceTree = "<group>"; };
		EC473D1F205BF6DB00CD9397 /* UIView+Frame.h */ = {isa = PBXFileReference; fileEncoding = 4; lastKnownFileType = sourcecode.c.h; path = "UIView+Frame.h"; sourceTree = "<group>"; };
		EC473D20205BF6DB00CD9397 /* UIScrollView+Touch.h */ = {isa = PBXFileReference; fileEncoding = 4; lastKnownFileType = sourcecode.c.h; path = "UIScrollView+Touch.h"; sourceTree = "<group>"; };
		EC473D2A205FBF5200CD9397 /* CCLocationManager.h */ = {isa = PBXFileReference; fileEncoding = 4; lastKnownFileType = sourcecode.c.h; path = CCLocationManager.h; sourceTree = "<group>"; };
		EC473D2B205FBF5200CD9397 /* CCLocationManager.m */ = {isa = PBXFileReference; fileEncoding = 4; lastKnownFileType = sourcecode.c.objc; path = CCLocationManager.m; sourceTree = "<group>"; };
		EC473D2D205FBFF200CD9397 /* WGS84TOGCJ02.h */ = {isa = PBXFileReference; fileEncoding = 4; lastKnownFileType = sourcecode.c.h; path = WGS84TOGCJ02.h; sourceTree = "<group>"; };
		EC473D2E205FBFF300CD9397 /* WGS84TOGCJ02.m */ = {isa = PBXFileReference; fileEncoding = 4; lastKnownFileType = sourcecode.c.objc; path = WGS84TOGCJ02.m; sourceTree = "<group>"; };
		EC473D302060DB9500CD9397 /* FMNetworkMananger.h */ = {isa = PBXFileReference; lastKnownFileType = sourcecode.c.h; path = FMNetworkMananger.h; sourceTree = "<group>"; };
		EC473D312060DB9500CD9397 /* FMNetworkMananger.m */ = {isa = PBXFileReference; lastKnownFileType = sourcecode.c.objc; path = FMNetworkMananger.m; sourceTree = "<group>"; };
		ECA70B86206A935B003E2F62 /* FMSetPWDViewController.h */ = {isa = PBXFileReference; lastKnownFileType = sourcecode.c.h; path = FMSetPWDViewController.h; sourceTree = "<group>"; };
		ECA70B87206A935B003E2F62 /* FMSetPWDViewController.m */ = {isa = PBXFileReference; lastKnownFileType = sourcecode.c.objc; path = FMSetPWDViewController.m; sourceTree = "<group>"; };
		ECDCE677207B0D07009BB554 /* FMTUpImageViewController.h */ = {isa = PBXFileReference; lastKnownFileType = sourcecode.c.h; path = FMTUpImageViewController.h; sourceTree = "<group>"; };
		ECDCE678207B0D07009BB554 /* FMTUpImageViewController.m */ = {isa = PBXFileReference; lastKnownFileType = sourcecode.c.objc; path = FMTUpImageViewController.m; sourceTree = "<group>"; };
		ECDCE679207B0D07009BB554 /* FMTUpImageViewController.xib */ = {isa = PBXFileReference; lastKnownFileType = file.xib; path = FMTUpImageViewController.xib; sourceTree = "<group>"; };
		ECDCE67C207B5DEF009BB554 /* FSDeletableImageView.m */ = {isa = PBXFileReference; fileEncoding = 4; lastKnownFileType = sourcecode.c.objc; path = FSDeletableImageView.m; sourceTree = "<group>"; };
		ECDCE67D207B5DF0009BB554 /* FSDeletableImageView.h */ = {isa = PBXFileReference; fileEncoding = 4; lastKnownFileType = sourcecode.c.h; path = FSDeletableImageView.h; sourceTree = "<group>"; };
		ECDCE684207B6ACE009BB554 /* PBaseTableViewCell.h */ = {isa = PBXFileReference; fileEncoding = 4; lastKnownFileType = sourcecode.c.h; path = PBaseTableViewCell.h; sourceTree = "<group>"; };
		ECDCE685207B6ACE009BB554 /* PBaseTableViewCell.m */ = {isa = PBXFileReference; fileEncoding = 4; lastKnownFileType = sourcecode.c.objc; path = PBaseTableViewCell.m; sourceTree = "<group>"; };
		ECDCE687207B9C8C009BB554 /* UIView+SDAutoLayout.h */ = {isa = PBXFileReference; fileEncoding = 4; lastKnownFileType = sourcecode.c.h; path = "UIView+SDAutoLayout.h"; sourceTree = "<group>"; };
		ECDCE688207B9C8C009BB554 /* UIView+SDAutoLayout.m */ = {isa = PBXFileReference; fileEncoding = 4; lastKnownFileType = sourcecode.c.objc; path = "UIView+SDAutoLayout.m"; sourceTree = "<group>"; };
		ECDCE68A207B9D0D009BB554 /* UITableView+SDAutoTableViewCellHeight.m */ = {isa = PBXFileReference; fileEncoding = 4; lastKnownFileType = sourcecode.c.objc; path = "UITableView+SDAutoTableViewCellHeight.m"; sourceTree = "<group>"; };
		ECDCE68B207B9D0D009BB554 /* UITableView+SDAutoTableViewCellHeight.h */ = {isa = PBXFileReference; fileEncoding = 4; lastKnownFileType = sourcecode.c.h; path = "UITableView+SDAutoTableViewCellHeight.h"; sourceTree = "<group>"; };
		ECDCE692207BABD7009BB554 /* FMImageUploadView.h */ = {isa = PBXFileReference; lastKnownFileType = sourcecode.c.h; path = FMImageUploadView.h; sourceTree = "<group>"; };
		ECDCE693207BABD7009BB554 /* FMImageUploadView.m */ = {isa = PBXFileReference; lastKnownFileType = sourcecode.c.objc; path = FMImageUploadView.m; sourceTree = "<group>"; };
		ECDCE695207C858A009BB554 /* YYWeakProxy.m */ = {isa = PBXFileReference; fileEncoding = 4; lastKnownFileType = sourcecode.c.objc; path = YYWeakProxy.m; sourceTree = "<group>"; };
		ECDCE696207C858A009BB554 /* YYFPSLabel.m */ = {isa = PBXFileReference; fileEncoding = 4; lastKnownFileType = sourcecode.c.objc; path = YYFPSLabel.m; sourceTree = "<group>"; };
		ECDCE697207C858A009BB554 /* YYWeakProxy.h */ = {isa = PBXFileReference; fileEncoding = 4; lastKnownFileType = sourcecode.c.h; path = YYWeakProxy.h; sourceTree = "<group>"; };
		ECDCE698207C858A009BB554 /* YYFPSLabel.h */ = {isa = PBXFileReference; fileEncoding = 4; lastKnownFileType = sourcecode.c.h; path = YYFPSLabel.h; sourceTree = "<group>"; };
		ECDCE70B207DF666009BB554 /* FMImageCollectionViewCell.h */ = {isa = PBXFileReference; lastKnownFileType = sourcecode.c.h; path = FMImageCollectionViewCell.h; sourceTree = "<group>"; };
		ECDCE70C207DF666009BB554 /* FMImageCollectionViewCell.m */ = {isa = PBXFileReference; lastKnownFileType = sourcecode.c.objc; path = FMImageCollectionViewCell.m; sourceTree = "<group>"; };
		ECDCE70D207DF666009BB554 /* FMImageCollectionViewCell.xib */ = {isa = PBXFileReference; lastKnownFileType = file.xib; path = FMImageCollectionViewCell.xib; sourceTree = "<group>"; };
		ECDCE711207F3E81009BB554 /* HXTagCollectionViewCell.m */ = {isa = PBXFileReference; fileEncoding = 4; lastKnownFileType = sourcecode.c.objc; path = HXTagCollectionViewCell.m; sourceTree = "<group>"; };
		ECDCE712207F3E81009BB554 /* HXTagAttribute.h */ = {isa = PBXFileReference; fileEncoding = 4; lastKnownFileType = sourcecode.c.h; path = HXTagAttribute.h; sourceTree = "<group>"; };
		ECDCE713207F3E81009BB554 /* HXTagsView.m */ = {isa = PBXFileReference; fileEncoding = 4; lastKnownFileType = sourcecode.c.objc; path = HXTagsView.m; sourceTree = "<group>"; };
		ECDCE715207F3E81009BB554 /* HXTagCollectionViewFlowLayout.h */ = {isa = PBXFileReference; fileEncoding = 4; lastKnownFileType = sourcecode.c.h; path = HXTagCollectionViewFlowLayout.h; sourceTree = "<group>"; };
		ECDCE716207F3E81009BB554 /* HXTagAttribute.m */ = {isa = PBXFileReference; fileEncoding = 4; lastKnownFileType = sourcecode.c.objc; path = HXTagAttribute.m; sourceTree = "<group>"; };
		ECDCE717207F3E81009BB554 /* HXTagCollectionViewCell.h */ = {isa = PBXFileReference; fileEncoding = 4; lastKnownFileType = sourcecode.c.h; path = HXTagCollectionViewCell.h; sourceTree = "<group>"; };
		ECDCE718207F3E81009BB554 /* HXTagsView.h */ = {isa = PBXFileReference; fileEncoding = 4; lastKnownFileType = sourcecode.c.h; path = HXTagsView.h; sourceTree = "<group>"; };
		ECDCE719207F3E81009BB554 /* HXTagCollectionViewFlowLayout.m */ = {isa = PBXFileReference; fileEncoding = 4; lastKnownFileType = sourcecode.c.objc; path = HXTagCollectionViewFlowLayout.m; sourceTree = "<group>"; };
		ECDCE720208593DF009BB554 /* Assets.xcassets */ = {isa = PBXFileReference; lastKnownFileType = folder.assetcatalog; path = Assets.xcassets; sourceTree = "<group>"; };
		ECDCE72520871CA7009BB554 /* FMTRegTopView.h */ = {isa = PBXFileReference; lastKnownFileType = sourcecode.c.h; path = FMTRegTopView.h; sourceTree = "<group>"; };
		ECDCE72620871CA7009BB554 /* FMTRegTopView.m */ = {isa = PBXFileReference; lastKnownFileType = sourcecode.c.objc; path = FMTRegTopView.m; sourceTree = "<group>"; };
		ECE816662087559700A4D691 /* MMLabel.m */ = {isa = PBXFileReference; fileEncoding = 4; lastKnownFileType = sourcecode.c.objc; path = MMLabel.m; sourceTree = "<group>"; };
		ECE816672087559700A4D691 /* MMLabel.h */ = {isa = PBXFileReference; fileEncoding = 4; lastKnownFileType = sourcecode.c.h; path = MMLabel.h; sourceTree = "<group>"; };
		ECF191992089E11F004A158E /* FMTCourseController.h */ = {isa = PBXFileReference; lastKnownFileType = sourcecode.c.h; path = FMTCourseController.h; sourceTree = "<group>"; };
		ECF1919A2089E11F004A158E /* FMTCourseController.m */ = {isa = PBXFileReference; lastKnownFileType = sourcecode.c.objc; path = FMTCourseController.m; sourceTree = "<group>"; };
		ECF1919F208DAAC9004A158E /* FMTCourseSetController.h */ = {isa = PBXFileReference; lastKnownFileType = sourcecode.c.h; path = FMTCourseSetController.h; sourceTree = "<group>"; };
		ECF191A0208DAAC9004A158E /* FMTCourseSetController.m */ = {isa = PBXFileReference; lastKnownFileType = sourcecode.c.objc; path = FMTCourseSetController.m; sourceTree = "<group>"; };
		ECF191A1208DAAC9004A158E /* FMTCourseSetController.xib */ = {isa = PBXFileReference; lastKnownFileType = file.xib; path = FMTCourseSetController.xib; sourceTree = "<group>"; };
		ECF191A4208DB050004A158E /* FMTPrivacySetController.h */ = {isa = PBXFileReference; lastKnownFileType = sourcecode.c.h; path = FMTPrivacySetController.h; sourceTree = "<group>"; };
		ECF191A5208DB050004A158E /* FMTPrivacySetController.m */ = {isa = PBXFileReference; lastKnownFileType = sourcecode.c.objc; path = FMTPrivacySetController.m; sourceTree = "<group>"; };
		ECF191A6208DB050004A158E /* FMTPrivacySetController.xib */ = {isa = PBXFileReference; lastKnownFileType = file.xib; path = FMTPrivacySetController.xib; sourceTree = "<group>"; };
		ECF191AF208F0C16004A158E /* FMTCourseModel.h */ = {isa = PBXFileReference; lastKnownFileType = sourcecode.c.h; path = FMTCourseModel.h; sourceTree = "<group>"; };
		ECF191B0208F0C16004A158E /* FMTCourseModel.m */ = {isa = PBXFileReference; lastKnownFileType = sourcecode.c.objc; path = FMTCourseModel.m; sourceTree = "<group>"; };
		ECF191B7208F178F004A158E /* FMTCourseCell.h */ = {isa = PBXFileReference; lastKnownFileType = sourcecode.c.h; path = FMTCourseCell.h; sourceTree = "<group>"; };
		ECF191B8208F178F004A158E /* FMTCourseCell.m */ = {isa = PBXFileReference; lastKnownFileType = sourcecode.c.objc; path = FMTCourseCell.m; sourceTree = "<group>"; };
		ECF191B9208F178F004A158E /* FMTCourseCell.xib */ = {isa = PBXFileReference; lastKnownFileType = file.xib; path = FMTCourseCell.xib; sourceTree = "<group>"; };
		ECF191C1208F2906004A158E /* UIView+Shadow.h */ = {isa = PBXFileReference; lastKnownFileType = sourcecode.c.h; path = "UIView+Shadow.h"; sourceTree = "<group>"; };
		ECF191C2208F2906004A158E /* UIView+Shadow.m */ = {isa = PBXFileReference; lastKnownFileType = sourcecode.c.objc; path = "UIView+Shadow.m"; sourceTree = "<group>"; };
		ECF191C420902321004A158E /* FMTCourseEditView.h */ = {isa = PBXFileReference; lastKnownFileType = sourcecode.c.h; path = FMTCourseEditView.h; sourceTree = "<group>"; };
		ECF191C520902321004A158E /* FMTCourseEditView.m */ = {isa = PBXFileReference; lastKnownFileType = sourcecode.c.objc; path = FMTCourseEditView.m; sourceTree = "<group>"; };
		ECF191C620902321004A158E /* FMTCourseEditView.xib */ = {isa = PBXFileReference; lastKnownFileType = file.xib; path = FMTCourseEditView.xib; sourceTree = "<group>"; };
		ECF191CA20902AD0004A158E /* dropdownMenu_cornerIcon.png */ = {isa = PBXFileReference; lastKnownFileType = image.png; path = dropdownMenu_cornerIcon.png; sourceTree = "<group>"; };
		ECF191CB20902AD0004A158E /* LMJDropdownMenu.m */ = {isa = PBXFileReference; fileEncoding = 4; lastKnownFileType = sourcecode.c.objc; path = LMJDropdownMenu.m; sourceTree = "<group>"; };
		ECF191CC20902AD0004A158E /* LMJDropdownMenu.h */ = {isa = PBXFileReference; fileEncoding = 4; lastKnownFileType = sourcecode.c.h; path = LMJDropdownMenu.h; sourceTree = "<group>"; };
		ECF191CF20917896004A158E /* FMBaseTabBarController.h */ = {isa = PBXFileReference; lastKnownFileType = sourcecode.c.h; path = FMBaseTabBarController.h; sourceTree = "<group>"; };
		ECF191D020917896004A158E /* FMBaseTabBarController.m */ = {isa = PBXFileReference; lastKnownFileType = sourcecode.c.objc; path = FMBaseTabBarController.m; sourceTree = "<group>"; };
		ECF191D22091A257004A158E /* FMTOrderManageController.h */ = {isa = PBXFileReference; lastKnownFileType = sourcecode.c.h; path = FMTOrderManageController.h; sourceTree = "<group>"; };
		ECF191D32091A257004A158E /* FMTOrderManageController.m */ = {isa = PBXFileReference; lastKnownFileType = sourcecode.c.objc; path = FMTOrderManageController.m; sourceTree = "<group>"; };
		ECF191D52091A8BA004A158E /* FMTMyInfoController.h */ = {isa = PBXFileReference; lastKnownFileType = sourcecode.c.h; path = FMTMyInfoController.h; sourceTree = "<group>"; };
		ECF191D62091A8BA004A158E /* FMTMyInfoController.m */ = {isa = PBXFileReference; lastKnownFileType = sourcecode.c.objc; path = FMTMyInfoController.m; sourceTree = "<group>"; };
		ECF191D82091A974004A158E /* FMTForumController.h */ = {isa = PBXFileReference; lastKnownFileType = sourcecode.c.h; path = FMTForumController.h; sourceTree = "<group>"; };
		ECF191D92091A974004A158E /* FMTForumController.m */ = {isa = PBXFileReference; lastKnownFileType = sourcecode.c.objc; path = FMTForumController.m; sourceTree = "<group>"; };
		ECF191DB2091B1DD004A158E /* CZJPageControlView.m */ = {isa = PBXFileReference; fileEncoding = 4; lastKnownFileType = sourcecode.c.objc; path = CZJPageControlView.m; sourceTree = "<group>"; };
		ECF191DC2091B1DD004A158E /* CZJPageControlView.h */ = {isa = PBXFileReference; fileEncoding = 4; lastKnownFileType = sourcecode.c.h; path = CZJPageControlView.h; sourceTree = "<group>"; };
		ECF191DE20998FF3004A158E /* FMTMyInfoCell.h */ = {isa = PBXFileReference; lastKnownFileType = sourcecode.c.h; path = FMTMyInfoCell.h; sourceTree = "<group>"; };
		ECF191DF20998FF3004A158E /* FMTMyInfoCell.m */ = {isa = PBXFileReference; lastKnownFileType = sourcecode.c.objc; path = FMTMyInfoCell.m; sourceTree = "<group>"; };
		ECF191E020998FF3004A158E /* FMTMyInfoCell.xib */ = {isa = PBXFileReference; lastKnownFileType = file.xib; path = FMTMyInfoCell.xib; sourceTree = "<group>"; };
		ECF191E32099900C004A158E /* FMTMyAccountCell.h */ = {isa = PBXFileReference; lastKnownFileType = sourcecode.c.h; path = FMTMyAccountCell.h; sourceTree = "<group>"; };
		ECF191E42099900C004A158E /* FMTMyAccountCell.m */ = {isa = PBXFileReference; lastKnownFileType = sourcecode.c.objc; path = FMTMyAccountCell.m; sourceTree = "<group>"; };
		ECF191E52099900C004A158E /* FMTMyAccountCell.xib */ = {isa = PBXFileReference; lastKnownFileType = file.xib; path = FMTMyAccountCell.xib; sourceTree = "<group>"; };
		ECF191E820999F5A004A158E /* FMTMyAccountController.h */ = {isa = PBXFileReference; lastKnownFileType = sourcecode.c.h; path = FMTMyAccountController.h; sourceTree = "<group>"; };
		ECF191E920999F5A004A158E /* FMTMyAccountController.m */ = {isa = PBXFileReference; lastKnownFileType = sourcecode.c.objc; path = FMTMyAccountController.m; sourceTree = "<group>"; };
		ECF191EB20999F7C004A158E /* FMTMyStuController.h */ = {isa = PBXFileReference; lastKnownFileType = sourcecode.c.h; path = FMTMyStuController.h; sourceTree = "<group>"; };
		ECF191EC20999F7C004A158E /* FMTMyStuController.m */ = {isa = PBXFileReference; lastKnownFileType = sourcecode.c.objc; path = FMTMyStuController.m; sourceTree = "<group>"; };
		ECF191EE20999FA7004A158E /* FMTMyAlbumController.h */ = {isa = PBXFileReference; lastKnownFileType = sourcecode.c.h; path = FMTMyAlbumController.h; sourceTree = "<group>"; };
		ECF191EF20999FA7004A158E /* FMTMyAlbumController.m */ = {isa = PBXFileReference; lastKnownFileType = sourcecode.c.objc; path = FMTMyAlbumController.m; sourceTree = "<group>"; };
		ECF191F120999FBC004A158E /* FMTMySettingController.h */ = {isa = PBXFileReference; lastKnownFileType = sourcecode.c.h; path = FMTMySettingController.h; sourceTree = "<group>"; };
		ECF191F220999FBC004A158E /* FMTMySettingController.m */ = {isa = PBXFileReference; lastKnownFileType = sourcecode.c.objc; path = FMTMySettingController.m; sourceTree = "<group>"; };
		ECF191F420999FDB004A158E /* FMTMyEvaluateController.h */ = {isa = PBXFileReference; lastKnownFileType = sourcecode.c.h; path = FMTMyEvaluateController.h; sourceTree = "<group>"; };
		ECF191F520999FDB004A158E /* FMTMyEvaluateController.m */ = {isa = PBXFileReference; lastKnownFileType = sourcecode.c.objc; path = FMTMyEvaluateController.m; sourceTree = "<group>"; };
/* End PBXFileReference section */

/* Begin PBXFrameworksBuildPhase section */
		EC473C8B2056556200CD9397 /* Frameworks */ = {
			isa = PBXFrameworksBuildPhase;
			buildActionMask = 2147483647;
			files = (
				682F0A19C9F947C5D768DFE0 /* libPods-FireMarchTch.a in Frameworks */,
			);
			runOnlyForDeploymentPostprocessing = 0;
		};
/* End PBXFrameworksBuildPhase section */

/* Begin PBXGroup section */
		C3C9660551C7FB45C49B4691 /* Frameworks */ = {
			isa = PBXGroup;
			children = (
				25F7AE81BF2D94110752DD1A /* libPods-FireMarchTch.a */,
			);
			name = Frameworks;
			sourceTree = "<group>";
		};
		EC38CAF720722EBF00C09DC7 /* Common */ = {
			isa = PBXGroup;
			children = (
				EC38CAF820722EDB00C09DC7 /* FMViewController.h */,
				EC38CAF920722EDB00C09DC7 /* FMViewController.m */,
				ECF191CF20917896004A158E /* FMBaseTabBarController.h */,
				ECF191D020917896004A158E /* FMBaseTabBarController.m */,
			);
			path = Common;
			sourceTree = "<group>";
		};
		EC42A4B02061EFB500C52324 /* Coponents */ = {
			isa = PBXGroup;
			children = (
				ECF191DC2091B1DD004A158E /* CZJPageControlView.h */,
				ECF191DB2091B1DD004A158E /* CZJPageControlView.m */,
				ECF191C920902AD0004A158E /* LMJDropdownMenu */,
				ECDCE72520871CA7009BB554 /* FMTRegTopView.h */,
				ECDCE72620871CA7009BB554 /* FMTRegTopView.m */,
				ECE816672087559700A4D691 /* MMLabel.h */,
				ECE816662087559700A4D691 /* MMLabel.m */,
				ECDCE710207F3E81009BB554 /* HXTags */,
				ECDCE698207C858A009BB554 /* YYFPSLabel.h */,
				ECDCE696207C858A009BB554 /* YYFPSLabel.m */,
				ECDCE697207C858A009BB554 /* YYWeakProxy.h */,
				ECDCE695207C858A009BB554 /* YYWeakProxy.m */,
				ECDCE684207B6ACE009BB554 /* PBaseTableViewCell.h */,
				ECDCE685207B6ACE009BB554 /* PBaseTableViewCell.m */,
				EC38CAFD2072507900C09DC7 /* CZJAlertView.h */,
				EC38CAFB2072507800C09DC7 /* CZJAlertView.m */,
				EC38CAFC2072507900C09DC7 /* CZJAlertView.xib */,
				EC38CB00207250B100C09DC7 /* FMAlertViewController.h */,
				EC38CB01207250B100C09DC7 /* FMAlertViewController.m */,
				EC42A4F02068F6A000C52324 /* FMTCodeInputTextFields.h */,
				EC42A4F12068F6A000C52324 /* FMTCodeInputTextFields.m */,
				ECDCE67D207B5DF0009BB554 /* FSDeletableImageView.h */,
				ECDCE67C207B5DEF009BB554 /* FSDeletableImageView.m */,
				EC38CB0E2074A7E500C09DC7 /* LewPickerController.h */,
				EC38CB0F2074A7E500C09DC7 /* LewPickerController.m */,
				ECDCE692207BABD7009BB554 /* FMImageUploadView.h */,
				ECDCE693207BABD7009BB554 /* FMImageUploadView.m */,
			);
			path = Coponents;
			sourceTree = "<group>";
		};
		EC42A4C32063EEAA00C52324 /* RegLogin */ = {
			isa = PBXGroup;
			children = (
				ECDCE72320871BFE009BB554 /* Controllers */,
				ECDCE72420871C0B009BB554 /* Models */,
				ECDCE72220871BF1009BB554 /* Views */,
			);
			path = RegLogin;
			sourceTree = "<group>";
		};
		EC42A4D62068DC1800C52324 /* Appdelegate */ = {
			isa = PBXGroup;
			children = (
				EC42A4D82068DC3A00C52324 /* AppDelegate.h */,
				EC42A4D72068DC3900C52324 /* AppDelegate.m */,
			);
			name = Appdelegate;
			sourceTree = "<group>";
		};
		EC42A4DA2068DC6A00C52324 /* SupportFile */ = {
			isa = PBXGroup;
			children = (
				EC42A4E32068DCCC00C52324 /* FMModel.h */,
				EC42A4E02068DCCC00C52324 /* FMModel.m */,
				EC42A4DB2068DCC500C52324 /* Info.plist */,
				EC42A4DC2068DCC500C52324 /* main.m */,
				EC42A4E12068DCCC00C52324 /* PJMacros.h */,
				EC42A4E22068DCCC00C52324 /* PrefixHeader.pch */,
				EC42A4E42068DCCD00C52324 /* ValueType.h */,
				EC42A4DF2068DCCC00C52324 /* ValueType.m */,
			);
			name = SupportFile;
			sourceTree = "<group>";
		};
		EC473C852056556200CD9397 = {
			isa = PBXGroup;
			children = (
				EC473C902056556200CD9397 /* FireMarchTch */,
				EC473C8F2056556200CD9397 /* Products */,
				FB5A6B064CF7852341A3800A /* Pods */,
				C3C9660551C7FB45C49B4691 /* Frameworks */,
			);
			sourceTree = "<group>";
		};
		EC473C8F2056556200CD9397 /* Products */ = {
			isa = PBXGroup;
			children = (
				EC473C8E2056556200CD9397 /* FireMarchTch.app */,
			);
			name = Products;
			sourceTree = "<group>";
		};
		EC473C902056556200CD9397 /* FireMarchTch */ = {
			isa = PBXGroup;
			children = (
				ECDCE720208593DF009BB554 /* Assets.xcassets */,
				EC42A4D62068DC1800C52324 /* Appdelegate */,
				EC473CF02056BDCB00CD9397 /* Base.lproj */,
				EC473CCB2056B9DB00CD9397 /* Classes */,
				EC473CE02056B9DB00CD9397 /* Extentions */,
				EC473CE42056B9DC00CD9397 /* Sources */,
				EC42A4DA2068DC6A00C52324 /* SupportFile */,
			);
			path = FireMarchTch;
			sourceTree = "<group>";
		};
		EC473CCB2056B9DB00CD9397 /* Classes */ = {
			isa = PBXGroup;
			children = (
				ECF191AB208F0A2D004A158E /* Config */,
				ECF191982089E101004A158E /* Course */,
				EC473CD82056B9DB00CD9397 /* Evaluate */,
				EC473CCC2056B9DB00CD9397 /* Home */,
				EC473CD02056B9DB00CD9397 /* MyInfos */,
				EC473CDC2056B9DB00CD9397 /* Orders */,
				EC42A4C32063EEAA00C52324 /* RegLogin */,
				EC473CD42056B9DB00CD9397 /* Square */,
			);
			path = Classes;
			sourceTree = "<group>";
		};
		EC473CCC2056B9DB00CD9397 /* Home */ = {
			isa = PBXGroup;
			children = (
				EC473CCD2056B9DB00CD9397 /* Models */,
				EC473CCE2056B9DB00CD9397 /* Controllers */,
				EC473CCF2056B9DB00CD9397 /* Views */,
			);
			path = Home;
			sourceTree = "<group>";
		};
		EC473CCD2056B9DB00CD9397 /* Models */ = {
			isa = PBXGroup;
			children = (
			);
			path = Models;
			sourceTree = "<group>";
		};
		EC473CCE2056B9DB00CD9397 /* Controllers */ = {
			isa = PBXGroup;
			children = (
				EC473C942056556200CD9397 /* ViewController.h */,
				EC473C952056556200CD9397 /* ViewController.m */,
				EC42A4B62062131500C52324 /* FMTUnLockViewController.h */,
				EC42A4B72062131500C52324 /* FMTUnLockViewController.m */,
			);
			path = Controllers;
			sourceTree = "<group>";
		};
		EC473CCF2056B9DB00CD9397 /* Views */ = {
			isa = PBXGroup;
			children = (
			);
			path = Views;
			sourceTree = "<group>";
		};
		EC473CD02056B9DB00CD9397 /* MyInfos */ = {
			isa = PBXGroup;
			children = (
				EC473CD12056B9DB00CD9397 /* Models */,
				EC473CD22056B9DB00CD9397 /* Controllers */,
				EC473CD32056B9DB00CD9397 /* Views */,
			);
			path = MyInfos;
			sourceTree = "<group>";
		};
		EC473CD12056B9DB00CD9397 /* Models */ = {
			isa = PBXGroup;
			children = (
			);
			path = Models;
			sourceTree = "<group>";
		};
		EC473CD22056B9DB00CD9397 /* Controllers */ = {
			isa = PBXGroup;
			children = (
				ECF191D52091A8BA004A158E /* FMTMyInfoController.h */,
				ECF191D62091A8BA004A158E /* FMTMyInfoController.m */,
				ECF191E820999F5A004A158E /* FMTMyAccountController.h */,
				ECF191E920999F5A004A158E /* FMTMyAccountController.m */,
				ECF191EB20999F7C004A158E /* FMTMyStuController.h */,
				ECF191EC20999F7C004A158E /* FMTMyStuController.m */,
				ECF191EE20999FA7004A158E /* FMTMyAlbumController.h */,
				ECF191EF20999FA7004A158E /* FMTMyAlbumController.m */,
				ECF191F120999FBC004A158E /* FMTMySettingController.h */,
				ECF191F220999FBC004A158E /* FMTMySettingController.m */,
				ECF191F420999FDB004A158E /* FMTMyEvaluateController.h */,
				ECF191F520999FDB004A158E /* FMTMyEvaluateController.m */,
			);
			path = Controllers;
			sourceTree = "<group>";
		};
		EC473CD32056B9DB00CD9397 /* Views */ = {
			isa = PBXGroup;
			children = (
				ECF191DE20998FF3004A158E /* FMTMyInfoCell.h */,
				ECF191DF20998FF3004A158E /* FMTMyInfoCell.m */,
				ECF191E020998FF3004A158E /* FMTMyInfoCell.xib */,
				ECF191E32099900C004A158E /* FMTMyAccountCell.h */,
				ECF191E42099900C004A158E /* FMTMyAccountCell.m */,
				ECF191E52099900C004A158E /* FMTMyAccountCell.xib */,
			);
			path = Views;
			sourceTree = "<group>";
		};
		EC473CD42056B9DB00CD9397 /* Square */ = {
			isa = PBXGroup;
			children = (
				EC473CD52056B9DB00CD9397 /* Models */,
				EC473CD62056B9DB00CD9397 /* Controllers */,
				EC473CD72056B9DB00CD9397 /* Views */,
			);
			path = Square;
			sourceTree = "<group>";
		};
		EC473CD52056B9DB00CD9397 /* Models */ = {
			isa = PBXGroup;
			children = (
			);
			path = Models;
			sourceTree = "<group>";
		};
		EC473CD62056B9DB00CD9397 /* Controllers */ = {
			isa = PBXGroup;
			children = (
				ECF191D82091A974004A158E /* FMTForumController.h */,
				ECF191D92091A974004A158E /* FMTForumController.m */,
			);
			path = Controllers;
			sourceTree = "<group>";
		};
		EC473CD72056B9DB00CD9397 /* Views */ = {
			isa = PBXGroup;
			children = (
			);
			path = Views;
			sourceTree = "<group>";
		};
		EC473CD82056B9DB00CD9397 /* Evaluate */ = {
			isa = PBXGroup;
			children = (
				EC473CD92056B9DB00CD9397 /* Models */,
				EC473CDA2056B9DB00CD9397 /* Controllers */,
				EC473CDB2056B9DB00CD9397 /* Views */,
			);
			path = Evaluate;
			sourceTree = "<group>";
		};
		EC473CD92056B9DB00CD9397 /* Models */ = {
			isa = PBXGroup;
			children = (
			);
			path = Models;
			sourceTree = "<group>";
		};
		EC473CDA2056B9DB00CD9397 /* Controllers */ = {
			isa = PBXGroup;
			children = (
			);
			path = Controllers;
			sourceTree = "<group>";
		};
		EC473CDB2056B9DB00CD9397 /* Views */ = {
			isa = PBXGroup;
			children = (
			);
			path = Views;
			sourceTree = "<group>";
		};
		EC473CDC2056B9DB00CD9397 /* Orders */ = {
			isa = PBXGroup;
			children = (
				EC473CDD2056B9DB00CD9397 /* Models */,
				EC473CDE2056B9DB00CD9397 /* Controllers */,
				EC473CDF2056B9DB00CD9397 /* Views */,
			);
			path = Orders;
			sourceTree = "<group>";
		};
		EC473CDD2056B9DB00CD9397 /* Models */ = {
			isa = PBXGroup;
			children = (
			);
			path = Models;
			sourceTree = "<group>";
		};
		EC473CDE2056B9DB00CD9397 /* Controllers */ = {
			isa = PBXGroup;
			children = (
				ECF191D22091A257004A158E /* FMTOrderManageController.h */,
				ECF191D32091A257004A158E /* FMTOrderManageController.m */,
			);
			path = Controllers;
			sourceTree = "<group>";
		};
		EC473CDF2056B9DB00CD9397 /* Views */ = {
			isa = PBXGroup;
			children = (
			);
			path = Views;
			sourceTree = "<group>";
		};
		EC473CE02056B9DB00CD9397 /* Extentions */ = {
			isa = PBXGroup;
			children = (
				EC38CAF720722EBF00C09DC7 /* Common */,
				EC473D14205BF6DB00CD9397 /* Category */,
				EC42A4B02061EFB500C52324 /* Coponents */,
				EC473CE12056B9DB00CD9397 /* Libraries */,
				EC473D0720576F1D00CD9397 /* Managers */,
				EC473CE22056B9DB00CD9397 /* Utils */,
			);
			path = Extentions;
			sourceTree = "<group>";
		};
		EC473CE12056B9DB00CD9397 /* Libraries */ = {
			isa = PBXGroup;
			children = (
			);
			path = Libraries;
			sourceTree = "<group>";
		};
		EC473CE22056B9DB00CD9397 /* Utils */ = {
			isa = PBXGroup;
			children = (
				EC38CB06207379FE00C09DC7 /* Reachability.h */,
				EC38CB07207379FE00C09DC7 /* Reachability.m */,
				EC473D08205BD9BF00CD9397 /* FMUtils.h */,
				EC473D09205BD9BF00CD9397 /* FMUtils.m */,
				EC38CB0320732C8A00C09DC7 /* FMDeviceInfo.h */,
				EC38CB0420732C8A00C09DC7 /* FMDeviceInfo.m */,
			);
			path = Utils;
			sourceTree = "<group>";
		};
		EC473CE42056B9DC00CD9397 /* Sources */ = {
			isa = PBXGroup;
			children = (
				EC473D0320576BD000CD9397 /* ConfigPlist */,
				EC473D0420576BD000CD9397 /* Fonts */,
			);
			path = Sources;
			sourceTree = "<group>";
		};
		EC473CF02056BDCB00CD9397 /* Base.lproj */ = {
			isa = PBXGroup;
			children = (
				EC473CF12056BDCB00CD9397 /* LaunchScreen.storyboard */,
				EC473CF32056BDCB00CD9397 /* Main.storyboard */,
				EC473CF72056BE0B00CD9397 /* RegLogin.storyboard */,
			);
			path = Base.lproj;
			sourceTree = "<group>";
		};
		EC473D0320576BD000CD9397 /* ConfigPlist */ = {
			isa = PBXGroup;
			children = (
			);
			path = ConfigPlist;
			sourceTree = "<group>";
		};
		EC473D0420576BD000CD9397 /* Fonts */ = {
			isa = PBXGroup;
			children = (
				EC473D0520576BD000CD9397 /* 方正兰亭细黑_GBK.TTF */,
			);
			path = Fonts;
			sourceTree = "<group>";
		};
		EC473D0720576F1D00CD9397 /* Managers */ = {
			isa = PBXGroup;
			children = (
				EC473D2D205FBFF200CD9397 /* WGS84TOGCJ02.h */,
				EC473D2E205FBFF300CD9397 /* WGS84TOGCJ02.m */,
				EC473D2A205FBF5200CD9397 /* CCLocationManager.h */,
				EC473D2B205FBF5200CD9397 /* CCLocationManager.m */,
				EC473D302060DB9500CD9397 /* FMNetworkMananger.h */,
				EC473D312060DB9500CD9397 /* FMNetworkMananger.m */,
				EC42A4AD20614F4700C52324 /* FMTBaseDataManager.h */,
				EC42A4AE20614F4700C52324 /* FMTBaseDataManager.m */,
			);
			path = Managers;
			sourceTree = "<group>";
		};
		EC473D14205BF6DB00CD9397 /* Category */ = {
			isa = PBXGroup;
			children = (
				EC473D19205BF6DB00CD9397 /* CALayer+UIColor.h */,
				EC473D1E205BF6DB00CD9397 /* CALayer+UIColor.m */,
				EC473D15205BF6DB00CD9397 /* NSDictionary+NSDictonay_Unicode.h */,
				EC473D1B205BF6DB00CD9397 /* NSDictionary+NSDictonay_Unicode.m */,
				EC473D1C205BF6DB00CD9397 /* UIColor+WLZ_HexRGB.h */,
				EC473D16205BF6DB00CD9397 /* UIColor+WLZ_HexRGB.m */,
				EC42A4D22064F13600C52324 /* UINavigationBar+BackgroundColor.h */,
				EC42A4D32064F13600C52324 /* UINavigationBar+BackgroundColor.m */,
				EC473D20205BF6DB00CD9397 /* UIScrollView+Touch.h */,
				EC473D1A205BF6DB00CD9397 /* UIScrollView+Touch.m */,
				ECDCE68B207B9D0D009BB554 /* UITableView+SDAutoTableViewCellHeight.h */,
				ECDCE68A207B9D0D009BB554 /* UITableView+SDAutoTableViewCellHeight.m */,
				EC42A4F3206900E600C52324 /* UITextField+Delete.h */,
				EC42A4F4206900E600C52324 /* UITextField+Delete.m */,
				EC473D1F205BF6DB00CD9397 /* UIView+Frame.h */,
				EC473D17205BF6DB00CD9397 /* UIView+Frame.m */,
				EC473D1D205BF6DB00CD9397 /* UIView+RGSize.h */,
				EC473D18205BF6DB00CD9397 /* UIView+RGSize.m */,
				ECDCE687207B9C8C009BB554 /* UIView+SDAutoLayout.h */,
				ECDCE688207B9C8C009BB554 /* UIView+SDAutoLayout.m */,
				ECF191C1208F2906004A158E /* UIView+Shadow.h */,
				ECF191C2208F2906004A158E /* UIView+Shadow.m */,
			);
			path = Category;
			sourceTree = "<group>";
		};
		ECDCE710207F3E81009BB554 /* HXTags */ = {
			isa = PBXGroup;
			children = (
				ECDCE712207F3E81009BB554 /* HXTagAttribute.h */,
				ECDCE716207F3E81009BB554 /* HXTagAttribute.m */,
				ECDCE717207F3E81009BB554 /* HXTagCollectionViewCell.h */,
				ECDCE711207F3E81009BB554 /* HXTagCollectionViewCell.m */,
				ECDCE715207F3E81009BB554 /* HXTagCollectionViewFlowLayout.h */,
				ECDCE719207F3E81009BB554 /* HXTagCollectionViewFlowLayout.m */,
				ECDCE718207F3E81009BB554 /* HXTagsView.h */,
				ECDCE713207F3E81009BB554 /* HXTagsView.m */,
			);
			path = HXTags;
			sourceTree = "<group>";
		};
		ECDCE72220871BF1009BB554 /* Views */ = {
			isa = PBXGroup;
			children = (
			);
			path = Views;
			sourceTree = "<group>";
		};
		ECDCE72320871BFE009BB554 /* Controllers */ = {
			isa = PBXGroup;
			children = (
				EC42A4CD2063EF2200C52324 /* FMTRegLoginHomeController.h */,
				EC42A4CE2063EF2200C52324 /* FMTRegLoginHomeController.m */,
				EC42A4C72063EEED00C52324 /* FMTLoginViewController.h */,
				EC42A4C82063EEED00C52324 /* FMTLoginViewController.m */,
				EC42A4CA2063EF0700C52324 /* FMTRegistViewController.h */,
				EC42A4CB2063EF0700C52324 /* FMTRegistViewController.m */,
				ECA70B86206A935B003E2F62 /* FMSetPWDViewController.h */,
				ECA70B87206A935B003E2F62 /* FMSetPWDViewController.m */,
			);
			path = Controllers;
			sourceTree = "<group>";
		};
		ECDCE72420871C0B009BB554 /* Models */ = {
			isa = PBXGroup;
			children = (
			);
			path = Models;
			sourceTree = "<group>";
		};
		ECF191982089E101004A158E /* Course */ = {
			isa = PBXGroup;
			children = (
				ECF1919C2089E123004A158E /* Controllers */,
				ECF1919D2089E12D004A158E /* Models */,
				ECF1919E2089E133004A158E /* Views */,
			);
			path = Course;
			sourceTree = "<group>";
		};
		ECF1919C2089E123004A158E /* Controllers */ = {
			isa = PBXGroup;
			children = (
				ECF191992089E11F004A158E /* FMTCourseController.h */,
				ECF1919A2089E11F004A158E /* FMTCourseController.m */,
			);
			path = Controllers;
			sourceTree = "<group>";
		};
		ECF1919D2089E12D004A158E /* Models */ = {
			isa = PBXGroup;
			children = (
			);
			path = Models;
			sourceTree = "<group>";
		};
		ECF1919E2089E133004A158E /* Views */ = {
			isa = PBXGroup;
			children = (
			);
			path = Views;
			sourceTree = "<group>";
		};
		ECF191AB208F0A2D004A158E /* Config */ = {
			isa = PBXGroup;
			children = (
				ECF191AC208F0A5F004A158E /* Controllers */,
				ECF191AE208F0A6D004A158E /* Models */,
				ECF191AD208F0A66004A158E /* Views */,
			);
			path = Config;
			sourceTree = "<group>";
		};
		ECF191AC208F0A5F004A158E /* Controllers */ = {
			isa = PBXGroup;
			children = (
				EC38CB092074745600C09DC7 /* FMSetMyInfoViewController.h */,
				EC38CB0A2074745600C09DC7 /* FMSetMyInfoViewController.m */,
				ECDCE677207B0D07009BB554 /* FMTUpImageViewController.h */,
				ECDCE678207B0D07009BB554 /* FMTUpImageViewController.m */,
				ECF1919F208DAAC9004A158E /* FMTCourseSetController.h */,
				ECF191A0208DAAC9004A158E /* FMTCourseSetController.m */,
				ECF191A4208DB050004A158E /* FMTPrivacySetController.h */,
				ECF191A5208DB050004A158E /* FMTPrivacySetController.m */,
			);
			path = Controllers;
			sourceTree = "<group>";
		};
		ECF191AD208F0A66004A158E /* Views */ = {
			isa = PBXGroup;
			children = (
				EC38CB0B2074745600C09DC7 /* FMSetMyInfoViewController.xib */,
				ECDCE679207B0D07009BB554 /* FMTUpImageViewController.xib */,
				ECF191A1208DAAC9004A158E /* FMTCourseSetController.xib */,
				ECF191A6208DB050004A158E /* FMTPrivacySetController.xib */,
				ECDCE70B207DF666009BB554 /* FMImageCollectionViewCell.h */,
				ECDCE70C207DF666009BB554 /* FMImageCollectionViewCell.m */,
				ECDCE70D207DF666009BB554 /* FMImageCollectionViewCell.xib */,
				ECF191B7208F178F004A158E /* FMTCourseCell.h */,
				ECF191B8208F178F004A158E /* FMTCourseCell.m */,
				ECF191B9208F178F004A158E /* FMTCourseCell.xib */,
				ECF191C420902321004A158E /* FMTCourseEditView.h */,
				ECF191C520902321004A158E /* FMTCourseEditView.m */,
				ECF191C620902321004A158E /* FMTCourseEditView.xib */,
			);
			path = Views;
			sourceTree = "<group>";
		};
		ECF191AE208F0A6D004A158E /* Models */ = {
			isa = PBXGroup;
			children = (
				ECF191AF208F0C16004A158E /* FMTCourseModel.h */,
				ECF191B0208F0C16004A158E /* FMTCourseModel.m */,
			);
			path = Models;
			sourceTree = "<group>";
		};
		ECF191C920902AD0004A158E /* LMJDropdownMenu */ = {
			isa = PBXGroup;
			children = (
				ECF191CA20902AD0004A158E /* dropdownMenu_cornerIcon.png */,
				ECF191CB20902AD0004A158E /* LMJDropdownMenu.m */,
				ECF191CC20902AD0004A158E /* LMJDropdownMenu.h */,
			);
			path = LMJDropdownMenu;
			sourceTree = "<group>";
		};
		FB5A6B064CF7852341A3800A /* Pods */ = {
			isa = PBXGroup;
			children = (
				C70B9865407A3A915AD13095 /* Pods-FireMarchTch.debug.xcconfig */,
				26A680B511CED9E372C15761 /* Pods-FireMarchTch.release.xcconfig */,
			);
			name = Pods;
			sourceTree = "<group>";
		};
/* End PBXGroup section */

/* Begin PBXNativeTarget section */
		EC473C8D2056556200CD9397 /* FireMarchTch */ = {
			isa = PBXNativeTarget;
			buildConfigurationList = EC473CA42056556200CD9397 /* Build configuration list for PBXNativeTarget "FireMarchTch" */;
			buildPhases = (
				926821363AAB3EF771BDD3C2 /* [CP] Check Pods Manifest.lock */,
				EC473C8A2056556200CD9397 /* Sources */,
				EC473C8B2056556200CD9397 /* Frameworks */,
				EC473C8C2056556200CD9397 /* Resources */,
				6FA174B7A5B193B5BB790FDD /* [CP] Embed Pods Frameworks */,
				1E30CE152700EEB3A218D543 /* [CP] Copy Pods Resources */,
			);
			buildRules = (
			);
			dependencies = (
			);
			name = FireMarchTch;
			productName = FireMarchTch;
			productReference = EC473C8E2056556200CD9397 /* FireMarchTch.app */;
			productType = "com.apple.product-type.application";
		};
/* End PBXNativeTarget section */

/* Begin PBXProject section */
		EC473C862056556200CD9397 /* Project object */ = {
			isa = PBXProject;
			attributes = {
				LastUpgradeCheck = 0920;
				ORGANIZATIONNAME = Joe.Pen;
				TargetAttributes = {
					EC473C8D2056556200CD9397 = {
						CreatedOnToolsVersion = 9.2;
						ProvisioningStyle = Automatic;
					};
				};
			};
			buildConfigurationList = EC473C892056556200CD9397 /* Build configuration list for PBXProject "FireMarchTch" */;
			compatibilityVersion = "Xcode 8.0";
			developmentRegion = en;
			hasScannedForEncodings = 0;
			knownRegions = (
				en,
				Base,
			);
			mainGroup = EC473C852056556200CD9397;
			productRefGroup = EC473C8F2056556200CD9397 /* Products */;
			projectDirPath = "";
			projectRoot = "";
			targets = (
				EC473C8D2056556200CD9397 /* FireMarchTch */,
			);
		};
/* End PBXProject section */

/* Begin PBXResourcesBuildPhase section */
		EC473C8C2056556200CD9397 /* Resources */ = {
			isa = PBXResourcesBuildPhase;
			buildActionMask = 2147483647;
			files = (
				EC38CB0D2074745600C09DC7 /* FMSetMyInfoViewController.xib in Resources */,
				ECF191CD20902AD0004A158E /* dropdownMenu_cornerIcon.png in Resources */,
				ECF191A8208DB050004A158E /* FMTPrivacySetController.xib in Resources */,
				EC473D0620576BD000CD9397 /* 方正兰亭细黑_GBK.TTF in Resources */,
				ECF191E72099900C004A158E /* FMTMyAccountCell.xib in Resources */,
				ECDCE721208593DF009BB554 /* Assets.xcassets in Resources */,
				EC473CF62056BDCB00CD9397 /* Main.storyboard in Resources */,
				EC473CF92056BE0B00CD9397 /* RegLogin.storyboard in Resources */,
				ECF191BB208F178F004A158E /* FMTCourseCell.xib in Resources */,
				ECF191A3208DAAC9004A158E /* FMTCourseSetController.xib in Resources */,
				EC38CAFF2072507900C09DC7 /* CZJAlertView.xib in Resources */,
				ECDCE70F207DF666009BB554 /* FMImageCollectionViewCell.xib in Resources */,
				ECF191E220998FF3004A158E /* FMTMyInfoCell.xib in Resources */,
				ECDCE67B207B0D07009BB554 /* FMTUpImageViewController.xib in Resources */,
				EC473CF52056BDCB00CD9397 /* LaunchScreen.storyboard in Resources */,
				EC42A4DD2068DCC500C52324 /* Info.plist in Resources */,
				ECF191C820902321004A158E /* FMTCourseEditView.xib in Resources */,
			);
			runOnlyForDeploymentPostprocessing = 0;
		};
/* End PBXResourcesBuildPhase section */

/* Begin PBXShellScriptBuildPhase section */
		1E30CE152700EEB3A218D543 /* [CP] Copy Pods Resources */ = {
			isa = PBXShellScriptBuildPhase;
			buildActionMask = 2147483647;
			files = (
			);
			inputPaths = (
				"${SRCROOT}/Pods/Target Support Files/Pods-FireMarchTch/Pods-FireMarchTch-resources.sh",
				"${PODS_ROOT}/FlatUIKit/Resources/flat-ui-icons-regular.ttf",
				"${PODS_ROOT}/FlatUIKit/Resources/Lato-Bold.ttf",
				"${PODS_ROOT}/FlatUIKit/Resources/Lato-Italic.ttf",
				"${PODS_ROOT}/FlatUIKit/Resources/Lato-Light.ttf",
				"${PODS_ROOT}/FlatUIKit/Resources/Lato-Regular.ttf",
				"${PODS_ROOT}/GPUImage/framework/Resources/lookup.png",
				"${PODS_ROOT}/GPUImage/framework/Resources/lookup_amatorka.png",
				"${PODS_ROOT}/GPUImage/framework/Resources/lookup_miss_etikate.png",
				"${PODS_ROOT}/GPUImage/framework/Resources/lookup_soft_elegance_1.png",
				"${PODS_ROOT}/GPUImage/framework/Resources/lookup_soft_elegance_2.png",
				"${PODS_ROOT}/SVProgressHUD/SVProgressHUD/SVProgressHUD.bundle",
				"${PODS_ROOT}/ZLPhotoBrowser/PhotoBrowser/resource/ZLPhotoActionSheet.xib",
				"${PODS_ROOT}/ZLPhotoBrowser/PhotoBrowser/resource/ZLPhotoBrowserCell.xib",
				"${PODS_ROOT}/ZLPhotoBrowser/PhotoBrowser/resource/ZLPhotoBrowser.bundle",
				"${PODS_ROOT}/ZWPullMenuView/ZWPullMenuView/ZWPullMenuCell.xib",
			);
			name = "[CP] Copy Pods Resources";
			outputPaths = (
				"${TARGET_BUILD_DIR}/${UNLOCALIZED_RESOURCES_FOLDER_PATH}/flat-ui-icons-regular.ttf",
				"${TARGET_BUILD_DIR}/${UNLOCALIZED_RESOURCES_FOLDER_PATH}/Lato-Bold.ttf",
				"${TARGET_BUILD_DIR}/${UNLOCALIZED_RESOURCES_FOLDER_PATH}/Lato-Italic.ttf",
				"${TARGET_BUILD_DIR}/${UNLOCALIZED_RESOURCES_FOLDER_PATH}/Lato-Light.ttf",
				"${TARGET_BUILD_DIR}/${UNLOCALIZED_RESOURCES_FOLDER_PATH}/Lato-Regular.ttf",
				"${TARGET_BUILD_DIR}/${UNLOCALIZED_RESOURCES_FOLDER_PATH}/lookup.png",
				"${TARGET_BUILD_DIR}/${UNLOCALIZED_RESOURCES_FOLDER_PATH}/lookup_amatorka.png",
				"${TARGET_BUILD_DIR}/${UNLOCALIZED_RESOURCES_FOLDER_PATH}/lookup_miss_etikate.png",
				"${TARGET_BUILD_DIR}/${UNLOCALIZED_RESOURCES_FOLDER_PATH}/lookup_soft_elegance_1.png",
				"${TARGET_BUILD_DIR}/${UNLOCALIZED_RESOURCES_FOLDER_PATH}/lookup_soft_elegance_2.png",
				"${TARGET_BUILD_DIR}/${UNLOCALIZED_RESOURCES_FOLDER_PATH}/SVProgressHUD.bundle",
				"${TARGET_BUILD_DIR}/${UNLOCALIZED_RESOURCES_FOLDER_PATH}/ZLPhotoActionSheet.nib",
				"${TARGET_BUILD_DIR}/${UNLOCALIZED_RESOURCES_FOLDER_PATH}/ZLPhotoBrowserCell.nib",
				"${TARGET_BUILD_DIR}/${UNLOCALIZED_RESOURCES_FOLDER_PATH}/ZLPhotoBrowser.bundle",
				"${TARGET_BUILD_DIR}/${UNLOCALIZED_RESOURCES_FOLDER_PATH}/ZWPullMenuCell.nib",
			);
			runOnlyForDeploymentPostprocessing = 0;
			shellPath = /bin/sh;
			shellScript = "\"${SRCROOT}/Pods/Target Support Files/Pods-FireMarchTch/Pods-FireMarchTch-resources.sh\"\n";
			showEnvVarsInLog = 0;
		};
		6FA174B7A5B193B5BB790FDD /* [CP] Embed Pods Frameworks */ = {
			isa = PBXShellScriptBuildPhase;
			buildActionMask = 2147483647;
			files = (
			);
			inputPaths = (
			);
			name = "[CP] Embed Pods Frameworks";
			outputPaths = (
			);
			runOnlyForDeploymentPostprocessing = 0;
			shellPath = /bin/sh;
			shellScript = "\"${SRCROOT}/Pods/Target Support Files/Pods-FireMarchTch/Pods-FireMarchTch-frameworks.sh\"\n";
			showEnvVarsInLog = 0;
		};
		926821363AAB3EF771BDD3C2 /* [CP] Check Pods Manifest.lock */ = {
			isa = PBXShellScriptBuildPhase;
			buildActionMask = 2147483647;
			files = (
			);
			inputPaths = (
				"${PODS_PODFILE_DIR_PATH}/Podfile.lock",
				"${PODS_ROOT}/Manifest.lock",
			);
			name = "[CP] Check Pods Manifest.lock";
			outputPaths = (
				"$(DERIVED_FILE_DIR)/Pods-FireMarchTch-checkManifestLockResult.txt",
			);
			runOnlyForDeploymentPostprocessing = 0;
			shellPath = /bin/sh;
			shellScript = "diff \"${PODS_PODFILE_DIR_PATH}/Podfile.lock\" \"${PODS_ROOT}/Manifest.lock\" > /dev/null\nif [ $? != 0 ] ; then\n    # print error to STDERR\n    echo \"error: The sandbox is not in sync with the Podfile.lock. Run 'pod install' or update your CocoaPods installation.\" >&2\n    exit 1\nfi\n# This output is used by Xcode 'outputs' to avoid re-running this script phase.\necho \"SUCCESS\" > \"${SCRIPT_OUTPUT_FILE_0}\"\n";
			showEnvVarsInLog = 0;
		};
/* End PBXShellScriptBuildPhase section */

/* Begin PBXSourcesBuildPhase section */
		EC473C8A2056556200CD9397 /* Sources */ = {
			isa = PBXSourcesBuildPhase;
			buildActionMask = 2147483647;
			files = (
				EC42A4D92068DC3A00C52324 /* AppDelegate.m in Sources */,
				EC473D0A205BD9BF00CD9397 /* FMUtils.m in Sources */,
				EC473D23205BF6DB00CD9397 /* UIView+RGSize.m in Sources */,
				ECF191DA2091A974004A158E /* FMTForumController.m in Sources */,
				EC38CB08207379FE00C09DC7 /* Reachability.m in Sources */,
				ECDCE67A207B0D07009BB554 /* FMTUpImageViewController.m in Sources */,
				ECA70B88206A935B003E2F62 /* FMSetPWDViewController.m in Sources */,
				ECF191EA20999F5A004A158E /* FMTMyAccountController.m in Sources */,
				ECF191E120998FF3004A158E /* FMTMyInfoCell.m in Sources */,
				EC473D22205BF6DB00CD9397 /* UIView+Frame.m in Sources */,
				EC38CB02207250B200C09DC7 /* FMAlertViewController.m in Sources */,
				ECDCE689207B9C8C009BB554 /* UIView+SDAutoLayout.m in Sources */,
				EC473D2C205FBF5200CD9397 /* CCLocationManager.m in Sources */,
				ECDCE71C207F3E81009BB554 /* HXTagsView.m in Sources */,
				EC42A4D42064F13600C52324 /* UINavigationBar+BackgroundColor.m in Sources */,
				ECDCE71B207F3E81009BB554 /* HXTagCollectionViewCell.m in Sources */,
				ECDCE68C207B9D0D009BB554 /* UITableView+SDAutoTableViewCellHeight.m in Sources */,
				ECF191B1208F0C16004A158E /* FMTCourseModel.m in Sources */,
				ECF191D120917896004A158E /* FMBaseTabBarController.m in Sources */,
				EC42A4AF20614F4700C52324 /* FMTBaseDataManager.m in Sources */,
				EC38CB0C2074745600C09DC7 /* FMSetMyInfoViewController.m in Sources */,
				EC42A4CF2063EF2200C52324 /* FMTRegLoginHomeController.m in Sources */,
				ECF1919B2089E11F004A158E /* FMTCourseController.m in Sources */,
				EC42A4C92063EEED00C52324 /* FMTLoginViewController.m in Sources */,
				EC38CAFA20722EDB00C09DC7 /* FMViewController.m in Sources */,
				EC42A4DE2068DCC500C52324 /* main.m in Sources */,
				ECDCE71F207F3E81009BB554 /* HXTagCollectionViewFlowLayout.m in Sources */,
				ECF191C3208F2906004A158E /* UIView+Shadow.m in Sources */,
				EC38CB0520732C8A00C09DC7 /* FMDeviceInfo.m in Sources */,
				ECDCE699207C858A009BB554 /* YYWeakProxy.m in Sources */,
				EC473C962056556200CD9397 /* ViewController.m in Sources */,
				ECE816682087559700A4D691 /* MMLabel.m in Sources */,
				ECF191ED20999F7C004A158E /* FMTMyStuController.m in Sources */,
				EC42A4F5206900E600C52324 /* UITextField+Delete.m in Sources */,
				ECF191A2208DAAC9004A158E /* FMTCourseSetController.m in Sources */,
				EC42A4F22068F6A000C52324 /* FMTCodeInputTextFields.m in Sources */,
				ECF191F620999FDB004A158E /* FMTMyEvaluateController.m in Sources */,
				EC473D21205BF6DB00CD9397 /* UIColor+WLZ_HexRGB.m in Sources */,
				EC473D2F205FBFF300CD9397 /* WGS84TOGCJ02.m in Sources */,
				ECDCE69A207C858A009BB554 /* YYFPSLabel.m in Sources */,
				EC42A4CC2063EF0700C52324 /* FMTRegistViewController.m in Sources */,
				ECF191F320999FBC004A158E /* FMTMySettingController.m in Sources */,
				ECF191C720902321004A158E /* FMTCourseEditView.m in Sources */,
				ECF191D42091A257004A158E /* FMTOrderManageController.m in Sources */,
				ECF191BA208F178F004A158E /* FMTCourseCell.m in Sources */,
				EC473D25205BF6DB00CD9397 /* NSDictionary+NSDictonay_Unicode.m in Sources */,
				EC473D26205BF6DB00CD9397 /* CALayer+UIColor.m in Sources */,
				EC473D24205BF6DB00CD9397 /* UIScrollView+Touch.m in Sources */,
				ECDCE70E207DF666009BB554 /* FMImageCollectionViewCell.m in Sources */,
				ECF191D72091A8BA004A158E /* FMTMyInfoController.m in Sources */,
				ECDCE71E207F3E81009BB554 /* HXTagAttribute.m in Sources */,
				ECF191E62099900C004A158E /* FMTMyAccountCell.m in Sources */,
				EC38CB102074A7E500C09DC7 /* LewPickerController.m in Sources */,
				ECF191F020999FA7004A158E /* FMTMyAlbumController.m in Sources */,
				ECF191A7208DB050004A158E /* FMTPrivacySetController.m in Sources */,
				ECDCE686207B6ACE009BB554 /* PBaseTableViewCell.m in Sources */,
				EC42A4E62068DCCD00C52324 /* FMModel.m in Sources */,
				ECDCE72720871CA7009BB554 /* FMTRegTopView.m in Sources */,
				EC473D322060DB9500CD9397 /* FMNetworkMananger.m in Sources */,
				ECDCE67E207B5DF0009BB554 /* FSDeletableImageView.m in Sources */,
				EC42A4B82062131500C52324 /* FMTUnLockViewController.m in Sources */,
				EC38CAFE2072507900C09DC7 /* CZJAlertView.m in Sources */,
				ECDCE694207BABD7009BB554 /* FMImageUploadView.m in Sources */,
				ECF191DD2091B1DD004A158E /* CZJPageControlView.m in Sources */,
				ECF191CE20902AD0004A158E /* LMJDropdownMenu.m in Sources */,
				EC42A4E52068DCCD00C52324 /* ValueType.m in Sources */,
			);
			runOnlyForDeploymentPostprocessing = 0;
		};
/* End PBXSourcesBuildPhase section */

/* Begin PBXVariantGroup section */
		EC473CF12056BDCB00CD9397 /* LaunchScreen.storyboard */ = {
			isa = PBXVariantGroup;
			children = (
				EC473CF22056BDCB00CD9397 /* Base */,
			);
			name = LaunchScreen.storyboard;
			sourceTree = "<group>";
		};
		EC473CF32056BDCB00CD9397 /* Main.storyboard */ = {
			isa = PBXVariantGroup;
			children = (
				EC473CF42056BDCB00CD9397 /* Base */,
			);
			name = Main.storyboard;
			sourceTree = "<group>";
		};
		EC473CF72056BE0B00CD9397 /* RegLogin.storyboard */ = {
			isa = PBXVariantGroup;
			children = (
				EC473CF82056BE0B00CD9397 /* Base */,
			);
			name = RegLogin.storyboard;
			sourceTree = "<group>";
		};
/* End PBXVariantGroup section */

/* Begin XCBuildConfiguration section */
		EC473CA22056556200CD9397 /* Debug */ = {
			isa = XCBuildConfiguration;
			buildSettings = {
				ALWAYS_SEARCH_USER_PATHS = NO;
				CLANG_ANALYZER_NONNULL = YES;
				CLANG_ANALYZER_NUMBER_OBJECT_CONVERSION = YES_AGGRESSIVE;
				CLANG_CXX_LANGUAGE_STANDARD = "gnu++14";
				CLANG_CXX_LIBRARY = "libc++";
				CLANG_ENABLE_MODULES = YES;
				CLANG_ENABLE_OBJC_ARC = YES;
				CLANG_WARN_BLOCK_CAPTURE_AUTORELEASING = YES;
				CLANG_WARN_BOOL_CONVERSION = YES;
				CLANG_WARN_COMMA = YES;
				CLANG_WARN_CONSTANT_CONVERSION = YES;
				CLANG_WARN_DIRECT_OBJC_ISA_USAGE = YES_ERROR;
				CLANG_WARN_DOCUMENTATION_COMMENTS = YES;
				CLANG_WARN_EMPTY_BODY = YES;
				CLANG_WARN_ENUM_CONVERSION = YES;
				CLANG_WARN_INFINITE_RECURSION = YES;
				CLANG_WARN_INT_CONVERSION = YES;
				CLANG_WARN_NON_LITERAL_NULL_CONVERSION = YES;
				CLANG_WARN_OBJC_LITERAL_CONVERSION = YES;
				CLANG_WARN_OBJC_ROOT_CLASS = YES_ERROR;
				CLANG_WARN_RANGE_LOOP_ANALYSIS = YES;
				CLANG_WARN_STRICT_PROTOTYPES = YES;
				CLANG_WARN_SUSPICIOUS_MOVE = YES;
				CLANG_WARN_UNGUARDED_AVAILABILITY = YES_AGGRESSIVE;
				CLANG_WARN_UNREACHABLE_CODE = YES;
				CLANG_WARN__DUPLICATE_METHOD_MATCH = YES;
				CODE_SIGN_IDENTITY = "iPhone Developer";
				COPY_PHASE_STRIP = NO;
				DEBUG_INFORMATION_FORMAT = dwarf;
				ENABLE_STRICT_OBJC_MSGSEND = YES;
				ENABLE_TESTABILITY = YES;
				GCC_C_LANGUAGE_STANDARD = gnu11;
				GCC_DYNAMIC_NO_PIC = NO;
				GCC_NO_COMMON_BLOCKS = YES;
				GCC_OPTIMIZATION_LEVEL = 0;
				GCC_PREPROCESSOR_DEFINITIONS = (
					"DEBUG=1",
					"$(inherited)",
				);
				GCC_WARN_64_TO_32_BIT_CONVERSION = YES;
				GCC_WARN_ABOUT_RETURN_TYPE = YES_ERROR;
				GCC_WARN_UNDECLARED_SELECTOR = YES;
				GCC_WARN_UNINITIALIZED_AUTOS = YES_AGGRESSIVE;
				GCC_WARN_UNUSED_FUNCTION = YES;
				GCC_WARN_UNUSED_VARIABLE = YES;
				IPHONEOS_DEPLOYMENT_TARGET = 11.2;
				MTL_ENABLE_DEBUG_INFO = YES;
				ONLY_ACTIVE_ARCH = YES;
				SDKROOT = iphoneos;
			};
			name = Debug;
		};
		EC473CA32056556200CD9397 /* Release */ = {
			isa = XCBuildConfiguration;
			buildSettings = {
				ALWAYS_SEARCH_USER_PATHS = NO;
				CLANG_ANALYZER_NONNULL = YES;
				CLANG_ANALYZER_NUMBER_OBJECT_CONVERSION = YES_AGGRESSIVE;
				CLANG_CXX_LANGUAGE_STANDARD = "gnu++14";
				CLANG_CXX_LIBRARY = "libc++";
				CLANG_ENABLE_MODULES = YES;
				CLANG_ENABLE_OBJC_ARC = YES;
				CLANG_WARN_BLOCK_CAPTURE_AUTORELEASING = YES;
				CLANG_WARN_BOOL_CONVERSION = YES;
				CLANG_WARN_COMMA = YES;
				CLANG_WARN_CONSTANT_CONVERSION = YES;
				CLANG_WARN_DIRECT_OBJC_ISA_USAGE = YES_ERROR;
				CLANG_WARN_DOCUMENTATION_COMMENTS = YES;
				CLANG_WARN_EMPTY_BODY = YES;
				CLANG_WARN_ENUM_CONVERSION = YES;
				CLANG_WARN_INFINITE_RECURSION = YES;
				CLANG_WARN_INT_CONVERSION = YES;
				CLANG_WARN_NON_LITERAL_NULL_CONVERSION = YES;
				CLANG_WARN_OBJC_LITERAL_CONVERSION = YES;
				CLANG_WARN_OBJC_ROOT_CLASS = YES_ERROR;
				CLANG_WARN_RANGE_LOOP_ANALYSIS = YES;
				CLANG_WARN_STRICT_PROTOTYPES = YES;
				CLANG_WARN_SUSPICIOUS_MOVE = YES;
				CLANG_WARN_UNGUARDED_AVAILABILITY = YES_AGGRESSIVE;
				CLANG_WARN_UNREACHABLE_CODE = YES;
				CLANG_WARN__DUPLICATE_METHOD_MATCH = YES;
				CODE_SIGN_IDENTITY = "iPhone Developer";
				COPY_PHASE_STRIP = NO;
				DEBUG_INFORMATION_FORMAT = "dwarf-with-dsym";
				ENABLE_NS_ASSERTIONS = NO;
				ENABLE_STRICT_OBJC_MSGSEND = YES;
				GCC_C_LANGUAGE_STANDARD = gnu11;
				GCC_NO_COMMON_BLOCKS = YES;
				GCC_WARN_64_TO_32_BIT_CONVERSION = YES;
				GCC_WARN_ABOUT_RETURN_TYPE = YES_ERROR;
				GCC_WARN_UNDECLARED_SELECTOR = YES;
				GCC_WARN_UNINITIALIZED_AUTOS = YES_AGGRESSIVE;
				GCC_WARN_UNUSED_FUNCTION = YES;
				GCC_WARN_UNUSED_VARIABLE = YES;
				IPHONEOS_DEPLOYMENT_TARGET = 11.2;
				MTL_ENABLE_DEBUG_INFO = NO;
				SDKROOT = iphoneos;
				VALIDATE_PRODUCT = YES;
			};
			name = Release;
		};
		EC473CA52056556200CD9397 /* Debug */ = {
			isa = XCBuildConfiguration;
			baseConfigurationReference = C70B9865407A3A915AD13095 /* Pods-FireMarchTch.debug.xcconfig */;
			buildSettings = {
				ASSETCATALOG_COMPILER_APPICON_NAME = AppIcon;
				CODE_SIGN_STYLE = Automatic;
				DEVELOPMENT_TEAM = TL4R9BXB5H;
				GCC_PREFIX_HEADER = "$(SRCROOT)/FireMarchTch/SupportingFiles/PrefixHeader.pch";
				INFOPLIST_FILE = FireMarchTch/Info.plist;
				IPHONEOS_DEPLOYMENT_TARGET = 9.0;
				LD_RUNPATH_SEARCH_PATHS = "$(inherited) @executable_path/Frameworks";
				PRODUCT_BUNDLE_IDENTIFIER = com.joe.FireMarchTch;
				PRODUCT_NAME = "$(TARGET_NAME)";
				TARGETED_DEVICE_FAMILY = 1;
			};
			name = Debug;
		};
		EC473CA62056556200CD9397 /* Release */ = {
			isa = XCBuildConfiguration;
			baseConfigurationReference = 26A680B511CED9E372C15761 /* Pods-FireMarchTch.release.xcconfig */;
			buildSettings = {
				ASSETCATALOG_COMPILER_APPICON_NAME = AppIcon;
				CODE_SIGN_STYLE = Automatic;
				DEVELOPMENT_TEAM = TL4R9BXB5H;
				GCC_PREFIX_HEADER = "$(SRCROOT)/FireMarchTch/SupportingFiles/PrefixHeader.pch";
				INFOPLIST_FILE = FireMarchTch/Info.plist;
				IPHONEOS_DEPLOYMENT_TARGET = 9.0;
				LD_RUNPATH_SEARCH_PATHS = "$(inherited) @executable_path/Frameworks";
				PRODUCT_BUNDLE_IDENTIFIER = com.joe.FireMarchTch;
				PRODUCT_NAME = "$(TARGET_NAME)";
				TARGETED_DEVICE_FAMILY = 1;
			};
			name = Release;
		};
/* End XCBuildConfiguration section */

/* Begin XCConfigurationList section */
		EC473C892056556200CD9397 /* Build configuration list for PBXProject "FireMarchTch" */ = {
			isa = XCConfigurationList;
			buildConfigurations = (
				EC473CA22056556200CD9397 /* Debug */,
				EC473CA32056556200CD9397 /* Release */,
			);
			defaultConfigurationIsVisible = 0;
			defaultConfigurationName = Release;
		};
		EC473CA42056556200CD9397 /* Build configuration list for PBXNativeTarget "FireMarchTch" */ = {
			isa = XCConfigurationList;
			buildConfigurations = (
				EC473CA52056556200CD9397 /* Debug */,
				EC473CA62056556200CD9397 /* Release */,
			);
			defaultConfigurationIsVisible = 0;
			defaultConfigurationName = Release;
		};
/* End XCConfigurationList section */
	};
	rootObject = EC473C862056556200CD9397 /* Project object */;
}
