// !$*UTF8*$!
{
	archiveVersion = 1;
	classes = {
	};
	objectVersion = 48;
	objects = {

/* Begin PBXBuildFile section */
		682F0A19C9F947C5D768DFE0 /* libPods-FireMarchTch.a in Frameworks */ = {isa = PBXBuildFile; fileRef = 25F7AE81BF2D94110752DD1A /* libPods-FireMarchTch.a */; };
		EC42A4AF20614F4700C52324 /* FMTBaseDataManager.m in Sources */ = {isa = PBXBuildFile; fileRef = EC42A4AE20614F4700C52324 /* FMTBaseDataManager.m */; };
		EC42A4B82062131500C52324 /* FMTUnLockViewController.m in Sources */ = {isa = PBXBuildFile; fileRef = EC42A4B72062131500C52324 /* FMTUnLockViewController.m */; };
		EC42A4BD2063409A00C52324 /* qViewController.m in Sources */ = {isa = PBXBuildFile; fileRef = EC42A4BC2063409A00C52324 /* qViewController.m */; };
		EC473C962056556200CD9397 /* ViewController.m in Sources */ = {isa = PBXBuildFile; fileRef = EC473C952056556200CD9397 /* ViewController.m */; };
		EC473C9B2056556200CD9397 /* Assets.xcassets in Resources */ = {isa = PBXBuildFile; fileRef = EC473C9A2056556200CD9397 /* Assets.xcassets */; };
		EC473CF52056BDCB00CD9397 /* LaunchScreen.storyboard in Resources */ = {isa = PBXBuildFile; fileRef = EC473CF12056BDCB00CD9397 /* LaunchScreen.storyboard */; };
		EC473CF62056BDCB00CD9397 /* Main.storyboard in Resources */ = {isa = PBXBuildFile; fileRef = EC473CF32056BDCB00CD9397 /* Main.storyboard */; };
		EC473CF92056BE0B00CD9397 /* RegLogin.storyboard in Resources */ = {isa = PBXBuildFile; fileRef = EC473CF72056BE0B00CD9397 /* RegLogin.storyboard */; };
		EC473D00205767F400CD9397 /* AppDelegate.m in Sources */ = {isa = PBXBuildFile; fileRef = EC473CFC205767F300CD9397 /* AppDelegate.m */; };
		EC473D01205767F400CD9397 /* Info.plist in Resources */ = {isa = PBXBuildFile; fileRef = EC473CFD205767F400CD9397 /* Info.plist */; };
		EC473D02205767F400CD9397 /* main.m in Sources */ = {isa = PBXBuildFile; fileRef = EC473CFF205767F400CD9397 /* main.m */; };
		EC473D0620576BD000CD9397 /* 方正兰亭细黑_GBK.TTF in Resources */ = {isa = PBXBuildFile; fileRef = EC473D0520576BD000CD9397 /* 方正兰亭细黑_GBK.TTF */; };
		EC473D0A205BD9BF00CD9397 /* FMUtils.m in Sources */ = {isa = PBXBuildFile; fileRef = EC473D09205BD9BF00CD9397 /* FMUtils.m */; };
		EC473D12205BE49000CD9397 /* ValueType.m in Sources */ = {isa = PBXBuildFile; fileRef = EC473D11205BE49000CD9397 /* ValueType.m */; };
		EC473D21205BF6DB00CD9397 /* UIColor+WLZ_HexRGB.m in Sources */ = {isa = PBXBuildFile; fileRef = EC473D16205BF6DB00CD9397 /* UIColor+WLZ_HexRGB.m */; };
		EC473D22205BF6DB00CD9397 /* UIView+Frame.m in Sources */ = {isa = PBXBuildFile; fileRef = EC473D17205BF6DB00CD9397 /* UIView+Frame.m */; };
		EC473D23205BF6DB00CD9397 /* UIView+RGSize.m in Sources */ = {isa = PBXBuildFile; fileRef = EC473D18205BF6DB00CD9397 /* UIView+RGSize.m */; };
		EC473D24205BF6DB00CD9397 /* UIScrollView+Touch.m in Sources */ = {isa = PBXBuildFile; fileRef = EC473D1A205BF6DB00CD9397 /* UIScrollView+Touch.m */; };
		EC473D25205BF6DB00CD9397 /* NSDictionary+NSDictonay_Unicode.m in Sources */ = {isa = PBXBuildFile; fileRef = EC473D1B205BF6DB00CD9397 /* NSDictionary+NSDictonay_Unicode.m */; };
		EC473D26205BF6DB00CD9397 /* CALayer+UIColor.m in Sources */ = {isa = PBXBuildFile; fileRef = EC473D1E205BF6DB00CD9397 /* CALayer+UIColor.m */; };
		EC473D29205C0FA700CD9397 /* FMModel.m in Sources */ = {isa = PBXBuildFile; fileRef = EC473D28205C0FA700CD9397 /* FMModel.m */; };
		EC473D2C205FBF5200CD9397 /* CCLocationManager.m in Sources */ = {isa = PBXBuildFile; fileRef = EC473D2B205FBF5200CD9397 /* CCLocationManager.m */; };
		EC473D2F205FBFF300CD9397 /* WGS84TOGCJ02.m in Sources */ = {isa = PBXBuildFile; fileRef = EC473D2E205FBFF300CD9397 /* WGS84TOGCJ02.m */; };
		EC473D322060DB9500CD9397 /* FMNetworkMananger.m in Sources */ = {isa = PBXBuildFile; fileRef = EC473D312060DB9500CD9397 /* FMNetworkMananger.m */; };
/* End PBXBuildFile section */

/* Begin PBXFileReference section */
		25F7AE81BF2D94110752DD1A /* libPods-FireMarchTch.a */ = {isa = PBXFileReference; explicitFileType = archive.ar; includeInIndex = 0; path = "libPods-FireMarchTch.a"; sourceTree = BUILT_PRODUCTS_DIR; };
		26A680B511CED9E372C15761 /* Pods-FireMarchTch.release.xcconfig */ = {isa = PBXFileReference; includeInIndex = 1; lastKnownFileType = text.xcconfig; name = "Pods-FireMarchTch.release.xcconfig"; path = "Pods/Target Support Files/Pods-FireMarchTch/Pods-FireMarchTch.release.xcconfig"; sourceTree = "<group>"; };
		C70B9865407A3A915AD13095 /* Pods-FireMarchTch.debug.xcconfig */ = {isa = PBXFileReference; includeInIndex = 1; lastKnownFileType = text.xcconfig; name = "Pods-FireMarchTch.debug.xcconfig"; path = "Pods/Target Support Files/Pods-FireMarchTch/Pods-FireMarchTch.debug.xcconfig"; sourceTree = "<group>"; };
		EC42A4AD20614F4700C52324 /* FMTBaseDataManager.h */ = {isa = PBXFileReference; lastKnownFileType = sourcecode.c.h; path = FMTBaseDataManager.h; sourceTree = "<group>"; };
		EC42A4AE20614F4700C52324 /* FMTBaseDataManager.m */ = {isa = PBXFileReference; lastKnownFileType = sourcecode.c.objc; path = FMTBaseDataManager.m; sourceTree = "<group>"; };
		EC42A4B62062131500C52324 /* FMTUnLockViewController.h */ = {isa = PBXFileReference; lastKnownFileType = sourcecode.c.h; path = FMTUnLockViewController.h; sourceTree = "<group>"; };
		EC42A4B72062131500C52324 /* FMTUnLockViewController.m */ = {isa = PBXFileReference; lastKnownFileType = sourcecode.c.objc; path = FMTUnLockViewController.m; sourceTree = "<group>"; };
		EC42A4BB2063409A00C52324 /* qViewController.h */ = {isa = PBXFileReference; lastKnownFileType = sourcecode.c.h; path = qViewController.h; sourceTree = "<group>"; };
		EC42A4BC2063409A00C52324 /* qViewController.m */ = {isa = PBXFileReference; lastKnownFileType = sourcecode.c.objc; path = qViewController.m; sourceTree = "<group>"; };
		EC473C8E2056556200CD9397 /* FireMarchTch.app */ = {isa = PBXFileReference; explicitFileType = wrapper.application; includeInIndex = 0; path = FireMarchTch.app; sourceTree = BUILT_PRODUCTS_DIR; };
		EC473C942056556200CD9397 /* ViewController.h */ = {isa = PBXFileReference; lastKnownFileType = sourcecode.c.h; path = ViewController.h; sourceTree = "<group>"; };
		EC473C952056556200CD9397 /* ViewController.m */ = {isa = PBXFileReference; lastKnownFileType = sourcecode.c.objc; path = ViewController.m; sourceTree = "<group>"; };
		EC473C9A2056556200CD9397 /* Assets.xcassets */ = {isa = PBXFileReference; lastKnownFileType = folder.assetcatalog; path = Assets.xcassets; sourceTree = "<group>"; };
		EC473CF22056BDCB00CD9397 /* Base */ = {isa = PBXFileReference; lastKnownFileType = file.storyboard; name = Base; path = LaunchScreen.storyboard; sourceTree = "<group>"; };
		EC473CF42056BDCB00CD9397 /* Base */ = {isa = PBXFileReference; lastKnownFileType = file.storyboard; name = Base; path = Main.storyboard; sourceTree = "<group>"; };
		EC473CF82056BE0B00CD9397 /* Base */ = {isa = PBXFileReference; lastKnownFileType = file.storyboard; name = Base; path = RegLogin.storyboard; sourceTree = "<group>"; };
		EC473CFC205767F300CD9397 /* AppDelegate.m */ = {isa = PBXFileReference; fileEncoding = 4; lastKnownFileType = sourcecode.c.objc; path = AppDelegate.m; sourceTree = "<group>"; };
		EC473CFD205767F400CD9397 /* Info.plist */ = {isa = PBXFileReference; fileEncoding = 4; lastKnownFileType = text.plist.xml; path = Info.plist; sourceTree = "<group>"; };
		EC473CFE205767F400CD9397 /* AppDelegate.h */ = {isa = PBXFileReference; fileEncoding = 4; lastKnownFileType = sourcecode.c.h; path = AppDelegate.h; sourceTree = "<group>"; };
		EC473CFF205767F400CD9397 /* main.m */ = {isa = PBXFileReference; fileEncoding = 4; lastKnownFileType = sourcecode.c.objc; path = main.m; sourceTree = "<group>"; };
		EC473D0520576BD000CD9397 /* 方正兰亭细黑_GBK.TTF */ = {isa = PBXFileReference; lastKnownFileType = file; path = "方正兰亭细黑_GBK.TTF"; sourceTree = "<group>"; };
		EC473D08205BD9BF00CD9397 /* FMUtils.h */ = {isa = PBXFileReference; lastKnownFileType = sourcecode.c.h; path = FMUtils.h; sourceTree = "<group>"; };
		EC473D09205BD9BF00CD9397 /* FMUtils.m */ = {isa = PBXFileReference; lastKnownFileType = sourcecode.c.objc; path = FMUtils.m; sourceTree = "<group>"; };
		EC473D0F205BE1C700CD9397 /* PJMacros.h */ = {isa = PBXFileReference; fileEncoding = 4; lastKnownFileType = sourcecode.c.h; path = PJMacros.h; sourceTree = "<group>"; };
		EC473D10205BE2C400CD9397 /* ValueType.h */ = {isa = PBXFileReference; lastKnownFileType = sourcecode.c.h; path = ValueType.h; sourceTree = "<group>"; };
		EC473D11205BE49000CD9397 /* ValueType.m */ = {isa = PBXFileReference; lastKnownFileType = sourcecode.c.objc; path = ValueType.m; sourceTree = "<group>"; };
		EC473D13205BEB8C00CD9397 /* PrefixHeader.pch */ = {isa = PBXFileReference; fileEncoding = 4; lastKnownFileType = sourcecode.c.h; path = PrefixHeader.pch; sourceTree = "<group>"; };
		EC473D15205BF6DB00CD9397 /* NSDictionary+NSDictonay_Unicode.h */ = {isa = PBXFileReference; fileEncoding = 4; lastKnownFileType = sourcecode.c.h; path = "NSDictionary+NSDictonay_Unicode.h"; sourceTree = "<group>"; };
		EC473D16205BF6DB00CD9397 /* UIColor+WLZ_HexRGB.m */ = {isa = PBXFileReference; fileEncoding = 4; lastKnownFileType = sourcecode.c.objc; path = "UIColor+WLZ_HexRGB.m"; sourceTree = "<group>"; };
		EC473D17205BF6DB00CD9397 /* UIView+Frame.m */ = {isa = PBXFileReference; fileEncoding = 4; lastKnownFileType = sourcecode.c.objc; path = "UIView+Frame.m"; sourceTree = "<group>"; };
		EC473D18205BF6DB00CD9397 /* UIView+RGSize.m */ = {isa = PBXFileReference; fileEncoding = 4; lastKnownFileType = sourcecode.c.objc; path = "UIView+RGSize.m"; sourceTree = "<group>"; };
		EC473D19205BF6DB00CD9397 /* CALayer+UIColor.h */ = {isa = PBXFileReference; fileEncoding = 4; lastKnownFileType = sourcecode.c.h; path = "CALayer+UIColor.h"; sourceTree = "<group>"; };
		EC473D1A205BF6DB00CD9397 /* UIScrollView+Touch.m */ = {isa = PBXFileReference; fileEncoding = 4; lastKnownFileType = sourcecode.c.objc; path = "UIScrollView+Touch.m"; sourceTree = "<group>"; };
		EC473D1B205BF6DB00CD9397 /* NSDictionary+NSDictonay_Unicode.m */ = {isa = PBXFileReference; fileEncoding = 4; lastKnownFileType = sourcecode.c.objc; path = "NSDictionary+NSDictonay_Unicode.m"; sourceTree = "<group>"; };
		EC473D1C205BF6DB00CD9397 /* UIColor+WLZ_HexRGB.h */ = {isa = PBXFileReference; fileEncoding = 4; lastKnownFileType = sourcecode.c.h; path = "UIColor+WLZ_HexRGB.h"; sourceTree = "<group>"; };
		EC473D1D205BF6DB00CD9397 /* UIView+RGSize.h */ = {isa = PBXFileReference; fileEncoding = 4; lastKnownFileType = sourcecode.c.h; path = "UIView+RGSize.h"; sourceTree = "<group>"; };
		EC473D1E205BF6DB00CD9397 /* CALayer+UIColor.m */ = {isa = PBXFileReference; fileEncoding = 4; lastKnownFileType = sourcecode.c.objc; path = "CALayer+UIColor.m"; sourceTree = "<group>"; };
		EC473D1F205BF6DB00CD9397 /* UIView+Frame.h */ = {isa = PBXFileReference; fileEncoding = 4; lastKnownFileType = sourcecode.c.h; path = "UIView+Frame.h"; sourceTree = "<group>"; };
		EC473D20205BF6DB00CD9397 /* UIScrollView+Touch.h */ = {isa = PBXFileReference; fileEncoding = 4; lastKnownFileType = sourcecode.c.h; path = "UIScrollView+Touch.h"; sourceTree = "<group>"; };
		EC473D27205C0FA700CD9397 /* FMModel.h */ = {isa = PBXFileReference; lastKnownFileType = sourcecode.c.h; path = FMModel.h; sourceTree = "<group>"; };
		EC473D28205C0FA700CD9397 /* FMModel.m */ = {isa = PBXFileReference; lastKnownFileType = sourcecode.c.objc; path = FMModel.m; sourceTree = "<group>"; };
		EC473D2A205FBF5200CD9397 /* CCLocationManager.h */ = {isa = PBXFileReference; fileEncoding = 4; lastKnownFileType = sourcecode.c.h; path = CCLocationManager.h; sourceTree = "<group>"; };
		EC473D2B205FBF5200CD9397 /* CCLocationManager.m */ = {isa = PBXFileReference; fileEncoding = 4; lastKnownFileType = sourcecode.c.objc; path = CCLocationManager.m; sourceTree = "<group>"; };
		EC473D2D205FBFF200CD9397 /* WGS84TOGCJ02.h */ = {isa = PBXFileReference; fileEncoding = 4; lastKnownFileType = sourcecode.c.h; path = WGS84TOGCJ02.h; sourceTree = "<group>"; };
		EC473D2E205FBFF300CD9397 /* WGS84TOGCJ02.m */ = {isa = PBXFileReference; fileEncoding = 4; lastKnownFileType = sourcecode.c.objc; path = WGS84TOGCJ02.m; sourceTree = "<group>"; };
		EC473D302060DB9500CD9397 /* FMNetworkMananger.h */ = {isa = PBXFileReference; lastKnownFileType = sourcecode.c.h; path = FMNetworkMananger.h; sourceTree = "<group>"; };
		EC473D312060DB9500CD9397 /* FMNetworkMananger.m */ = {isa = PBXFileReference; lastKnownFileType = sourcecode.c.objc; path = FMNetworkMananger.m; sourceTree = "<group>"; };
/* End PBXFileReference section */

/* Begin PBXFrameworksBuildPhase section */
		EC473C8B2056556200CD9397 /* Frameworks */ = {
			isa = PBXFrameworksBuildPhase;
			buildActionMask = 2147483647;
			files = (
				682F0A19C9F947C5D768DFE0 /* libPods-FireMarchTch.a in Frameworks */,
			);
			runOnlyForDeploymentPostprocessing = 0;
		};
/* End PBXFrameworksBuildPhase section */

/* Begin PBXGroup section */
		C3C9660551C7FB45C49B4691 /* Frameworks */ = {
			isa = PBXGroup;
			children = (
				25F7AE81BF2D94110752DD1A /* libPods-FireMarchTch.a */,
			);
			name = Frameworks;
			sourceTree = "<group>";
		};
		EC42A4B02061EFB500C52324 /* Coponents */ = {
			isa = PBXGroup;
			children = (
			);
			path = Coponents;
			sourceTree = "<group>";
		};
		EC473C852056556200CD9397 = {
			isa = PBXGroup;
			children = (
				EC473C902056556200CD9397 /* FireMarchTch */,
				EC473C8F2056556200CD9397 /* Products */,
				FB5A6B064CF7852341A3800A /* Pods */,
				C3C9660551C7FB45C49B4691 /* Frameworks */,
			);
			sourceTree = "<group>";
		};
		EC473C8F2056556200CD9397 /* Products */ = {
			isa = PBXGroup;
			children = (
				EC473C8E2056556200CD9397 /* FireMarchTch.app */,
			);
			name = Products;
			sourceTree = "<group>";
		};
		EC473C902056556200CD9397 /* FireMarchTch */ = {
			isa = PBXGroup;
			children = (
				EC473C9A2056556200CD9397 /* Assets.xcassets */,
				EC473CF02056BDCB00CD9397 /* Base.lproj */,
				EC473CCB2056B9DB00CD9397 /* Classes */,
				EC473CE02056B9DB00CD9397 /* Extentions */,
				EC473D0C205BE0C700CD9397 /* New Group */,
				EC473CE42056B9DC00CD9397 /* Sources */,
				EC473D0D205BE0DC00CD9397 /* SupportingFiles */,
				EC473CFB205767D700CD9397 /* System */,
			);
			path = FireMarchTch;
			sourceTree = "<group>";
		};
		EC473CCB2056B9DB00CD9397 /* Classes */ = {
			isa = PBXGroup;
			children = (
				EC473CCC2056B9DB00CD9397 /* Home */,
				EC473CD02056B9DB00CD9397 /* MyInfos */,
				EC473CD42056B9DB00CD9397 /* Square */,
				EC473CD82056B9DB00CD9397 /* Evaluate */,
				EC473CDC2056B9DB00CD9397 /* Orders */,
			);
			path = Classes;
			sourceTree = "<group>";
		};
		EC473CCC2056B9DB00CD9397 /* Home */ = {
			isa = PBXGroup;
			children = (
				EC473CCD2056B9DB00CD9397 /* Models */,
				EC473CCE2056B9DB00CD9397 /* Controllers */,
				EC473CCF2056B9DB00CD9397 /* Views */,
			);
			path = Home;
			sourceTree = "<group>";
		};
		EC473CCD2056B9DB00CD9397 /* Models */ = {
			isa = PBXGroup;
			children = (
			);
			path = Models;
			sourceTree = "<group>";
		};
		EC473CCE2056B9DB00CD9397 /* Controllers */ = {
			isa = PBXGroup;
			children = (
				EC473C942056556200CD9397 /* ViewController.h */,
				EC473C952056556200CD9397 /* ViewController.m */,
				EC42A4B62062131500C52324 /* FMTUnLockViewController.h */,
				EC42A4B72062131500C52324 /* FMTUnLockViewController.m */,
				EC42A4BB2063409A00C52324 /* qViewController.h */,
				EC42A4BC2063409A00C52324 /* qViewController.m */,
			);
			path = Controllers;
			sourceTree = "<group>";
		};
		EC473CCF2056B9DB00CD9397 /* Views */ = {
			isa = PBXGroup;
			children = (
			);
			path = Views;
			sourceTree = "<group>";
		};
		EC473CD02056B9DB00CD9397 /* MyInfos */ = {
			isa = PBXGroup;
			children = (
				EC473CD12056B9DB00CD9397 /* Models */,
				EC473CD22056B9DB00CD9397 /* Controllers */,
				EC473CD32056B9DB00CD9397 /* Views */,
			);
			path = MyInfos;
			sourceTree = "<group>";
		};
		EC473CD12056B9DB00CD9397 /* Models */ = {
			isa = PBXGroup;
			children = (
			);
			path = Models;
			sourceTree = "<group>";
		};
		EC473CD22056B9DB00CD9397 /* Controllers */ = {
			isa = PBXGroup;
			children = (
			);
			path = Controllers;
			sourceTree = "<group>";
		};
		EC473CD32056B9DB00CD9397 /* Views */ = {
			isa = PBXGroup;
			children = (
			);
			path = Views;
			sourceTree = "<group>";
		};
		EC473CD42056B9DB00CD9397 /* Square */ = {
			isa = PBXGroup;
			children = (
				EC473CD52056B9DB00CD9397 /* Models */,
				EC473CD62056B9DB00CD9397 /* Controllers */,
				EC473CD72056B9DB00CD9397 /* Views */,
			);
			path = Square;
			sourceTree = "<group>";
		};
		EC473CD52056B9DB00CD9397 /* Models */ = {
			isa = PBXGroup;
			children = (
			);
			path = Models;
			sourceTree = "<group>";
		};
		EC473CD62056B9DB00CD9397 /* Controllers */ = {
			isa = PBXGroup;
			children = (
			);
			path = Controllers;
			sourceTree = "<group>";
		};
		EC473CD72056B9DB00CD9397 /* Views */ = {
			isa = PBXGroup;
			children = (
			);
			path = Views;
			sourceTree = "<group>";
		};
		EC473CD82056B9DB00CD9397 /* Evaluate */ = {
			isa = PBXGroup;
			children = (
				EC473CD92056B9DB00CD9397 /* Models */,
				EC473CDA2056B9DB00CD9397 /* Controllers */,
				EC473CDB2056B9DB00CD9397 /* Views */,
			);
			path = Evaluate;
			sourceTree = "<group>";
		};
		EC473CD92056B9DB00CD9397 /* Models */ = {
			isa = PBXGroup;
			children = (
			);
			path = Models;
			sourceTree = "<group>";
		};
		EC473CDA2056B9DB00CD9397 /* Controllers */ = {
			isa = PBXGroup;
			children = (
			);
			path = Controllers;
			sourceTree = "<group>";
		};
		EC473CDB2056B9DB00CD9397 /* Views */ = {
			isa = PBXGroup;
			children = (
			);
			path = Views;
			sourceTree = "<group>";
		};
		EC473CDC2056B9DB00CD9397 /* Orders */ = {
			isa = PBXGroup;
			children = (
				EC473CDD2056B9DB00CD9397 /* Models */,
				EC473CDE2056B9DB00CD9397 /* Controllers */,
				EC473CDF2056B9DB00CD9397 /* Views */,
			);
			path = Orders;
			sourceTree = "<group>";
		};
		EC473CDD2056B9DB00CD9397 /* Models */ = {
			isa = PBXGroup;
			children = (
			);
			path = Models;
			sourceTree = "<group>";
		};
		EC473CDE2056B9DB00CD9397 /* Controllers */ = {
			isa = PBXGroup;
			children = (
			);
			path = Controllers;
			sourceTree = "<group>";
		};
		EC473CDF2056B9DB00CD9397 /* Views */ = {
			isa = PBXGroup;
			children = (
			);
			path = Views;
			sourceTree = "<group>";
		};
		EC473CE02056B9DB00CD9397 /* Extentions */ = {
			isa = PBXGroup;
			children = (
				EC473D14205BF6DB00CD9397 /* Category */,
				EC42A4B02061EFB500C52324 /* Coponents */,
				EC473CE12056B9DB00CD9397 /* Libraries */,
				EC473D0720576F1D00CD9397 /* Managers */,
				EC473CE22056B9DB00CD9397 /* Utils */,
			);
			path = Extentions;
			sourceTree = "<group>";
		};
		EC473CE12056B9DB00CD9397 /* Libraries */ = {
			isa = PBXGroup;
			children = (
			);
			path = Libraries;
			sourceTree = "<group>";
		};
		EC473CE22056B9DB00CD9397 /* Utils */ = {
			isa = PBXGroup;
			children = (
				EC473D08205BD9BF00CD9397 /* FMUtils.h */,
				EC473D09205BD9BF00CD9397 /* FMUtils.m */,
			);
			path = Utils;
			sourceTree = "<group>";
		};
		EC473CE42056B9DC00CD9397 /* Sources */ = {
			isa = PBXGroup;
			children = (
				EC473D0320576BD000CD9397 /* ConfigPlist */,
				EC473D0420576BD000CD9397 /* Fonts */,
			);
			path = Sources;
			sourceTree = "<group>";
		};
		EC473CF02056BDCB00CD9397 /* Base.lproj */ = {
			isa = PBXGroup;
			children = (
				EC473CF12056BDCB00CD9397 /* LaunchScreen.storyboard */,
				EC473CF32056BDCB00CD9397 /* Main.storyboard */,
				EC473CF72056BE0B00CD9397 /* RegLogin.storyboard */,
			);
			path = Base.lproj;
			sourceTree = "<group>";
		};
		EC473CFB205767D700CD9397 /* System */ = {
			isa = PBXGroup;
			children = (
				EC473CFE205767F400CD9397 /* AppDelegate.h */,
				EC473CFC205767F300CD9397 /* AppDelegate.m */,
				EC473CFD205767F400CD9397 /* Info.plist */,
				EC473CFF205767F400CD9397 /* main.m */,
			);
			name = System;
			sourceTree = "<group>";
		};
		EC473D0320576BD000CD9397 /* ConfigPlist */ = {
			isa = PBXGroup;
			children = (
			);
			path = ConfigPlist;
			sourceTree = "<group>";
		};
		EC473D0420576BD000CD9397 /* Fonts */ = {
			isa = PBXGroup;
			children = (
				EC473D0520576BD000CD9397 /* 方正兰亭细黑_GBK.TTF */,
			);
			path = Fonts;
			sourceTree = "<group>";
		};
		EC473D0720576F1D00CD9397 /* Managers */ = {
			isa = PBXGroup;
			children = (
				EC473D2D205FBFF200CD9397 /* WGS84TOGCJ02.h */,
				EC473D2E205FBFF300CD9397 /* WGS84TOGCJ02.m */,
				EC473D2A205FBF5200CD9397 /* CCLocationManager.h */,
				EC473D2B205FBF5200CD9397 /* CCLocationManager.m */,
				EC473D302060DB9500CD9397 /* FMNetworkMananger.h */,
				EC473D312060DB9500CD9397 /* FMNetworkMananger.m */,
				EC42A4AD20614F4700C52324 /* FMTBaseDataManager.h */,
				EC42A4AE20614F4700C52324 /* FMTBaseDataManager.m */,
			);
			path = Managers;
			sourceTree = "<group>";
		};
		EC473D0C205BE0C700CD9397 /* New Group */ = {
			isa = PBXGroup;
			children = (
			);
			name = "New Group";
			sourceTree = "<group>";
		};
		EC473D0D205BE0DC00CD9397 /* SupportingFiles */ = {
			isa = PBXGroup;
			children = (
				EC473D13205BEB8C00CD9397 /* PrefixHeader.pch */,
				EC473D0F205BE1C700CD9397 /* PJMacros.h */,
				EC473D10205BE2C400CD9397 /* ValueType.h */,
				EC473D11205BE49000CD9397 /* ValueType.m */,
				EC473D27205C0FA700CD9397 /* FMModel.h */,
				EC473D28205C0FA700CD9397 /* FMModel.m */,
			);
			path = SupportingFiles;
			sourceTree = "<group>";
		};
		EC473D14205BF6DB00CD9397 /* Category */ = {
			isa = PBXGroup;
			children = (
				EC473D15205BF6DB00CD9397 /* NSDictionary+NSDictonay_Unicode.h */,
				EC473D16205BF6DB00CD9397 /* UIColor+WLZ_HexRGB.m */,
				EC473D17205BF6DB00CD9397 /* UIView+Frame.m */,
				EC473D18205BF6DB00CD9397 /* UIView+RGSize.m */,
				EC473D19205BF6DB00CD9397 /* CALayer+UIColor.h */,
				EC473D1A205BF6DB00CD9397 /* UIScrollView+Touch.m */,
				EC473D1B205BF6DB00CD9397 /* NSDictionary+NSDictonay_Unicode.m */,
				EC473D1C205BF6DB00CD9397 /* UIColor+WLZ_HexRGB.h */,
				EC473D1D205BF6DB00CD9397 /* UIView+RGSize.h */,
				EC473D1E205BF6DB00CD9397 /* CALayer+UIColor.m */,
				EC473D1F205BF6DB00CD9397 /* UIView+Frame.h */,
				EC473D20205BF6DB00CD9397 /* UIScrollView+Touch.h */,
			);
			path = Category;
			sourceTree = "<group>";
		};
		FB5A6B064CF7852341A3800A /* Pods */ = {
			isa = PBXGroup;
			children = (
				C70B9865407A3A915AD13095 /* Pods-FireMarchTch.debug.xcconfig */,
				26A680B511CED9E372C15761 /* Pods-FireMarchTch.release.xcconfig */,
			);
			name = Pods;
			sourceTree = "<group>";
		};
/* End PBXGroup section */

/* Begin PBXNativeTarget section */
		EC473C8D2056556200CD9397 /* FireMarchTch */ = {
			isa = PBXNativeTarget;
			buildConfigurationList = EC473CA42056556200CD9397 /* Build configuration list for PBXNativeTarget "FireMarchTch" */;
			buildPhases = (
				926821363AAB3EF771BDD3C2 /* [CP] Check Pods Manifest.lock */,
				EC473C8A2056556200CD9397 /* Sources */,
				EC473C8B2056556200CD9397 /* Frameworks */,
				EC473C8C2056556200CD9397 /* Resources */,
				6FA174B7A5B193B5BB790FDD /* [CP] Embed Pods Frameworks */,
				1E30CE152700EEB3A218D543 /* [CP] Copy Pods Resources */,
			);
			buildRules = (
			);
			dependencies = (
			);
			name = FireMarchTch;
			productName = FireMarchTch;
			productReference = EC473C8E2056556200CD9397 /* FireMarchTch.app */;
			productType = "com.apple.product-type.application";
		};
/* End PBXNativeTarget section */

/* Begin PBXProject section */
		EC473C862056556200CD9397 /* Project object */ = {
			isa = PBXProject;
			attributes = {
				LastUpgradeCheck = 0920;
				ORGANIZATIONNAME = XWBank;
				TargetAttributes = {
					EC473C8D2056556200CD9397 = {
						CreatedOnToolsVersion = 9.2;
						ProvisioningStyle = Automatic;
					};
				};
			};
			buildConfigurationList = EC473C892056556200CD9397 /* Build configuration list for PBXProject "FireMarchTch" */;
			compatibilityVersion = "Xcode 8.0";
			developmentRegion = en;
			hasScannedForEncodings = 0;
			knownRegions = (
				en,
				Base,
			);
			mainGroup = EC473C852056556200CD9397;
			productRefGroup = EC473C8F2056556200CD9397 /* Products */;
			projectDirPath = "";
			projectRoot = "";
			targets = (
				EC473C8D2056556200CD9397 /* FireMarchTch */,
			);
		};
/* End PBXProject section */

/* Begin PBXResourcesBuildPhase section */
		EC473C8C2056556200CD9397 /* Resources */ = {
			isa = PBXResourcesBuildPhase;
			buildActionMask = 2147483647;
			files = (
				EC473D0620576BD000CD9397 /* 方正兰亭细黑_GBK.TTF in Resources */,
				EC473CF62056BDCB00CD9397 /* Main.storyboard in Resources */,
				EC473D01205767F400CD9397 /* Info.plist in Resources */,
				EC473C9B2056556200CD9397 /* Assets.xcassets in Resources */,
				EC473CF92056BE0B00CD9397 /* RegLogin.storyboard in Resources */,
				EC473CF52056BDCB00CD9397 /* LaunchScreen.storyboard in Resources */,
			);
			runOnlyForDeploymentPostprocessing = 0;
		};
/* End PBXResourcesBuildPhase section */

/* Begin PBXShellScriptBuildPhase section */
		1E30CE152700EEB3A218D543 /* [CP] Copy Pods Resources */ = {
			isa = PBXShellScriptBuildPhase;
			buildActionMask = 2147483647;
			files = (
			);
			inputPaths = (
				"${SRCROOT}/Pods/Target Support Files/Pods-FireMarchTch/Pods-FireMarchTch-resources.sh",
				"${PODS_ROOT}/GPUImage/framework/Resources/lookup.png",
				"${PODS_ROOT}/GPUImage/framework/Resources/lookup_amatorka.png",
				"${PODS_ROOT}/GPUImage/framework/Resources/lookup_miss_etikate.png",
				"${PODS_ROOT}/GPUImage/framework/Resources/lookup_soft_elegance_1.png",
				"${PODS_ROOT}/GPUImage/framework/Resources/lookup_soft_elegance_2.png",
			);
			name = "[CP] Copy Pods Resources";
			outputPaths = (
				"${TARGET_BUILD_DIR}/${UNLOCALIZED_RESOURCES_FOLDER_PATH}/lookup.png",
				"${TARGET_BUILD_DIR}/${UNLOCALIZED_RESOURCES_FOLDER_PATH}/lookup_amatorka.png",
				"${TARGET_BUILD_DIR}/${UNLOCALIZED_RESOURCES_FOLDER_PATH}/lookup_miss_etikate.png",
				"${TARGET_BUILD_DIR}/${UNLOCALIZED_RESOURCES_FOLDER_PATH}/lookup_soft_elegance_1.png",
				"${TARGET_BUILD_DIR}/${UNLOCALIZED_RESOURCES_FOLDER_PATH}/lookup_soft_elegance_2.png",
			);
			runOnlyForDeploymentPostprocessing = 0;
			shellPath = /bin/sh;
			shellScript = "\"${SRCROOT}/Pods/Target Support Files/Pods-FireMarchTch/Pods-FireMarchTch-resources.sh\"\n";
			showEnvVarsInLog = 0;
		};
		6FA174B7A5B193B5BB790FDD /* [CP] Embed Pods Frameworks */ = {
			isa = PBXShellScriptBuildPhase;
			buildActionMask = 2147483647;
			files = (
			);
			inputPaths = (
			);
			name = "[CP] Embed Pods Frameworks";
			outputPaths = (
			);
			runOnlyForDeploymentPostprocessing = 0;
			shellPath = /bin/sh;
			shellScript = "\"${SRCROOT}/Pods/Target Support Files/Pods-FireMarchTch/Pods-FireMarchTch-frameworks.sh\"\n";
			showEnvVarsInLog = 0;
		};
		926821363AAB3EF771BDD3C2 /* [CP] Check Pods Manifest.lock */ = {
			isa = PBXShellScriptBuildPhase;
			buildActionMask = 2147483647;
			files = (
			);
			inputPaths = (
				"${PODS_PODFILE_DIR_PATH}/Podfile.lock",
				"${PODS_ROOT}/Manifest.lock",
			);
			name = "[CP] Check Pods Manifest.lock";
			outputPaths = (
				"$(DERIVED_FILE_DIR)/Pods-FireMarchTch-checkManifestLockResult.txt",
			);
			runOnlyForDeploymentPostprocessing = 0;
			shellPath = /bin/sh;
			shellScript = "diff \"${PODS_PODFILE_DIR_PATH}/Podfile.lock\" \"${PODS_ROOT}/Manifest.lock\" > /dev/null\nif [ $? != 0 ] ; then\n    # print error to STDERR\n    echo \"error: The sandbox is not in sync with the Podfile.lock. Run 'pod install' or update your CocoaPods installation.\" >&2\n    exit 1\nfi\n# This output is used by Xcode 'outputs' to avoid re-running this script phase.\necho \"SUCCESS\" > \"${SCRIPT_OUTPUT_FILE_0}\"\n";
			showEnvVarsInLog = 0;
		};
/* End PBXShellScriptBuildPhase section */

/* Begin PBXSourcesBuildPhase section */
		EC473C8A2056556200CD9397 /* Sources */ = {
			isa = PBXSourcesBuildPhase;
			buildActionMask = 2147483647;
			files = (
				EC473D0A205BD9BF00CD9397 /* FMUtils.m in Sources */,
				EC473D12205BE49000CD9397 /* ValueType.m in Sources */,
				EC473D23205BF6DB00CD9397 /* UIView+RGSize.m in Sources */,
				EC473D00205767F400CD9397 /* AppDelegate.m in Sources */,
				EC473D22205BF6DB00CD9397 /* UIView+Frame.m in Sources */,
				EC473D2C205FBF5200CD9397 /* CCLocationManager.m in Sources */,
				EC42A4AF20614F4700C52324 /* FMTBaseDataManager.m in Sources */,
				EC473D02205767F400CD9397 /* main.m in Sources */,
				EC473C962056556200CD9397 /* ViewController.m in Sources */,
				EC473D21205BF6DB00CD9397 /* UIColor+WLZ_HexRGB.m in Sources */,
				EC473D2F205FBFF300CD9397 /* WGS84TOGCJ02.m in Sources */,
				EC473D29205C0FA700CD9397 /* FMModel.m in Sources */,
				EC42A4BD2063409A00C52324 /* qViewController.m in Sources */,
				EC473D25205BF6DB00CD9397 /* NSDictionary+NSDictonay_Unicode.m in Sources */,
				EC473D26205BF6DB00CD9397 /* CALayer+UIColor.m in Sources */,
				EC473D24205BF6DB00CD9397 /* UIScrollView+Touch.m in Sources */,
				EC473D322060DB9500CD9397 /* FMNetworkMananger.m in Sources */,
				EC42A4B82062131500C52324 /* FMTUnLockViewController.m in Sources */,
			);
			runOnlyForDeploymentPostprocessing = 0;
		};
/* End PBXSourcesBuildPhase section */

/* Begin PBXVariantGroup section */
		EC473CF12056BDCB00CD9397 /* LaunchScreen.storyboard */ = {
			isa = PBXVariantGroup;
			children = (
				EC473CF22056BDCB00CD9397 /* Base */,
			);
			name = LaunchScreen.storyboard;
			sourceTree = "<group>";
		};
		EC473CF32056BDCB00CD9397 /* Main.storyboard */ = {
			isa = PBXVariantGroup;
			children = (
				EC473CF42056BDCB00CD9397 /* Base */,
			);
			name = Main.storyboard;
			sourceTree = "<group>";
		};
		EC473CF72056BE0B00CD9397 /* RegLogin.storyboard */ = {
			isa = PBXVariantGroup;
			children = (
				EC473CF82056BE0B00CD9397 /* Base */,
			);
			name = RegLogin.storyboard;
			sourceTree = "<group>";
		};
/* End PBXVariantGroup section */

/* Begin XCBuildConfiguration section */
		EC473CA22056556200CD9397 /* Debug */ = {
			isa = XCBuildConfiguration;
			buildSettings = {
				ALWAYS_SEARCH_USER_PATHS = NO;
				CLANG_ANALYZER_NONNULL = YES;
				CLANG_ANALYZER_NUMBER_OBJECT_CONVERSION = YES_AGGRESSIVE;
				CLANG_CXX_LANGUAGE_STANDARD = "gnu++14";
				CLANG_CXX_LIBRARY = "libc++";
				CLANG_ENABLE_MODULES = YES;
				CLANG_ENABLE_OBJC_ARC = YES;
				CLANG_WARN_BLOCK_CAPTURE_AUTORELEASING = YES;
				CLANG_WARN_BOOL_CONVERSION = YES;
				CLANG_WARN_COMMA = YES;
				CLANG_WARN_CONSTANT_CONVERSION = YES;
				CLANG_WARN_DIRECT_OBJC_ISA_USAGE = YES_ERROR;
				CLANG_WARN_DOCUMENTATION_COMMENTS = YES;
				CLANG_WARN_EMPTY_BODY = YES;
				CLANG_WARN_ENUM_CONVERSION = YES;
				CLANG_WARN_INFINITE_RECURSION = YES;
				CLANG_WARN_INT_CONVERSION = YES;
				CLANG_WARN_NON_LITERAL_NULL_CONVERSION = YES;
				CLANG_WARN_OBJC_LITERAL_CONVERSION = YES;
				CLANG_WARN_OBJC_ROOT_CLASS = YES_ERROR;
				CLANG_WARN_RANGE_LOOP_ANALYSIS = YES;
				CLANG_WARN_STRICT_PROTOTYPES = YES;
				CLANG_WARN_SUSPICIOUS_MOVE = YES;
				CLANG_WARN_UNGUARDED_AVAILABILITY = YES_AGGRESSIVE;
				CLANG_WARN_UNREACHABLE_CODE = YES;
				CLANG_WARN__DUPLICATE_METHOD_MATCH = YES;
				CODE_SIGN_IDENTITY = "iPhone Developer";
				COPY_PHASE_STRIP = NO;
				DEBUG_INFORMATION_FORMAT = dwarf;
				ENABLE_STRICT_OBJC_MSGSEND = YES;
				ENABLE_TESTABILITY = YES;
				GCC_C_LANGUAGE_STANDARD = gnu11;
				GCC_DYNAMIC_NO_PIC = NO;
				GCC_NO_COMMON_BLOCKS = YES;
				GCC_OPTIMIZATION_LEVEL = 0;
				GCC_PREPROCESSOR_DEFINITIONS = (
					"DEBUG=1",
					"$(inherited)",
				);
				GCC_WARN_64_TO_32_BIT_CONVERSION = YES;
				GCC_WARN_ABOUT_RETURN_TYPE = YES_ERROR;
				GCC_WARN_UNDECLARED_SELECTOR = YES;
				GCC_WARN_UNINITIALIZED_AUTOS = YES_AGGRESSIVE;
				GCC_WARN_UNUSED_FUNCTION = YES;
				GCC_WARN_UNUSED_VARIABLE = YES;
				IPHONEOS_DEPLOYMENT_TARGET = 11.2;
				MTL_ENABLE_DEBUG_INFO = YES;
				ONLY_ACTIVE_ARCH = YES;
				SDKROOT = iphoneos;
			};
			name = Debug;
		};
		EC473CA32056556200CD9397 /* Release */ = {
			isa = XCBuildConfiguration;
			buildSettings = {
				ALWAYS_SEARCH_USER_PATHS = NO;
				CLANG_ANALYZER_NONNULL = YES;
				CLANG_ANALYZER_NUMBER_OBJECT_CONVERSION = YES_AGGRESSIVE;
				CLANG_CXX_LANGUAGE_STANDARD = "gnu++14";
				CLANG_CXX_LIBRARY = "libc++";
				CLANG_ENABLE_MODULES = YES;
				CLANG_ENABLE_OBJC_ARC = YES;
				CLANG_WARN_BLOCK_CAPTURE_AUTORELEASING = YES;
				CLANG_WARN_BOOL_CONVERSION = YES;
				CLANG_WARN_COMMA = YES;
				CLANG_WARN_CONSTANT_CONVERSION = YES;
				CLANG_WARN_DIRECT_OBJC_ISA_USAGE = YES_ERROR;
				CLANG_WARN_DOCUMENTATION_COMMENTS = YES;
				CLANG_WARN_EMPTY_BODY = YES;
				CLANG_WARN_ENUM_CONVERSION = YES;
				CLANG_WARN_INFINITE_RECURSION = YES;
				CLANG_WARN_INT_CONVERSION = YES;
				CLANG_WARN_NON_LITERAL_NULL_CONVERSION = YES;
				CLANG_WARN_OBJC_LITERAL_CONVERSION = YES;
				CLANG_WARN_OBJC_ROOT_CLASS = YES_ERROR;
				CLANG_WARN_RANGE_LOOP_ANALYSIS = YES;
				CLANG_WARN_STRICT_PROTOTYPES = YES;
				CLANG_WARN_SUSPICIOUS_MOVE = YES;
				CLANG_WARN_UNGUARDED_AVAILABILITY = YES_AGGRESSIVE;
				CLANG_WARN_UNREACHABLE_CODE = YES;
				CLANG_WARN__DUPLICATE_METHOD_MATCH = YES;
				CODE_SIGN_IDENTITY = "iPhone Developer";
				COPY_PHASE_STRIP = NO;
				DEBUG_INFORMATION_FORMAT = "dwarf-with-dsym";
				ENABLE_NS_ASSERTIONS = NO;
				ENABLE_STRICT_OBJC_MSGSEND = YES;
				GCC_C_LANGUAGE_STANDARD = gnu11;
				GCC_NO_COMMON_BLOCKS = YES;
				GCC_WARN_64_TO_32_BIT_CONVERSION = YES;
				GCC_WARN_ABOUT_RETURN_TYPE = YES_ERROR;
				GCC_WARN_UNDECLARED_SELECTOR = YES;
				GCC_WARN_UNINITIALIZED_AUTOS = YES_AGGRESSIVE;
				GCC_WARN_UNUSED_FUNCTION = YES;
				GCC_WARN_UNUSED_VARIABLE = YES;
				IPHONEOS_DEPLOYMENT_TARGET = 11.2;
				MTL_ENABLE_DEBUG_INFO = NO;
				SDKROOT = iphoneos;
				VALIDATE_PRODUCT = YES;
			};
			name = Release;
		};
		EC473CA52056556200CD9397 /* Debug */ = {
			isa = XCBuildConfiguration;
			baseConfigurationReference = C70B9865407A3A915AD13095 /* Pods-FireMarchTch.debug.xcconfig */;
			buildSettings = {
				ASSETCATALOG_COMPILER_APPICON_NAME = AppIcon;
				CODE_SIGN_STYLE = Automatic;
				DEVELOPMENT_TEAM = 5NB59393AH;
				GCC_PREFIX_HEADER = "$(SRCROOT)/FireMarchTch/SupportingFiles/PrefixHeader.pch";
				INFOPLIST_FILE = FireMarchTch/Info.plist;
				IPHONEOS_DEPLOYMENT_TARGET = 9.0;
				LD_RUNPATH_SEARCH_PATHS = "$(inherited) @executable_path/Frameworks";
				PRODUCT_BUNDLE_IDENTIFIER = com.xwbank.FireMarchTch;
				PRODUCT_NAME = "$(TARGET_NAME)";
				TARGETED_DEVICE_FAMILY = "1,2";
			};
			name = Debug;
		};
		EC473CA62056556200CD9397 /* Release */ = {
			isa = XCBuildConfiguration;
			baseConfigurationReference = 26A680B511CED9E372C15761 /* Pods-FireMarchTch.release.xcconfig */;
			buildSettings = {
				ASSETCATALOG_COMPILER_APPICON_NAME = AppIcon;
				CODE_SIGN_STYLE = Automatic;
				DEVELOPMENT_TEAM = 5NB59393AH;
				GCC_PREFIX_HEADER = "$(SRCROOT)/FireMarchTch/SupportingFiles/PrefixHeader.pch";
				INFOPLIST_FILE = FireMarchTch/Info.plist;
				IPHONEOS_DEPLOYMENT_TARGET = 9.0;
				LD_RUNPATH_SEARCH_PATHS = "$(inherited) @executable_path/Frameworks";
				PRODUCT_BUNDLE_IDENTIFIER = com.xwbank.FireMarchTch;
				PRODUCT_NAME = "$(TARGET_NAME)";
				TARGETED_DEVICE_FAMILY = "1,2";
			};
			name = Release;
		};
/* End XCBuildConfiguration section */

/* Begin XCConfigurationList section */
		EC473C892056556200CD9397 /* Build configuration list for PBXProject "FireMarchTch" */ = {
			isa = XCConfigurationList;
			buildConfigurations = (
				EC473CA22056556200CD9397 /* Debug */,
				EC473CA32056556200CD9397 /* Release */,
			);
			defaultConfigurationIsVisible = 0;
			defaultConfigurationName = Release;
		};
		EC473CA42056556200CD9397 /* Build configuration list for PBXNativeTarget "FireMarchTch" */ = {
			isa = XCConfigurationList;
			buildConfigurations = (
				EC473CA52056556200CD9397 /* Debug */,
				EC473CA62056556200CD9397 /* Release */,
			);
			defaultConfigurationIsVisible = 0;
			defaultConfigurationName = Release;
		};
/* End XCConfigurationList section */
	};
	rootObject = EC473C862056556200CD9397 /* Project object */;
}
