// !$*UTF8*$!
{
	archiveVersion = 1;
	classes = {
	};
	objectVersion = 48;
	objects = {

/* Begin PBXBuildFile section */
		682F0A19C9F947C5D768DFE0 /* libPods-FireMarchTch.a in Frameworks */ = {isa = PBXBuildFile; fileRef = 25F7AE81BF2D94110752DD1A /* libPods-FireMarchTch.a */; };
		EC38CAFA20722EDB00C09DC7 /* FMViewController.m in Sources */ = {isa = PBXBuildFile; fileRef = EC38CAF920722EDB00C09DC7 /* FMViewController.m */; };
		EC38CAFE2072507900C09DC7 /* CZJAlertView.m in Sources */ = {isa = PBXBuildFile; fileRef = EC38CAFB2072507800C09DC7 /* CZJAlertView.m */; };
		EC38CAFF2072507900C09DC7 /* CZJAlertView.xib in Resources */ = {isa = PBXBuildFile; fileRef = EC38CAFC2072507900C09DC7 /* CZJAlertView.xib */; };
		EC38CB02207250B200C09DC7 /* FMAlertViewController.m in Sources */ = {isa = PBXBuildFile; fileRef = EC38CB01207250B100C09DC7 /* FMAlertViewController.m */; };
		EC38CB0520732C8A00C09DC7 /* FMDeviceInfo.m in Sources */ = {isa = PBXBuildFile; fileRef = EC38CB0420732C8A00C09DC7 /* FMDeviceInfo.m */; };
		EC38CB08207379FE00C09DC7 /* Reachability.m in Sources */ = {isa = PBXBuildFile; fileRef = EC38CB07207379FE00C09DC7 /* Reachability.m */; };
		EC38CB0C2074745600C09DC7 /* FMSetMyInfoViewController.m in Sources */ = {isa = PBXBuildFile; fileRef = EC38CB0A2074745600C09DC7 /* FMSetMyInfoViewController.m */; };
		EC38CB0D2074745600C09DC7 /* FMSetMyInfoViewController.xib in Resources */ = {isa = PBXBuildFile; fileRef = EC38CB0B2074745600C09DC7 /* FMSetMyInfoViewController.xib */; };
		EC38CB102074A7E500C09DC7 /* LewPickerController.m in Sources */ = {isa = PBXBuildFile; fileRef = EC38CB0F2074A7E500C09DC7 /* LewPickerController.m */; };
		EC42A4AF20614F4700C52324 /* FMTBaseDataManager.m in Sources */ = {isa = PBXBuildFile; fileRef = EC42A4AE20614F4700C52324 /* FMTBaseDataManager.m */; };
		EC42A4B82062131500C52324 /* FMTUnLockViewController.m in Sources */ = {isa = PBXBuildFile; fileRef = EC42A4B72062131500C52324 /* FMTUnLockViewController.m */; };
		EC42A4C1206346A800C52324 /* FMTCodeInputTextField.m in Sources */ = {isa = PBXBuildFile; fileRef = EC42A4BF206346A800C52324 /* FMTCodeInputTextField.m */; };
		EC42A4C2206346A800C52324 /* FMTCodeInputTextField.xib in Resources */ = {isa = PBXBuildFile; fileRef = EC42A4C0206346A800C52324 /* FMTCodeInputTextField.xib */; };
		EC42A4C92063EEED00C52324 /* FMTLoginViewController.m in Sources */ = {isa = PBXBuildFile; fileRef = EC42A4C82063EEED00C52324 /* FMTLoginViewController.m */; };
		EC42A4CC2063EF0700C52324 /* FMTRegistViewController.m in Sources */ = {isa = PBXBuildFile; fileRef = EC42A4CB2063EF0700C52324 /* FMTRegistViewController.m */; };
		EC42A4CF2063EF2200C52324 /* FMTRegLoginHomeController.m in Sources */ = {isa = PBXBuildFile; fileRef = EC42A4CE2063EF2200C52324 /* FMTRegLoginHomeController.m */; };
		EC42A4D12063F93000C52324 /* Assets.xcassets in Resources */ = {isa = PBXBuildFile; fileRef = EC42A4D02063F93000C52324 /* Assets.xcassets */; };
		EC42A4D42064F13600C52324 /* UINavigationBar+BackgroundColor.m in Sources */ = {isa = PBXBuildFile; fileRef = EC42A4D32064F13600C52324 /* UINavigationBar+BackgroundColor.m */; };
		EC42A4D92068DC3A00C52324 /* AppDelegate.m in Sources */ = {isa = PBXBuildFile; fileRef = EC42A4D72068DC3900C52324 /* AppDelegate.m */; };
		EC42A4DD2068DCC500C52324 /* Info.plist in Resources */ = {isa = PBXBuildFile; fileRef = EC42A4DB2068DCC500C52324 /* Info.plist */; };
		EC42A4DE2068DCC500C52324 /* main.m in Sources */ = {isa = PBXBuildFile; fileRef = EC42A4DC2068DCC500C52324 /* main.m */; };
		EC42A4E52068DCCD00C52324 /* ValueType.m in Sources */ = {isa = PBXBuildFile; fileRef = EC42A4DF2068DCCC00C52324 /* ValueType.m */; };
		EC42A4E62068DCCD00C52324 /* FMModel.m in Sources */ = {isa = PBXBuildFile; fileRef = EC42A4E02068DCCC00C52324 /* FMModel.m */; };
		EC42A4F22068F6A000C52324 /* FMTCodeInputTextFields.m in Sources */ = {isa = PBXBuildFile; fileRef = EC42A4F12068F6A000C52324 /* FMTCodeInputTextFields.m */; };
		EC42A4F5206900E600C52324 /* UITextField+Delete.m in Sources */ = {isa = PBXBuildFile; fileRef = EC42A4F4206900E600C52324 /* UITextField+Delete.m */; };
		EC473C962056556200CD9397 /* ViewController.m in Sources */ = {isa = PBXBuildFile; fileRef = EC473C952056556200CD9397 /* ViewController.m */; };
		EC473CF52056BDCB00CD9397 /* LaunchScreen.storyboard in Resources */ = {isa = PBXBuildFile; fileRef = EC473CF12056BDCB00CD9397 /* LaunchScreen.storyboard */; };
		EC473CF62056BDCB00CD9397 /* Main.storyboard in Resources */ = {isa = PBXBuildFile; fileRef = EC473CF32056BDCB00CD9397 /* Main.storyboard */; };
		EC473CF92056BE0B00CD9397 /* RegLogin.storyboard in Resources */ = {isa = PBXBuildFile; fileRef = EC473CF72056BE0B00CD9397 /* RegLogin.storyboard */; };
		EC473D0620576BD000CD9397 /* 方正兰亭细黑_GBK.TTF in Resources */ = {isa = PBXBuildFile; fileRef = EC473D0520576BD000CD9397 /* 方正兰亭细黑_GBK.TTF */; };
		EC473D0A205BD9BF00CD9397 /* FMUtils.m in Sources */ = {isa = PBXBuildFile; fileRef = EC473D09205BD9BF00CD9397 /* FMUtils.m */; };
		EC473D21205BF6DB00CD9397 /* UIColor+WLZ_HexRGB.m in Sources */ = {isa = PBXBuildFile; fileRef = EC473D16205BF6DB00CD9397 /* UIColor+WLZ_HexRGB.m */; };
		EC473D22205BF6DB00CD9397 /* UIView+Frame.m in Sources */ = {isa = PBXBuildFile; fileRef = EC473D17205BF6DB00CD9397 /* UIView+Frame.m */; };
		EC473D23205BF6DB00CD9397 /* UIView+RGSize.m in Sources */ = {isa = PBXBuildFile; fileRef = EC473D18205BF6DB00CD9397 /* UIView+RGSize.m */; };
		EC473D24205BF6DB00CD9397 /* UIScrollView+Touch.m in Sources */ = {isa = PBXBuildFile; fileRef = EC473D1A205BF6DB00CD9397 /* UIScrollView+Touch.m */; };
		EC473D25205BF6DB00CD9397 /* NSDictionary+NSDictonay_Unicode.m in Sources */ = {isa = PBXBuildFile; fileRef = EC473D1B205BF6DB00CD9397 /* NSDictionary+NSDictonay_Unicode.m */; };
		EC473D26205BF6DB00CD9397 /* CALayer+UIColor.m in Sources */ = {isa = PBXBuildFile; fileRef = EC473D1E205BF6DB00CD9397 /* CALayer+UIColor.m */; };
		EC473D2C205FBF5200CD9397 /* CCLocationManager.m in Sources */ = {isa = PBXBuildFile; fileRef = EC473D2B205FBF5200CD9397 /* CCLocationManager.m */; };
		EC473D2F205FBFF300CD9397 /* WGS84TOGCJ02.m in Sources */ = {isa = PBXBuildFile; fileRef = EC473D2E205FBFF300CD9397 /* WGS84TOGCJ02.m */; };
		EC473D322060DB9500CD9397 /* FMNetworkMananger.m in Sources */ = {isa = PBXBuildFile; fileRef = EC473D312060DB9500CD9397 /* FMNetworkMananger.m */; };
		ECA70B88206A935B003E2F62 /* FMSetPWDViewController.m in Sources */ = {isa = PBXBuildFile; fileRef = ECA70B87206A935B003E2F62 /* FMSetPWDViewController.m */; };
		ECDCE67A207B0D07009BB554 /* FMTUpImageViewController.m in Sources */ = {isa = PBXBuildFile; fileRef = ECDCE678207B0D07009BB554 /* FMTUpImageViewController.m */; };
		ECDCE67B207B0D07009BB554 /* FMTUpImageViewController.xib in Resources */ = {isa = PBXBuildFile; fileRef = ECDCE679207B0D07009BB554 /* FMTUpImageViewController.xib */; };
		ECDCE67E207B5DF0009BB554 /* FSDeletableImageView.m in Sources */ = {isa = PBXBuildFile; fileRef = ECDCE67C207B5DEF009BB554 /* FSDeletableImageView.m */; };
		ECDCE686207B6ACE009BB554 /* PBaseTableViewCell.m in Sources */ = {isa = PBXBuildFile; fileRef = ECDCE685207B6ACE009BB554 /* PBaseTableViewCell.m */; };
		ECDCE689207B9C8C009BB554 /* UIView+SDAutoLayout.m in Sources */ = {isa = PBXBuildFile; fileRef = ECDCE688207B9C8C009BB554 /* UIView+SDAutoLayout.m */; };
		ECDCE68C207B9D0D009BB554 /* UITableView+SDAutoTableViewCellHeight.m in Sources */ = {isa = PBXBuildFile; fileRef = ECDCE68A207B9D0D009BB554 /* UITableView+SDAutoTableViewCellHeight.m */; };
		ECDCE694207BABD7009BB554 /* FMImageUploadView.m in Sources */ = {isa = PBXBuildFile; fileRef = ECDCE693207BABD7009BB554 /* FMImageUploadView.m */; };
		ECDCE699207C858A009BB554 /* YYWeakProxy.m in Sources */ = {isa = PBXBuildFile; fileRef = ECDCE695207C858A009BB554 /* YYWeakProxy.m */; };
		ECDCE69A207C858A009BB554 /* YYFPSLabel.m in Sources */ = {isa = PBXBuildFile; fileRef = ECDCE696207C858A009BB554 /* YYFPSLabel.m */; };
		ECDCE6EA207C9C91009BB554 /* UIImage+JKRRender.m in Sources */ = {isa = PBXBuildFile; fileRef = ECDCE69D207C9C91009BB554 /* UIImage+JKRRender.m */; };
		ECDCE6EB207C9C91009BB554 /* UIImage+JKRImage.m in Sources */ = {isa = PBXBuildFile; fileRef = ECDCE69E207C9C91009BB554 /* UIImage+JKRImage.m */; };
		ECDCE6EC207C9C91009BB554 /* UIImage+JKR_MessageImage.m in Sources */ = {isa = PBXBuildFile; fileRef = ECDCE69F207C9C91009BB554 /* UIImage+JKR_MessageImage.m */; };
		ECDCE6ED207C9C91009BB554 /* UIView+JKR_HitTest.m in Sources */ = {isa = PBXBuildFile; fileRef = ECDCE6A4207C9C91009BB554 /* UIView+JKR_HitTest.m */; };
		ECDCE6EE207C9C91009BB554 /* UIColor+JKRColor.m in Sources */ = {isa = PBXBuildFile; fileRef = ECDCE6A7207C9C91009BB554 /* UIColor+JKRColor.m */; };
		ECDCE6EF207C9C91009BB554 /* UIView+JKRTouch.m in Sources */ = {isa = PBXBuildFile; fileRef = ECDCE6AF207C9C91009BB554 /* UIView+JKRTouch.m */; };
		ECDCE6F0207C9C91009BB554 /* UIView+JKRTapGestureRecognizer.m in Sources */ = {isa = PBXBuildFile; fileRef = ECDCE6B0207C9C91009BB554 /* UIView+JKRTapGestureRecognizer.m */; };
		ECDCE6F1207C9C91009BB554 /* UIView+JKR_Frame.m in Sources */ = {isa = PBXBuildFile; fileRef = ECDCE6B1207C9C91009BB554 /* UIView+JKR_Frame.m */; };
		ECDCE6F2207C9C91009BB554 /* UIView+JKRSnap.m in Sources */ = {isa = PBXBuildFile; fileRef = ECDCE6B2207C9C91009BB554 /* UIView+JKRSnap.m */; };
		ECDCE6F3207C9C91009BB554 /* UIView+JKRViewController.m in Sources */ = {isa = PBXBuildFile; fileRef = ECDCE6B3207C9C91009BB554 /* UIView+JKRViewController.m */; };
		ECDCE6F4207C9C91009BB554 /* NSObject+JKR_Observer.m in Sources */ = {isa = PBXBuildFile; fileRef = ECDCE6B6207C9C91009BB554 /* NSObject+JKR_Observer.m */; };
		ECDCE6F5207C9C91009BB554 /* NSObject+JKR_RunTime.m in Sources */ = {isa = PBXBuildFile; fileRef = ECDCE6B9207C9C91009BB554 /* NSObject+JKR_RunTime.m */; };
		ECDCE6F6207C9C91009BB554 /* UITextView+JKRPlaceHolder.m in Sources */ = {isa = PBXBuildFile; fileRef = ECDCE6BC207C9C91009BB554 /* UITextView+JKRPlaceHolder.m */; };
		ECDCE6F7207C9C91009BB554 /* README.md in Resources */ = {isa = PBXBuildFile; fileRef = ECDCE6BD207C9C91009BB554 /* README.md */; };
		ECDCE6F8207C9C91009BB554 /* UINavigationBar+JKR_BackgroundColor.m in Sources */ = {isa = PBXBuildFile; fileRef = ECDCE6BF207C9C91009BB554 /* UINavigationBar+JKR_BackgroundColor.m */; };
		ECDCE6F9207C9C91009BB554 /* NSString+URLComponents.m in Sources */ = {isa = PBXBuildFile; fileRef = ECDCE6C4207C9C91009BB554 /* NSString+URLComponents.m */; };
		ECDCE6FA207C9C91009BB554 /* NSString+JKRMD5.m in Sources */ = {isa = PBXBuildFile; fileRef = ECDCE6C5207C9C91009BB554 /* NSString+JKRMD5.m */; };
		ECDCE6FB207C9C91009BB554 /* NSString+JKRSize.m in Sources */ = {isa = PBXBuildFile; fileRef = ECDCE6C6207C9C91009BB554 /* NSString+JKRSize.m */; };
		ECDCE6FD207C9C91009BB554 /* UIViewController+JKRStatusBarStyle.m in Sources */ = {isa = PBXBuildFile; fileRef = ECDCE6CC207C9C91009BB554 /* UIViewController+JKRStatusBarStyle.m */; };
		ECDCE6FE207C9C91009BB554 /* UINavigationController+JKRBackButton.m in Sources */ = {isa = PBXBuildFile; fileRef = ECDCE6CE207C9C91009BB554 /* UINavigationController+JKRBackButton.m */; };
		ECDCE6FF207C9C91009BB554 /* UINavigationController+JKRStatusBar.m in Sources */ = {isa = PBXBuildFile; fileRef = ECDCE6CF207C9C91009BB554 /* UINavigationController+JKRStatusBar.m */; };
		ECDCE700207C9C91009BB554 /* .gitignore in Resources */ = {isa = PBXBuildFile; fileRef = ECDCE6D2207C9C91009BB554 /* .gitignore */; };
		ECDCE701207C9C91009BB554 /* UIGestureRecognizer+JKRTouch.m in Sources */ = {isa = PBXBuildFile; fileRef = ECDCE6D4207C9C91009BB554 /* UIGestureRecognizer+JKRTouch.m */; };
		ECDCE70A207C9C91009BB554 /* NSDate+JKRDate.m in Sources */ = {isa = PBXBuildFile; fileRef = ECDCE6E9207C9C91009BB554 /* NSDate+JKRDate.m */; };
		ECDCE70E207DF666009BB554 /* FMImageCollectionViewCell.m in Sources */ = {isa = PBXBuildFile; fileRef = ECDCE70C207DF666009BB554 /* FMImageCollectionViewCell.m */; };
		ECDCE70F207DF666009BB554 /* FMImageCollectionViewCell.xib in Resources */ = {isa = PBXBuildFile; fileRef = ECDCE70D207DF666009BB554 /* FMImageCollectionViewCell.xib */; };
/* End PBXBuildFile section */

/* Begin PBXFileReference section */
		25F7AE81BF2D94110752DD1A /* libPods-FireMarchTch.a */ = {isa = PBXFileReference; explicitFileType = archive.ar; includeInIndex = 0; path = "libPods-FireMarchTch.a"; sourceTree = BUILT_PRODUCTS_DIR; };
		26A680B511CED9E372C15761 /* Pods-FireMarchTch.release.xcconfig */ = {isa = PBXFileReference; includeInIndex = 1; lastKnownFileType = text.xcconfig; name = "Pods-FireMarchTch.release.xcconfig"; path = "Pods/Target Support Files/Pods-FireMarchTch/Pods-FireMarchTch.release.xcconfig"; sourceTree = "<group>"; };
		C70B9865407A3A915AD13095 /* Pods-FireMarchTch.debug.xcconfig */ = {isa = PBXFileReference; includeInIndex = 1; lastKnownFileType = text.xcconfig; name = "Pods-FireMarchTch.debug.xcconfig"; path = "Pods/Target Support Files/Pods-FireMarchTch/Pods-FireMarchTch.debug.xcconfig"; sourceTree = "<group>"; };
		EC38CAF820722EDB00C09DC7 /* FMViewController.h */ = {isa = PBXFileReference; lastKnownFileType = sourcecode.c.h; path = FMViewController.h; sourceTree = "<group>"; };
		EC38CAF920722EDB00C09DC7 /* FMViewController.m */ = {isa = PBXFileReference; lastKnownFileType = sourcecode.c.objc; path = FMViewController.m; sourceTree = "<group>"; };
		EC38CAFB2072507800C09DC7 /* CZJAlertView.m */ = {isa = PBXFileReference; fileEncoding = 4; lastKnownFileType = sourcecode.c.objc; path = CZJAlertView.m; sourceTree = "<group>"; };
		EC38CAFC2072507900C09DC7 /* CZJAlertView.xib */ = {isa = PBXFileReference; fileEncoding = 4; lastKnownFileType = file.xib; path = CZJAlertView.xib; sourceTree = "<group>"; };
		EC38CAFD2072507900C09DC7 /* CZJAlertView.h */ = {isa = PBXFileReference; fileEncoding = 4; lastKnownFileType = sourcecode.c.h; path = CZJAlertView.h; sourceTree = "<group>"; };
		EC38CB00207250B100C09DC7 /* FMAlertViewController.h */ = {isa = PBXFileReference; fileEncoding = 4; lastKnownFileType = sourcecode.c.h; path = FMAlertViewController.h; sourceTree = "<group>"; };
		EC38CB01207250B100C09DC7 /* FMAlertViewController.m */ = {isa = PBXFileReference; fileEncoding = 4; lastKnownFileType = sourcecode.c.objc; path = FMAlertViewController.m; sourceTree = "<group>"; };
		EC38CB0320732C8A00C09DC7 /* FMDeviceInfo.h */ = {isa = PBXFileReference; lastKnownFileType = sourcecode.c.h; path = FMDeviceInfo.h; sourceTree = "<group>"; };
		EC38CB0420732C8A00C09DC7 /* FMDeviceInfo.m */ = {isa = PBXFileReference; lastKnownFileType = sourcecode.c.objc; path = FMDeviceInfo.m; sourceTree = "<group>"; };
		EC38CB06207379FE00C09DC7 /* Reachability.h */ = {isa = PBXFileReference; fileEncoding = 4; lastKnownFileType = sourcecode.c.h; path = Reachability.h; sourceTree = "<group>"; };
		EC38CB07207379FE00C09DC7 /* Reachability.m */ = {isa = PBXFileReference; fileEncoding = 4; lastKnownFileType = sourcecode.c.objc; path = Reachability.m; sourceTree = "<group>"; };
		EC38CB092074745600C09DC7 /* FMSetMyInfoViewController.h */ = {isa = PBXFileReference; lastKnownFileType = sourcecode.c.h; path = FMSetMyInfoViewController.h; sourceTree = "<group>"; };
		EC38CB0A2074745600C09DC7 /* FMSetMyInfoViewController.m */ = {isa = PBXFileReference; lastKnownFileType = sourcecode.c.objc; path = FMSetMyInfoViewController.m; sourceTree = "<group>"; };
		EC38CB0B2074745600C09DC7 /* FMSetMyInfoViewController.xib */ = {isa = PBXFileReference; lastKnownFileType = file.xib; path = FMSetMyInfoViewController.xib; sourceTree = "<group>"; };
		EC38CB0E2074A7E500C09DC7 /* LewPickerController.h */ = {isa = PBXFileReference; fileEncoding = 4; lastKnownFileType = sourcecode.c.h; path = LewPickerController.h; sourceTree = "<group>"; };
		EC38CB0F2074A7E500C09DC7 /* LewPickerController.m */ = {isa = PBXFileReference; fileEncoding = 4; lastKnownFileType = sourcecode.c.objc; path = LewPickerController.m; sourceTree = "<group>"; };
		EC42A4AD20614F4700C52324 /* FMTBaseDataManager.h */ = {isa = PBXFileReference; lastKnownFileType = sourcecode.c.h; path = FMTBaseDataManager.h; sourceTree = "<group>"; };
		EC42A4AE20614F4700C52324 /* FMTBaseDataManager.m */ = {isa = PBXFileReference; lastKnownFileType = sourcecode.c.objc; path = FMTBaseDataManager.m; sourceTree = "<group>"; };
		EC42A4B62062131500C52324 /* FMTUnLockViewController.h */ = {isa = PBXFileReference; lastKnownFileType = sourcecode.c.h; path = FMTUnLockViewController.h; sourceTree = "<group>"; };
		EC42A4B72062131500C52324 /* FMTUnLockViewController.m */ = {isa = PBXFileReference; lastKnownFileType = sourcecode.c.objc; path = FMTUnLockViewController.m; sourceTree = "<group>"; };
		EC42A4BE206346A800C52324 /* FMTCodeInputTextField.h */ = {isa = PBXFileReference; lastKnownFileType = sourcecode.c.h; path = FMTCodeInputTextField.h; sourceTree = "<group>"; };
		EC42A4BF206346A800C52324 /* FMTCodeInputTextField.m */ = {isa = PBXFileReference; lastKnownFileType = sourcecode.c.objc; path = FMTCodeInputTextField.m; sourceTree = "<group>"; };
		EC42A4C0206346A800C52324 /* FMTCodeInputTextField.xib */ = {isa = PBXFileReference; lastKnownFileType = file.xib; path = FMTCodeInputTextField.xib; sourceTree = "<group>"; };
		EC42A4C72063EEED00C52324 /* FMTLoginViewController.h */ = {isa = PBXFileReference; lastKnownFileType = sourcecode.c.h; path = FMTLoginViewController.h; sourceTree = "<group>"; };
		EC42A4C82063EEED00C52324 /* FMTLoginViewController.m */ = {isa = PBXFileReference; lastKnownFileType = sourcecode.c.objc; path = FMTLoginViewController.m; sourceTree = "<group>"; };
		EC42A4CA2063EF0700C52324 /* FMTRegistViewController.h */ = {isa = PBXFileReference; lastKnownFileType = sourcecode.c.h; path = FMTRegistViewController.h; sourceTree = "<group>"; };
		EC42A4CB2063EF0700C52324 /* FMTRegistViewController.m */ = {isa = PBXFileReference; lastKnownFileType = sourcecode.c.objc; path = FMTRegistViewController.m; sourceTree = "<group>"; };
		EC42A4CD2063EF2200C52324 /* FMTRegLoginHomeController.h */ = {isa = PBXFileReference; lastKnownFileType = sourcecode.c.h; path = FMTRegLoginHomeController.h; sourceTree = "<group>"; };
		EC42A4CE2063EF2200C52324 /* FMTRegLoginHomeController.m */ = {isa = PBXFileReference; lastKnownFileType = sourcecode.c.objc; path = FMTRegLoginHomeController.m; sourceTree = "<group>"; };
		EC42A4D02063F93000C52324 /* Assets.xcassets */ = {isa = PBXFileReference; lastKnownFileType = folder.assetcatalog; path = Assets.xcassets; sourceTree = "<group>"; };
		EC42A4D22064F13600C52324 /* UINavigationBar+BackgroundColor.h */ = {isa = PBXFileReference; lastKnownFileType = sourcecode.c.h; path = "UINavigationBar+BackgroundColor.h"; sourceTree = "<group>"; };
		EC42A4D32064F13600C52324 /* UINavigationBar+BackgroundColor.m */ = {isa = PBXFileReference; lastKnownFileType = sourcecode.c.objc; path = "UINavigationBar+BackgroundColor.m"; sourceTree = "<group>"; };
		EC42A4D72068DC3900C52324 /* AppDelegate.m */ = {isa = PBXFileReference; fileEncoding = 4; lastKnownFileType = sourcecode.c.objc; path = AppDelegate.m; sourceTree = "<group>"; };
		EC42A4D82068DC3A00C52324 /* AppDelegate.h */ = {isa = PBXFileReference; fileEncoding = 4; lastKnownFileType = sourcecode.c.h; path = AppDelegate.h; sourceTree = "<group>"; };
		EC42A4DB2068DCC500C52324 /* Info.plist */ = {isa = PBXFileReference; fileEncoding = 4; lastKnownFileType = text.plist.xml; path = Info.plist; sourceTree = "<group>"; };
		EC42A4DC2068DCC500C52324 /* main.m */ = {isa = PBXFileReference; fileEncoding = 4; lastKnownFileType = sourcecode.c.objc; path = main.m; sourceTree = "<group>"; };
		EC42A4DF2068DCCC00C52324 /* ValueType.m */ = {isa = PBXFileReference; fileEncoding = 4; lastKnownFileType = sourcecode.c.objc; name = ValueType.m; path = SupportingFiles/ValueType.m; sourceTree = "<group>"; };
		EC42A4E02068DCCC00C52324 /* FMModel.m */ = {isa = PBXFileReference; fileEncoding = 4; lastKnownFileType = sourcecode.c.objc; name = FMModel.m; path = SupportingFiles/FMModel.m; sourceTree = "<group>"; };
		EC42A4E12068DCCC00C52324 /* PJMacros.h */ = {isa = PBXFileReference; fileEncoding = 4; lastKnownFileType = sourcecode.c.h; name = PJMacros.h; path = SupportingFiles/PJMacros.h; sourceTree = "<group>"; };
		EC42A4E22068DCCC00C52324 /* PrefixHeader.pch */ = {isa = PBXFileReference; fileEncoding = 4; lastKnownFileType = sourcecode.c.h; name = PrefixHeader.pch; path = SupportingFiles/PrefixHeader.pch; sourceTree = "<group>"; };
		EC42A4E32068DCCC00C52324 /* FMModel.h */ = {isa = PBXFileReference; fileEncoding = 4; lastKnownFileType = sourcecode.c.h; name = FMModel.h; path = SupportingFiles/FMModel.h; sourceTree = "<group>"; };
		EC42A4E42068DCCD00C52324 /* ValueType.h */ = {isa = PBXFileReference; fileEncoding = 4; lastKnownFileType = sourcecode.c.h; name = ValueType.h; path = SupportingFiles/ValueType.h; sourceTree = "<group>"; };
		EC42A4F02068F6A000C52324 /* FMTCodeInputTextFields.h */ = {isa = PBXFileReference; fileEncoding = 4; lastKnownFileType = sourcecode.c.h; path = FMTCodeInputTextFields.h; sourceTree = "<group>"; };
		EC42A4F12068F6A000C52324 /* FMTCodeInputTextFields.m */ = {isa = PBXFileReference; fileEncoding = 4; lastKnownFileType = sourcecode.c.objc; path = FMTCodeInputTextFields.m; sourceTree = "<group>"; };
		EC42A4F3206900E600C52324 /* UITextField+Delete.h */ = {isa = PBXFileReference; lastKnownFileType = sourcecode.c.h; path = "UITextField+Delete.h"; sourceTree = "<group>"; };
		EC42A4F4206900E600C52324 /* UITextField+Delete.m */ = {isa = PBXFileReference; lastKnownFileType = sourcecode.c.objc; path = "UITextField+Delete.m"; sourceTree = "<group>"; };
		EC473C8E2056556200CD9397 /* FireMarchTch.app */ = {isa = PBXFileReference; explicitFileType = wrapper.application; includeInIndex = 0; path = FireMarchTch.app; sourceTree = BUILT_PRODUCTS_DIR; };
		EC473C942056556200CD9397 /* ViewController.h */ = {isa = PBXFileReference; lastKnownFileType = sourcecode.c.h; path = ViewController.h; sourceTree = "<group>"; };
		EC473C952056556200CD9397 /* ViewController.m */ = {isa = PBXFileReference; lastKnownFileType = sourcecode.c.objc; path = ViewController.m; sourceTree = "<group>"; };
		EC473CF22056BDCB00CD9397 /* Base */ = {isa = PBXFileReference; lastKnownFileType = file.storyboard; name = Base; path = LaunchScreen.storyboard; sourceTree = "<group>"; };
		EC473CF42056BDCB00CD9397 /* Base */ = {isa = PBXFileReference; lastKnownFileType = file.storyboard; name = Base; path = Main.storyboard; sourceTree = "<group>"; };
		EC473CF82056BE0B00CD9397 /* Base */ = {isa = PBXFileReference; lastKnownFileType = file.storyboard; name = Base; path = RegLogin.storyboard; sourceTree = "<group>"; };
		EC473D0520576BD000CD9397 /* 方正兰亭细黑_GBK.TTF */ = {isa = PBXFileReference; lastKnownFileType = file; path = "方正兰亭细黑_GBK.TTF"; sourceTree = "<group>"; };
		EC473D08205BD9BF00CD9397 /* FMUtils.h */ = {isa = PBXFileReference; lastKnownFileType = sourcecode.c.h; path = FMUtils.h; sourceTree = "<group>"; };
		EC473D09205BD9BF00CD9397 /* FMUtils.m */ = {isa = PBXFileReference; lastKnownFileType = sourcecode.c.objc; path = FMUtils.m; sourceTree = "<group>"; };
		EC473D15205BF6DB00CD9397 /* NSDictionary+NSDictonay_Unicode.h */ = {isa = PBXFileReference; fileEncoding = 4; lastKnownFileType = sourcecode.c.h; path = "NSDictionary+NSDictonay_Unicode.h"; sourceTree = "<group>"; };
		EC473D16205BF6DB00CD9397 /* UIColor+WLZ_HexRGB.m */ = {isa = PBXFileReference; fileEncoding = 4; lastKnownFileType = sourcecode.c.objc; path = "UIColor+WLZ_HexRGB.m"; sourceTree = "<group>"; };
		EC473D17205BF6DB00CD9397 /* UIView+Frame.m */ = {isa = PBXFileReference; fileEncoding = 4; lastKnownFileType = sourcecode.c.objc; path = "UIView+Frame.m"; sourceTree = "<group>"; };
		EC473D18205BF6DB00CD9397 /* UIView+RGSize.m */ = {isa = PBXFileReference; fileEncoding = 4; lastKnownFileType = sourcecode.c.objc; path = "UIView+RGSize.m"; sourceTree = "<group>"; };
		EC473D19205BF6DB00CD9397 /* CALayer+UIColor.h */ = {isa = PBXFileReference; fileEncoding = 4; lastKnownFileType = sourcecode.c.h; path = "CALayer+UIColor.h"; sourceTree = "<group>"; };
		EC473D1A205BF6DB00CD9397 /* UIScrollView+Touch.m */ = {isa = PBXFileReference; fileEncoding = 4; lastKnownFileType = sourcecode.c.objc; path = "UIScrollView+Touch.m"; sourceTree = "<group>"; };
		EC473D1B205BF6DB00CD9397 /* NSDictionary+NSDictonay_Unicode.m */ = {isa = PBXFileReference; fileEncoding = 4; lastKnownFileType = sourcecode.c.objc; path = "NSDictionary+NSDictonay_Unicode.m"; sourceTree = "<group>"; };
		EC473D1C205BF6DB00CD9397 /* UIColor+WLZ_HexRGB.h */ = {isa = PBXFileReference; fileEncoding = 4; lastKnownFileType = sourcecode.c.h; path = "UIColor+WLZ_HexRGB.h"; sourceTree = "<group>"; };
		EC473D1D205BF6DB00CD9397 /* UIView+RGSize.h */ = {isa = PBXFileReference; fileEncoding = 4; lastKnownFileType = sourcecode.c.h; path = "UIView+RGSize.h"; sourceTree = "<group>"; };
		EC473D1E205BF6DB00CD9397 /* CALayer+UIColor.m */ = {isa = PBXFileReference; fileEncoding = 4; lastKnownFileType = sourcecode.c.objc; path = "CALayer+UIColor.m"; sourceTree = "<group>"; };
		EC473D1F205BF6DB00CD9397 /* UIView+Frame.h */ = {isa = PBXFileReference; fileEncoding = 4; lastKnownFileType = sourcecode.c.h; path = "UIView+Frame.h"; sourceTree = "<group>"; };
		EC473D20205BF6DB00CD9397 /* UIScrollView+Touch.h */ = {isa = PBXFileReference; fileEncoding = 4; lastKnownFileType = sourcecode.c.h; path = "UIScrollView+Touch.h"; sourceTree = "<group>"; };
		EC473D2A205FBF5200CD9397 /* CCLocationManager.h */ = {isa = PBXFileReference; fileEncoding = 4; lastKnownFileType = sourcecode.c.h; path = CCLocationManager.h; sourceTree = "<group>"; };
		EC473D2B205FBF5200CD9397 /* CCLocationManager.m */ = {isa = PBXFileReference; fileEncoding = 4; lastKnownFileType = sourcecode.c.objc; path = CCLocationManager.m; sourceTree = "<group>"; };
		EC473D2D205FBFF200CD9397 /* WGS84TOGCJ02.h */ = {isa = PBXFileReference; fileEncoding = 4; lastKnownFileType = sourcecode.c.h; path = WGS84TOGCJ02.h; sourceTree = "<group>"; };
		EC473D2E205FBFF300CD9397 /* WGS84TOGCJ02.m */ = {isa = PBXFileReference; fileEncoding = 4; lastKnownFileType = sourcecode.c.objc; path = WGS84TOGCJ02.m; sourceTree = "<group>"; };
		EC473D302060DB9500CD9397 /* FMNetworkMananger.h */ = {isa = PBXFileReference; lastKnownFileType = sourcecode.c.h; path = FMNetworkMananger.h; sourceTree = "<group>"; };
		EC473D312060DB9500CD9397 /* FMNetworkMananger.m */ = {isa = PBXFileReference; lastKnownFileType = sourcecode.c.objc; path = FMNetworkMananger.m; sourceTree = "<group>"; };
		ECA70B86206A935B003E2F62 /* FMSetPWDViewController.h */ = {isa = PBXFileReference; lastKnownFileType = sourcecode.c.h; path = FMSetPWDViewController.h; sourceTree = "<group>"; };
		ECA70B87206A935B003E2F62 /* FMSetPWDViewController.m */ = {isa = PBXFileReference; lastKnownFileType = sourcecode.c.objc; path = FMSetPWDViewController.m; sourceTree = "<group>"; };
		ECDCE677207B0D07009BB554 /* FMTUpImageViewController.h */ = {isa = PBXFileReference; lastKnownFileType = sourcecode.c.h; path = FMTUpImageViewController.h; sourceTree = "<group>"; };
		ECDCE678207B0D07009BB554 /* FMTUpImageViewController.m */ = {isa = PBXFileReference; lastKnownFileType = sourcecode.c.objc; path = FMTUpImageViewController.m; sourceTree = "<group>"; };
		ECDCE679207B0D07009BB554 /* FMTUpImageViewController.xib */ = {isa = PBXFileReference; lastKnownFileType = file.xib; path = FMTUpImageViewController.xib; sourceTree = "<group>"; };
		ECDCE67C207B5DEF009BB554 /* FSDeletableImageView.m */ = {isa = PBXFileReference; fileEncoding = 4; lastKnownFileType = sourcecode.c.objc; path = FSDeletableImageView.m; sourceTree = "<group>"; };
		ECDCE67D207B5DF0009BB554 /* FSDeletableImageView.h */ = {isa = PBXFileReference; fileEncoding = 4; lastKnownFileType = sourcecode.c.h; path = FSDeletableImageView.h; sourceTree = "<group>"; };
		ECDCE684207B6ACE009BB554 /* PBaseTableViewCell.h */ = {isa = PBXFileReference; fileEncoding = 4; lastKnownFileType = sourcecode.c.h; path = PBaseTableViewCell.h; sourceTree = "<group>"; };
		ECDCE685207B6ACE009BB554 /* PBaseTableViewCell.m */ = {isa = PBXFileReference; fileEncoding = 4; lastKnownFileType = sourcecode.c.objc; path = PBaseTableViewCell.m; sourceTree = "<group>"; };
		ECDCE687207B9C8C009BB554 /* UIView+SDAutoLayout.h */ = {isa = PBXFileReference; fileEncoding = 4; lastKnownFileType = sourcecode.c.h; path = "UIView+SDAutoLayout.h"; sourceTree = "<group>"; };
		ECDCE688207B9C8C009BB554 /* UIView+SDAutoLayout.m */ = {isa = PBXFileReference; fileEncoding = 4; lastKnownFileType = sourcecode.c.objc; path = "UIView+SDAutoLayout.m"; sourceTree = "<group>"; };
		ECDCE68A207B9D0D009BB554 /* UITableView+SDAutoTableViewCellHeight.m */ = {isa = PBXFileReference; fileEncoding = 4; lastKnownFileType = sourcecode.c.objc; path = "UITableView+SDAutoTableViewCellHeight.m"; sourceTree = "<group>"; };
		ECDCE68B207B9D0D009BB554 /* UITableView+SDAutoTableViewCellHeight.h */ = {isa = PBXFileReference; fileEncoding = 4; lastKnownFileType = sourcecode.c.h; path = "UITableView+SDAutoTableViewCellHeight.h"; sourceTree = "<group>"; };
		ECDCE692207BABD7009BB554 /* FMImageUploadView.h */ = {isa = PBXFileReference; lastKnownFileType = sourcecode.c.h; path = FMImageUploadView.h; sourceTree = "<group>"; };
		ECDCE693207BABD7009BB554 /* FMImageUploadView.m */ = {isa = PBXFileReference; lastKnownFileType = sourcecode.c.objc; path = FMImageUploadView.m; sourceTree = "<group>"; };
		ECDCE695207C858A009BB554 /* YYWeakProxy.m */ = {isa = PBXFileReference; fileEncoding = 4; lastKnownFileType = sourcecode.c.objc; path = YYWeakProxy.m; sourceTree = "<group>"; };
		ECDCE696207C858A009BB554 /* YYFPSLabel.m */ = {isa = PBXFileReference; fileEncoding = 4; lastKnownFileType = sourcecode.c.objc; path = YYFPSLabel.m; sourceTree = "<group>"; };
		ECDCE697207C858A009BB554 /* YYWeakProxy.h */ = {isa = PBXFileReference; fileEncoding = 4; lastKnownFileType = sourcecode.c.h; path = YYWeakProxy.h; sourceTree = "<group>"; };
		ECDCE698207C858A009BB554 /* YYFPSLabel.h */ = {isa = PBXFileReference; fileEncoding = 4; lastKnownFileType = sourcecode.c.h; path = YYFPSLabel.h; sourceTree = "<group>"; };
		ECDCE69D207C9C91009BB554 /* UIImage+JKRRender.m */ = {isa = PBXFileReference; fileEncoding = 4; lastKnownFileType = sourcecode.c.objc; path = "UIImage+JKRRender.m"; sourceTree = "<group>"; };
		ECDCE69E207C9C91009BB554 /* UIImage+JKRImage.m */ = {isa = PBXFileReference; fileEncoding = 4; lastKnownFileType = sourcecode.c.objc; path = "UIImage+JKRImage.m"; sourceTree = "<group>"; };
		ECDCE69F207C9C91009BB554 /* UIImage+JKR_MessageImage.m */ = {isa = PBXFileReference; fileEncoding = 4; lastKnownFileType = sourcecode.c.objc; path = "UIImage+JKR_MessageImage.m"; sourceTree = "<group>"; };
		ECDCE6A0207C9C91009BB554 /* UIImage+JKRRender.h */ = {isa = PBXFileReference; fileEncoding = 4; lastKnownFileType = sourcecode.c.h; path = "UIImage+JKRRender.h"; sourceTree = "<group>"; };
		ECDCE6A1207C9C91009BB554 /* UIImage+JKRImage.h */ = {isa = PBXFileReference; fileEncoding = 4; lastKnownFileType = sourcecode.c.h; path = "UIImage+JKRImage.h"; sourceTree = "<group>"; };
		ECDCE6A2207C9C91009BB554 /* UIImage+JKR_MessageImage.h */ = {isa = PBXFileReference; fileEncoding = 4; lastKnownFileType = sourcecode.c.h; path = "UIImage+JKR_MessageImage.h"; sourceTree = "<group>"; };
		ECDCE6A4207C9C91009BB554 /* UIView+JKR_HitTest.m */ = {isa = PBXFileReference; fileEncoding = 4; lastKnownFileType = sourcecode.c.objc; path = "UIView+JKR_HitTest.m"; sourceTree = "<group>"; };
		ECDCE6A5207C9C91009BB554 /* UIView+JKR_HitTest.h */ = {isa = PBXFileReference; fileEncoding = 4; lastKnownFileType = sourcecode.c.h; path = "UIView+JKR_HitTest.h"; sourceTree = "<group>"; };
		ECDCE6A7207C9C91009BB554 /* UIColor+JKRColor.m */ = {isa = PBXFileReference; fileEncoding = 4; lastKnownFileType = sourcecode.c.objc; path = "UIColor+JKRColor.m"; sourceTree = "<group>"; };
		ECDCE6A8207C9C91009BB554 /* UIColor+JKRColor.h */ = {isa = PBXFileReference; fileEncoding = 4; lastKnownFileType = sourcecode.c.h; path = "UIColor+JKRColor.h"; sourceTree = "<group>"; };
		ECDCE6AA207C9C91009BB554 /* UIView+JKRTouch.h */ = {isa = PBXFileReference; fileEncoding = 4; lastKnownFileType = sourcecode.c.h; path = "UIView+JKRTouch.h"; sourceTree = "<group>"; };
		ECDCE6AB207C9C91009BB554 /* UIView+JKRTapGestureRecognizer.h */ = {isa = PBXFileReference; fileEncoding = 4; lastKnownFileType = sourcecode.c.h; path = "UIView+JKRTapGestureRecognizer.h"; sourceTree = "<group>"; };
		ECDCE6AC207C9C91009BB554 /* UIView+JKR_Frame.h */ = {isa = PBXFileReference; fileEncoding = 4; lastKnownFileType = sourcecode.c.h; path = "UIView+JKR_Frame.h"; sourceTree = "<group>"; };
		ECDCE6AD207C9C91009BB554 /* UIView+JKRViewController.h */ = {isa = PBXFileReference; fileEncoding = 4; lastKnownFileType = sourcecode.c.h; path = "UIView+JKRViewController.h"; sourceTree = "<group>"; };
		ECDCE6AE207C9C91009BB554 /* UIView+JKRSnap.h */ = {isa = PBXFileReference; fileEncoding = 4; lastKnownFileType = sourcecode.c.h; path = "UIView+JKRSnap.h"; sourceTree = "<group>"; };
		ECDCE6AF207C9C91009BB554 /* UIView+JKRTouch.m */ = {isa = PBXFileReference; fileEncoding = 4; lastKnownFileType = sourcecode.c.objc; path = "UIView+JKRTouch.m"; sourceTree = "<group>"; };
		ECDCE6B0207C9C91009BB554 /* UIView+JKRTapGestureRecognizer.m */ = {isa = PBXFileReference; fileEncoding = 4; lastKnownFileType = sourcecode.c.objc; path = "UIView+JKRTapGestureRecognizer.m"; sourceTree = "<group>"; };
		ECDCE6B1207C9C91009BB554 /* UIView+JKR_Frame.m */ = {isa = PBXFileReference; fileEncoding = 4; lastKnownFileType = sourcecode.c.objc; path = "UIView+JKR_Frame.m"; sourceTree = "<group>"; };
		ECDCE6B2207C9C91009BB554 /* UIView+JKRSnap.m */ = {isa = PBXFileReference; fileEncoding = 4; lastKnownFileType = sourcecode.c.objc; path = "UIView+JKRSnap.m"; sourceTree = "<group>"; };
		ECDCE6B3207C9C91009BB554 /* UIView+JKRViewController.m */ = {isa = PBXFileReference; fileEncoding = 4; lastKnownFileType = sourcecode.c.objc; path = "UIView+JKRViewController.m"; sourceTree = "<group>"; };
		ECDCE6B5207C9C91009BB554 /* NSObject+JKR_Observer.h */ = {isa = PBXFileReference; fileEncoding = 4; lastKnownFileType = sourcecode.c.h; path = "NSObject+JKR_Observer.h"; sourceTree = "<group>"; };
		ECDCE6B6207C9C91009BB554 /* NSObject+JKR_Observer.m */ = {isa = PBXFileReference; fileEncoding = 4; lastKnownFileType = sourcecode.c.objc; path = "NSObject+JKR_Observer.m"; sourceTree = "<group>"; };
		ECDCE6B8207C9C91009BB554 /* NSObject+JKR_RunTime.h */ = {isa = PBXFileReference; fileEncoding = 4; lastKnownFileType = sourcecode.c.h; path = "NSObject+JKR_RunTime.h"; sourceTree = "<group>"; };
		ECDCE6B9207C9C91009BB554 /* NSObject+JKR_RunTime.m */ = {isa = PBXFileReference; fileEncoding = 4; lastKnownFileType = sourcecode.c.objc; path = "NSObject+JKR_RunTime.m"; sourceTree = "<group>"; };
		ECDCE6BB207C9C91009BB554 /* UITextView+JKRPlaceHolder.h */ = {isa = PBXFileReference; fileEncoding = 4; lastKnownFileType = sourcecode.c.h; path = "UITextView+JKRPlaceHolder.h"; sourceTree = "<group>"; };
		ECDCE6BC207C9C91009BB554 /* UITextView+JKRPlaceHolder.m */ = {isa = PBXFileReference; fileEncoding = 4; lastKnownFileType = sourcecode.c.objc; path = "UITextView+JKRPlaceHolder.m"; sourceTree = "<group>"; };
		ECDCE6BD207C9C91009BB554 /* README.md */ = {isa = PBXFileReference; fileEncoding = 4; lastKnownFileType = net.daringfireball.markdown; path = README.md; sourceTree = "<group>"; };
		ECDCE6BF207C9C91009BB554 /* UINavigationBar+JKR_BackgroundColor.m */ = {isa = PBXFileReference; fileEncoding = 4; lastKnownFileType = sourcecode.c.objc; path = "UINavigationBar+JKR_BackgroundColor.m"; sourceTree = "<group>"; };
		ECDCE6C0207C9C91009BB554 /* UINavigationBar+JKR_BackgroundColor.h */ = {isa = PBXFileReference; fileEncoding = 4; lastKnownFileType = sourcecode.c.h; path = "UINavigationBar+JKR_BackgroundColor.h"; sourceTree = "<group>"; };
		ECDCE6C2207C9C91009BB554 /* NSString+JKRSize.h */ = {isa = PBXFileReference; fileEncoding = 4; lastKnownFileType = sourcecode.c.h; path = "NSString+JKRSize.h"; sourceTree = "<group>"; };
		ECDCE6C3207C9C91009BB554 /* NSString+JKRMD5.h */ = {isa = PBXFileReference; fileEncoding = 4; lastKnownFileType = sourcecode.c.h; path = "NSString+JKRMD5.h"; sourceTree = "<group>"; };
		ECDCE6C4207C9C91009BB554 /* NSString+URLComponents.m */ = {isa = PBXFileReference; fileEncoding = 4; lastKnownFileType = sourcecode.c.objc; path = "NSString+URLComponents.m"; sourceTree = "<group>"; };
		ECDCE6C5207C9C91009BB554 /* NSString+JKRMD5.m */ = {isa = PBXFileReference; fileEncoding = 4; lastKnownFileType = sourcecode.c.objc; path = "NSString+JKRMD5.m"; sourceTree = "<group>"; };
		ECDCE6C6207C9C91009BB554 /* NSString+JKRSize.m */ = {isa = PBXFileReference; fileEncoding = 4; lastKnownFileType = sourcecode.c.objc; path = "NSString+JKRSize.m"; sourceTree = "<group>"; };
		ECDCE6C7207C9C91009BB554 /* NSString+URLComponents.h */ = {isa = PBXFileReference; fileEncoding = 4; lastKnownFileType = sourcecode.c.h; path = "NSString+URLComponents.h"; sourceTree = "<group>"; };
		ECDCE6CA207C9C91009BB554 /* UIViewController+JKRStatusBarStyle.h */ = {isa = PBXFileReference; fileEncoding = 4; lastKnownFileType = sourcecode.c.h; path = "UIViewController+JKRStatusBarStyle.h"; sourceTree = "<group>"; };
		ECDCE6CC207C9C91009BB554 /* UIViewController+JKRStatusBarStyle.m */ = {isa = PBXFileReference; fileEncoding = 4; lastKnownFileType = sourcecode.c.objc; path = "UIViewController+JKRStatusBarStyle.m"; sourceTree = "<group>"; };
		ECDCE6CE207C9C91009BB554 /* UINavigationController+JKRBackButton.m */ = {isa = PBXFileReference; fileEncoding = 4; lastKnownFileType = sourcecode.c.objc; path = "UINavigationController+JKRBackButton.m"; sourceTree = "<group>"; };
		ECDCE6CF207C9C91009BB554 /* UINavigationController+JKRStatusBar.m */ = {isa = PBXFileReference; fileEncoding = 4; lastKnownFileType = sourcecode.c.objc; path = "UINavigationController+JKRStatusBar.m"; sourceTree = "<group>"; };
		ECDCE6D0207C9C91009BB554 /* UINavigationController+JKRBackButton.h */ = {isa = PBXFileReference; fileEncoding = 4; lastKnownFileType = sourcecode.c.h; path = "UINavigationController+JKRBackButton.h"; sourceTree = "<group>"; };
		ECDCE6D1207C9C91009BB554 /* UINavigationController+JKRStatusBar.h */ = {isa = PBXFileReference; fileEncoding = 4; lastKnownFileType = sourcecode.c.h; path = "UINavigationController+JKRStatusBar.h"; sourceTree = "<group>"; };
		ECDCE6D2207C9C91009BB554 /* .gitignore */ = {isa = PBXFileReference; fileEncoding = 4; lastKnownFileType = text; path = .gitignore; sourceTree = "<group>"; };
		ECDCE6D4207C9C91009BB554 /* UIGestureRecognizer+JKRTouch.m */ = {isa = PBXFileReference; fileEncoding = 4; lastKnownFileType = sourcecode.c.objc; path = "UIGestureRecognizer+JKRTouch.m"; sourceTree = "<group>"; };
		ECDCE6D5207C9C91009BB554 /* UIGestureRecognizer+JKRTouch.h */ = {isa = PBXFileReference; fileEncoding = 4; lastKnownFileType = sourcecode.c.h; path = "UIGestureRecognizer+JKRTouch.h"; sourceTree = "<group>"; };
		ECDCE6E8207C9C91009BB554 /* NSDate+JKRDate.h */ = {isa = PBXFileReference; fileEncoding = 4; lastKnownFileType = sourcecode.c.h; path = "NSDate+JKRDate.h"; sourceTree = "<group>"; };
		ECDCE6E9207C9C91009BB554 /* NSDate+JKRDate.m */ = {isa = PBXFileReference; fileEncoding = 4; lastKnownFileType = sourcecode.c.objc; path = "NSDate+JKRDate.m"; sourceTree = "<group>"; };
		ECDCE70B207DF666009BB554 /* FMImageCollectionViewCell.h */ = {isa = PBXFileReference; lastKnownFileType = sourcecode.c.h; path = FMImageCollectionViewCell.h; sourceTree = "<group>"; };
		ECDCE70C207DF666009BB554 /* FMImageCollectionViewCell.m */ = {isa = PBXFileReference; lastKnownFileType = sourcecode.c.objc; path = FMImageCollectionViewCell.m; sourceTree = "<group>"; };
		ECDCE70D207DF666009BB554 /* FMImageCollectionViewCell.xib */ = {isa = PBXFileReference; lastKnownFileType = file.xib; path = FMImageCollectionViewCell.xib; sourceTree = "<group>"; };
/* End PBXFileReference section */

/* Begin PBXFrameworksBuildPhase section */
		EC473C8B2056556200CD9397 /* Frameworks */ = {
			isa = PBXFrameworksBuildPhase;
			buildActionMask = 2147483647;
			files = (
				682F0A19C9F947C5D768DFE0 /* libPods-FireMarchTch.a in Frameworks */,
			);
			runOnlyForDeploymentPostprocessing = 0;
		};
/* End PBXFrameworksBuildPhase section */

/* Begin PBXGroup section */
		C3C9660551C7FB45C49B4691 /* Frameworks */ = {
			isa = PBXGroup;
			children = (
				25F7AE81BF2D94110752DD1A /* libPods-FireMarchTch.a */,
			);
			name = Frameworks;
			sourceTree = "<group>";
		};
		EC38CAF720722EBF00C09DC7 /* Common */ = {
			isa = PBXGroup;
			children = (
				EC38CAF820722EDB00C09DC7 /* FMViewController.h */,
				EC38CAF920722EDB00C09DC7 /* FMViewController.m */,
			);
			path = Common;
			sourceTree = "<group>";
		};
		EC42A4B02061EFB500C52324 /* Coponents */ = {
			isa = PBXGroup;
			children = (
				ECDCE698207C858A009BB554 /* YYFPSLabel.h */,
				ECDCE696207C858A009BB554 /* YYFPSLabel.m */,
				ECDCE697207C858A009BB554 /* YYWeakProxy.h */,
				ECDCE695207C858A009BB554 /* YYWeakProxy.m */,
				ECDCE684207B6ACE009BB554 /* PBaseTableViewCell.h */,
				ECDCE685207B6ACE009BB554 /* PBaseTableViewCell.m */,
				EC38CAFD2072507900C09DC7 /* CZJAlertView.h */,
				EC38CAFB2072507800C09DC7 /* CZJAlertView.m */,
				EC38CAFC2072507900C09DC7 /* CZJAlertView.xib */,
				EC38CB00207250B100C09DC7 /* FMAlertViewController.h */,
				EC38CB01207250B100C09DC7 /* FMAlertViewController.m */,
				EC42A4BE206346A800C52324 /* FMTCodeInputTextField.h */,
				EC42A4BF206346A800C52324 /* FMTCodeInputTextField.m */,
				EC42A4C0206346A800C52324 /* FMTCodeInputTextField.xib */,
				EC42A4F02068F6A000C52324 /* FMTCodeInputTextFields.h */,
				EC42A4F12068F6A000C52324 /* FMTCodeInputTextFields.m */,
				ECDCE67D207B5DF0009BB554 /* FSDeletableImageView.h */,
				ECDCE67C207B5DEF009BB554 /* FSDeletableImageView.m */,
				EC38CB0E2074A7E500C09DC7 /* LewPickerController.h */,
				EC38CB0F2074A7E500C09DC7 /* LewPickerController.m */,
				ECDCE692207BABD7009BB554 /* FMImageUploadView.h */,
				ECDCE693207BABD7009BB554 /* FMImageUploadView.m */,
			);
			path = Coponents;
			sourceTree = "<group>";
		};
		EC42A4C32063EEAA00C52324 /* RegLogin */ = {
			isa = PBXGroup;
			children = (
				EC42A4CD2063EF2200C52324 /* FMTRegLoginHomeController.h */,
				EC42A4CE2063EF2200C52324 /* FMTRegLoginHomeController.m */,
				EC42A4C72063EEED00C52324 /* FMTLoginViewController.h */,
				EC42A4C82063EEED00C52324 /* FMTLoginViewController.m */,
				EC42A4CA2063EF0700C52324 /* FMTRegistViewController.h */,
				EC42A4CB2063EF0700C52324 /* FMTRegistViewController.m */,
				ECA70B86206A935B003E2F62 /* FMSetPWDViewController.h */,
				ECA70B87206A935B003E2F62 /* FMSetPWDViewController.m */,
				EC38CB092074745600C09DC7 /* FMSetMyInfoViewController.h */,
				EC38CB0A2074745600C09DC7 /* FMSetMyInfoViewController.m */,
				EC38CB0B2074745600C09DC7 /* FMSetMyInfoViewController.xib */,
				ECDCE677207B0D07009BB554 /* FMTUpImageViewController.h */,
				ECDCE678207B0D07009BB554 /* FMTUpImageViewController.m */,
				ECDCE679207B0D07009BB554 /* FMTUpImageViewController.xib */,
				ECDCE70B207DF666009BB554 /* FMImageCollectionViewCell.h */,
				ECDCE70C207DF666009BB554 /* FMImageCollectionViewCell.m */,
				ECDCE70D207DF666009BB554 /* FMImageCollectionViewCell.xib */,
			);
			path = RegLogin;
			sourceTree = "<group>";
		};
		EC42A4D62068DC1800C52324 /* Appdelegate */ = {
			isa = PBXGroup;
			children = (
				EC42A4D82068DC3A00C52324 /* AppDelegate.h */,
				EC42A4D72068DC3900C52324 /* AppDelegate.m */,
			);
			name = Appdelegate;
			sourceTree = "<group>";
		};
		EC42A4DA2068DC6A00C52324 /* SupportFile */ = {
			isa = PBXGroup;
			children = (
				EC42A4E32068DCCC00C52324 /* FMModel.h */,
				EC42A4E02068DCCC00C52324 /* FMModel.m */,
				EC42A4DB2068DCC500C52324 /* Info.plist */,
				EC42A4DC2068DCC500C52324 /* main.m */,
				EC42A4E12068DCCC00C52324 /* PJMacros.h */,
				EC42A4E22068DCCC00C52324 /* PrefixHeader.pch */,
				EC42A4E42068DCCD00C52324 /* ValueType.h */,
				EC42A4DF2068DCCC00C52324 /* ValueType.m */,
			);
			name = SupportFile;
			sourceTree = "<group>";
		};
		EC473C852056556200CD9397 = {
			isa = PBXGroup;
			children = (
				EC473C902056556200CD9397 /* FireMarchTch */,
				EC473C8F2056556200CD9397 /* Products */,
				FB5A6B064CF7852341A3800A /* Pods */,
				C3C9660551C7FB45C49B4691 /* Frameworks */,
			);
			sourceTree = "<group>";
		};
		EC473C8F2056556200CD9397 /* Products */ = {
			isa = PBXGroup;
			children = (
				EC473C8E2056556200CD9397 /* FireMarchTch.app */,
			);
			name = Products;
			sourceTree = "<group>";
		};
		EC473C902056556200CD9397 /* FireMarchTch */ = {
			isa = PBXGroup;
			children = (
				EC42A4D02063F93000C52324 /* Assets.xcassets */,
				EC42A4D62068DC1800C52324 /* Appdelegate */,
				EC473CF02056BDCB00CD9397 /* Base.lproj */,
				EC473CCB2056B9DB00CD9397 /* Classes */,
				EC473CE02056B9DB00CD9397 /* Extentions */,
				EC473CE42056B9DC00CD9397 /* Sources */,
				EC42A4DA2068DC6A00C52324 /* SupportFile */,
			);
			path = FireMarchTch;
			sourceTree = "<group>";
		};
		EC473CCB2056B9DB00CD9397 /* Classes */ = {
			isa = PBXGroup;
			children = (
				EC42A4C32063EEAA00C52324 /* RegLogin */,
				EC473CCC2056B9DB00CD9397 /* Home */,
				EC473CD02056B9DB00CD9397 /* MyInfos */,
				EC473CD42056B9DB00CD9397 /* Square */,
				EC473CD82056B9DB00CD9397 /* Evaluate */,
				EC473CDC2056B9DB00CD9397 /* Orders */,
			);
			path = Classes;
			sourceTree = "<group>";
		};
		EC473CCC2056B9DB00CD9397 /* Home */ = {
			isa = PBXGroup;
			children = (
				EC473CCD2056B9DB00CD9397 /* Models */,
				EC473CCE2056B9DB00CD9397 /* Controllers */,
				EC473CCF2056B9DB00CD9397 /* Views */,
			);
			path = Home;
			sourceTree = "<group>";
		};
		EC473CCD2056B9DB00CD9397 /* Models */ = {
			isa = PBXGroup;
			children = (
			);
			path = Models;
			sourceTree = "<group>";
		};
		EC473CCE2056B9DB00CD9397 /* Controllers */ = {
			isa = PBXGroup;
			children = (
				EC473C942056556200CD9397 /* ViewController.h */,
				EC473C952056556200CD9397 /* ViewController.m */,
				EC42A4B62062131500C52324 /* FMTUnLockViewController.h */,
				EC42A4B72062131500C52324 /* FMTUnLockViewController.m */,
			);
			path = Controllers;
			sourceTree = "<group>";
		};
		EC473CCF2056B9DB00CD9397 /* Views */ = {
			isa = PBXGroup;
			children = (
			);
			path = Views;
			sourceTree = "<group>";
		};
		EC473CD02056B9DB00CD9397 /* MyInfos */ = {
			isa = PBXGroup;
			children = (
				EC473CD12056B9DB00CD9397 /* Models */,
				EC473CD22056B9DB00CD9397 /* Controllers */,
				EC473CD32056B9DB00CD9397 /* Views */,
			);
			path = MyInfos;
			sourceTree = "<group>";
		};
		EC473CD12056B9DB00CD9397 /* Models */ = {
			isa = PBXGroup;
			children = (
			);
			path = Models;
			sourceTree = "<group>";
		};
		EC473CD22056B9DB00CD9397 /* Controllers */ = {
			isa = PBXGroup;
			children = (
			);
			path = Controllers;
			sourceTree = "<group>";
		};
		EC473CD32056B9DB00CD9397 /* Views */ = {
			isa = PBXGroup;
			children = (
			);
			path = Views;
			sourceTree = "<group>";
		};
		EC473CD42056B9DB00CD9397 /* Square */ = {
			isa = PBXGroup;
			children = (
				EC473CD52056B9DB00CD9397 /* Models */,
				EC473CD62056B9DB00CD9397 /* Controllers */,
				EC473CD72056B9DB00CD9397 /* Views */,
			);
			path = Square;
			sourceTree = "<group>";
		};
		EC473CD52056B9DB00CD9397 /* Models */ = {
			isa = PBXGroup;
			children = (
			);
			path = Models;
			sourceTree = "<group>";
		};
		EC473CD62056B9DB00CD9397 /* Controllers */ = {
			isa = PBXGroup;
			children = (
			);
			path = Controllers;
			sourceTree = "<group>";
		};
		EC473CD72056B9DB00CD9397 /* Views */ = {
			isa = PBXGroup;
			children = (
			);
			path = Views;
			sourceTree = "<group>";
		};
		EC473CD82056B9DB00CD9397 /* Evaluate */ = {
			isa = PBXGroup;
			children = (
				EC473CD92056B9DB00CD9397 /* Models */,
				EC473CDA2056B9DB00CD9397 /* Controllers */,
				EC473CDB2056B9DB00CD9397 /* Views */,
			);
			path = Evaluate;
			sourceTree = "<group>";
		};
		EC473CD92056B9DB00CD9397 /* Models */ = {
			isa = PBXGroup;
			children = (
			);
			path = Models;
			sourceTree = "<group>";
		};
		EC473CDA2056B9DB00CD9397 /* Controllers */ = {
			isa = PBXGroup;
			children = (
			);
			path = Controllers;
			sourceTree = "<group>";
		};
		EC473CDB2056B9DB00CD9397 /* Views */ = {
			isa = PBXGroup;
			children = (
			);
			path = Views;
			sourceTree = "<group>";
		};
		EC473CDC2056B9DB00CD9397 /* Orders */ = {
			isa = PBXGroup;
			children = (
				EC473CDD2056B9DB00CD9397 /* Models */,
				EC473CDE2056B9DB00CD9397 /* Controllers */,
				EC473CDF2056B9DB00CD9397 /* Views */,
			);
			path = Orders;
			sourceTree = "<group>";
		};
		EC473CDD2056B9DB00CD9397 /* Models */ = {
			isa = PBXGroup;
			children = (
			);
			path = Models;
			sourceTree = "<group>";
		};
		EC473CDE2056B9DB00CD9397 /* Controllers */ = {
			isa = PBXGroup;
			children = (
			);
			path = Controllers;
			sourceTree = "<group>";
		};
		EC473CDF2056B9DB00CD9397 /* Views */ = {
			isa = PBXGroup;
			children = (
			);
			path = Views;
			sourceTree = "<group>";
		};
		EC473CE02056B9DB00CD9397 /* Extentions */ = {
			isa = PBXGroup;
			children = (
				EC38CAF720722EBF00C09DC7 /* Common */,
				EC473D14205BF6DB00CD9397 /* Category */,
				EC42A4B02061EFB500C52324 /* Coponents */,
				EC473CE12056B9DB00CD9397 /* Libraries */,
				EC473D0720576F1D00CD9397 /* Managers */,
				EC473CE22056B9DB00CD9397 /* Utils */,
			);
			path = Extentions;
			sourceTree = "<group>";
		};
		EC473CE12056B9DB00CD9397 /* Libraries */ = {
			isa = PBXGroup;
			children = (
			);
			path = Libraries;
			sourceTree = "<group>";
		};
		EC473CE22056B9DB00CD9397 /* Utils */ = {
			isa = PBXGroup;
			children = (
				EC38CB06207379FE00C09DC7 /* Reachability.h */,
				EC38CB07207379FE00C09DC7 /* Reachability.m */,
				EC473D08205BD9BF00CD9397 /* FMUtils.h */,
				EC473D09205BD9BF00CD9397 /* FMUtils.m */,
				EC38CB0320732C8A00C09DC7 /* FMDeviceInfo.h */,
				EC38CB0420732C8A00C09DC7 /* FMDeviceInfo.m */,
			);
			path = Utils;
			sourceTree = "<group>";
		};
		EC473CE42056B9DC00CD9397 /* Sources */ = {
			isa = PBXGroup;
			children = (
				EC473D0320576BD000CD9397 /* ConfigPlist */,
				EC473D0420576BD000CD9397 /* Fonts */,
			);
			path = Sources;
			sourceTree = "<group>";
		};
		EC473CF02056BDCB00CD9397 /* Base.lproj */ = {
			isa = PBXGroup;
			children = (
				EC473CF12056BDCB00CD9397 /* LaunchScreen.storyboard */,
				EC473CF32056BDCB00CD9397 /* Main.storyboard */,
				EC473CF72056BE0B00CD9397 /* RegLogin.storyboard */,
			);
			path = Base.lproj;
			sourceTree = "<group>";
		};
		EC473D0320576BD000CD9397 /* ConfigPlist */ = {
			isa = PBXGroup;
			children = (
			);
			path = ConfigPlist;
			sourceTree = "<group>";
		};
		EC473D0420576BD000CD9397 /* Fonts */ = {
			isa = PBXGroup;
			children = (
				EC473D0520576BD000CD9397 /* 方正兰亭细黑_GBK.TTF */,
			);
			path = Fonts;
			sourceTree = "<group>";
		};
		EC473D0720576F1D00CD9397 /* Managers */ = {
			isa = PBXGroup;
			children = (
				EC473D2D205FBFF200CD9397 /* WGS84TOGCJ02.h */,
				EC473D2E205FBFF300CD9397 /* WGS84TOGCJ02.m */,
				EC473D2A205FBF5200CD9397 /* CCLocationManager.h */,
				EC473D2B205FBF5200CD9397 /* CCLocationManager.m */,
				EC473D302060DB9500CD9397 /* FMNetworkMananger.h */,
				EC473D312060DB9500CD9397 /* FMNetworkMananger.m */,
				EC42A4AD20614F4700C52324 /* FMTBaseDataManager.h */,
				EC42A4AE20614F4700C52324 /* FMTBaseDataManager.m */,
			);
			path = Managers;
			sourceTree = "<group>";
		};
		EC473D14205BF6DB00CD9397 /* Category */ = {
			isa = PBXGroup;
			children = (
				EC473D19205BF6DB00CD9397 /* CALayer+UIColor.h */,
				EC473D1E205BF6DB00CD9397 /* CALayer+UIColor.m */,
				ECDCE69B207C9C91009BB554 /* JKRCategory-master */,
				EC473D15205BF6DB00CD9397 /* NSDictionary+NSDictonay_Unicode.h */,
				EC473D1B205BF6DB00CD9397 /* NSDictionary+NSDictonay_Unicode.m */,
				EC473D1C205BF6DB00CD9397 /* UIColor+WLZ_HexRGB.h */,
				EC473D16205BF6DB00CD9397 /* UIColor+WLZ_HexRGB.m */,
				EC42A4D22064F13600C52324 /* UINavigationBar+BackgroundColor.h */,
				EC42A4D32064F13600C52324 /* UINavigationBar+BackgroundColor.m */,
				EC473D20205BF6DB00CD9397 /* UIScrollView+Touch.h */,
				EC473D1A205BF6DB00CD9397 /* UIScrollView+Touch.m */,
				ECDCE68B207B9D0D009BB554 /* UITableView+SDAutoTableViewCellHeight.h */,
				ECDCE68A207B9D0D009BB554 /* UITableView+SDAutoTableViewCellHeight.m */,
				EC42A4F3206900E600C52324 /* UITextField+Delete.h */,
				EC42A4F4206900E600C52324 /* UITextField+Delete.m */,
				EC473D1F205BF6DB00CD9397 /* UIView+Frame.h */,
				EC473D17205BF6DB00CD9397 /* UIView+Frame.m */,
				EC473D1D205BF6DB00CD9397 /* UIView+RGSize.h */,
				EC473D18205BF6DB00CD9397 /* UIView+RGSize.m */,
				ECDCE687207B9C8C009BB554 /* UIView+SDAutoLayout.h */,
				ECDCE688207B9C8C009BB554 /* UIView+SDAutoLayout.m */,
			);
			path = Category;
			sourceTree = "<group>";
		};
		ECDCE69B207C9C91009BB554 /* JKRCategory-master */ = {
			isa = PBXGroup;
			children = (
				ECDCE69C207C9C91009BB554 /* UIImage */,
				ECDCE6A3207C9C91009BB554 /* UIResponder */,
				ECDCE6A6207C9C91009BB554 /* UIColor */,
				ECDCE6A9207C9C91009BB554 /* UIView */,
				ECDCE6B4207C9C91009BB554 /* KVO */,
				ECDCE6B7207C9C91009BB554 /* Runtime */,
				ECDCE6BA207C9C91009BB554 /* UITextView */,
				ECDCE6BD207C9C91009BB554 /* README.md */,
				ECDCE6BE207C9C91009BB554 /* UINavigationBar */,
				ECDCE6C1207C9C91009BB554 /* NSString */,
				ECDCE6C8207C9C91009BB554 /* UIViewController */,
				ECDCE6CD207C9C91009BB554 /* UINavigationController */,
				ECDCE6D2207C9C91009BB554 /* .gitignore */,
				ECDCE6D3207C9C91009BB554 /* UIGestureRecognizer */,
				ECDCE6E7207C9C91009BB554 /* NSDate */,
			);
			path = "JKRCategory-master";
			sourceTree = "<group>";
		};
		ECDCE69C207C9C91009BB554 /* UIImage */ = {
			isa = PBXGroup;
			children = (
				ECDCE69D207C9C91009BB554 /* UIImage+JKRRender.m */,
				ECDCE69E207C9C91009BB554 /* UIImage+JKRImage.m */,
				ECDCE69F207C9C91009BB554 /* UIImage+JKR_MessageImage.m */,
				ECDCE6A0207C9C91009BB554 /* UIImage+JKRRender.h */,
				ECDCE6A1207C9C91009BB554 /* UIImage+JKRImage.h */,
				ECDCE6A2207C9C91009BB554 /* UIImage+JKR_MessageImage.h */,
			);
			path = UIImage;
			sourceTree = "<group>";
		};
		ECDCE6A3207C9C91009BB554 /* UIResponder */ = {
			isa = PBXGroup;
			children = (
				ECDCE6A4207C9C91009BB554 /* UIView+JKR_HitTest.m */,
				ECDCE6A5207C9C91009BB554 /* UIView+JKR_HitTest.h */,
			);
			path = UIResponder;
			sourceTree = "<group>";
		};
		ECDCE6A6207C9C91009BB554 /* UIColor */ = {
			isa = PBXGroup;
			children = (
				ECDCE6A7207C9C91009BB554 /* UIColor+JKRColor.m */,
				ECDCE6A8207C9C91009BB554 /* UIColor+JKRColor.h */,
			);
			path = UIColor;
			sourceTree = "<group>";
		};
		ECDCE6A9207C9C91009BB554 /* UIView */ = {
			isa = PBXGroup;
			children = (
				ECDCE6AA207C9C91009BB554 /* UIView+JKRTouch.h */,
				ECDCE6AB207C9C91009BB554 /* UIView+JKRTapGestureRecognizer.h */,
				ECDCE6AC207C9C91009BB554 /* UIView+JKR_Frame.h */,
				ECDCE6AD207C9C91009BB554 /* UIView+JKRViewController.h */,
				ECDCE6AE207C9C91009BB554 /* UIView+JKRSnap.h */,
				ECDCE6AF207C9C91009BB554 /* UIView+JKRTouch.m */,
				ECDCE6B0207C9C91009BB554 /* UIView+JKRTapGestureRecognizer.m */,
				ECDCE6B1207C9C91009BB554 /* UIView+JKR_Frame.m */,
				ECDCE6B2207C9C91009BB554 /* UIView+JKRSnap.m */,
				ECDCE6B3207C9C91009BB554 /* UIView+JKRViewController.m */,
			);
			path = UIView;
			sourceTree = "<group>";
		};
		ECDCE6B4207C9C91009BB554 /* KVO */ = {
			isa = PBXGroup;
			children = (
				ECDCE6B5207C9C91009BB554 /* NSObject+JKR_Observer.h */,
				ECDCE6B6207C9C91009BB554 /* NSObject+JKR_Observer.m */,
			);
			path = KVO;
			sourceTree = "<group>";
		};
		ECDCE6B7207C9C91009BB554 /* Runtime */ = {
			isa = PBXGroup;
			children = (
				ECDCE6B8207C9C91009BB554 /* NSObject+JKR_RunTime.h */,
				ECDCE6B9207C9C91009BB554 /* NSObject+JKR_RunTime.m */,
			);
			path = Runtime;
			sourceTree = "<group>";
		};
		ECDCE6BA207C9C91009BB554 /* UITextView */ = {
			isa = PBXGroup;
			children = (
				ECDCE6BB207C9C91009BB554 /* UITextView+JKRPlaceHolder.h */,
				ECDCE6BC207C9C91009BB554 /* UITextView+JKRPlaceHolder.m */,
			);
			path = UITextView;
			sourceTree = "<group>";
		};
		ECDCE6BE207C9C91009BB554 /* UINavigationBar */ = {
			isa = PBXGroup;
			children = (
				ECDCE6BF207C9C91009BB554 /* UINavigationBar+JKR_BackgroundColor.m */,
				ECDCE6C0207C9C91009BB554 /* UINavigationBar+JKR_BackgroundColor.h */,
			);
			path = UINavigationBar;
			sourceTree = "<group>";
		};
		ECDCE6C1207C9C91009BB554 /* NSString */ = {
			isa = PBXGroup;
			children = (
				ECDCE6C2207C9C91009BB554 /* NSString+JKRSize.h */,
				ECDCE6C3207C9C91009BB554 /* NSString+JKRMD5.h */,
				ECDCE6C4207C9C91009BB554 /* NSString+URLComponents.m */,
				ECDCE6C5207C9C91009BB554 /* NSString+JKRMD5.m */,
				ECDCE6C6207C9C91009BB554 /* NSString+JKRSize.m */,
				ECDCE6C7207C9C91009BB554 /* NSString+URLComponents.h */,
			);
			path = NSString;
			sourceTree = "<group>";
		};
		ECDCE6C8207C9C91009BB554 /* UIViewController */ = {
			isa = PBXGroup;
			children = (
				ECDCE6CA207C9C91009BB554 /* UIViewController+JKRStatusBarStyle.h */,
				ECDCE6CC207C9C91009BB554 /* UIViewController+JKRStatusBarStyle.m */,
			);
			path = UIViewController;
			sourceTree = "<group>";
		};
		ECDCE6CD207C9C91009BB554 /* UINavigationController */ = {
			isa = PBXGroup;
			children = (
				ECDCE6CE207C9C91009BB554 /* UINavigationController+JKRBackButton.m */,
				ECDCE6CF207C9C91009BB554 /* UINavigationController+JKRStatusBar.m */,
				ECDCE6D0207C9C91009BB554 /* UINavigationController+JKRBackButton.h */,
				ECDCE6D1207C9C91009BB554 /* UINavigationController+JKRStatusBar.h */,
			);
			path = UINavigationController;
			sourceTree = "<group>";
		};
		ECDCE6D3207C9C91009BB554 /* UIGestureRecognizer */ = {
			isa = PBXGroup;
			children = (
				ECDCE6D4207C9C91009BB554 /* UIGestureRecognizer+JKRTouch.m */,
				ECDCE6D5207C9C91009BB554 /* UIGestureRecognizer+JKRTouch.h */,
			);
			path = UIGestureRecognizer;
			sourceTree = "<group>";
		};
		ECDCE6E7207C9C91009BB554 /* NSDate */ = {
			isa = PBXGroup;
			children = (
				ECDCE6E8207C9C91009BB554 /* NSDate+JKRDate.h */,
				ECDCE6E9207C9C91009BB554 /* NSDate+JKRDate.m */,
			);
			path = NSDate;
			sourceTree = "<group>";
		};
		FB5A6B064CF7852341A3800A /* Pods */ = {
			isa = PBXGroup;
			children = (
				C70B9865407A3A915AD13095 /* Pods-FireMarchTch.debug.xcconfig */,
				26A680B511CED9E372C15761 /* Pods-FireMarchTch.release.xcconfig */,
			);
			name = Pods;
			sourceTree = "<group>";
		};
/* End PBXGroup section */

/* Begin PBXNativeTarget section */
		EC473C8D2056556200CD9397 /* FireMarchTch */ = {
			isa = PBXNativeTarget;
			buildConfigurationList = EC473CA42056556200CD9397 /* Build configuration list for PBXNativeTarget "FireMarchTch" */;
			buildPhases = (
				926821363AAB3EF771BDD3C2 /* [CP] Check Pods Manifest.lock */,
				EC473C8A2056556200CD9397 /* Sources */,
				EC473C8B2056556200CD9397 /* Frameworks */,
				EC473C8C2056556200CD9397 /* Resources */,
				6FA174B7A5B193B5BB790FDD /* [CP] Embed Pods Frameworks */,
				1E30CE152700EEB3A218D543 /* [CP] Copy Pods Resources */,
			);
			buildRules = (
			);
			dependencies = (
			);
			name = FireMarchTch;
			productName = FireMarchTch;
			productReference = EC473C8E2056556200CD9397 /* FireMarchTch.app */;
			productType = "com.apple.product-type.application";
		};
/* End PBXNativeTarget section */

/* Begin PBXProject section */
		EC473C862056556200CD9397 /* Project object */ = {
			isa = PBXProject;
			attributes = {
				LastUpgradeCheck = 0920;
				ORGANIZATIONNAME = Joe.Pen;
				TargetAttributes = {
					EC473C8D2056556200CD9397 = {
						CreatedOnToolsVersion = 9.2;
						ProvisioningStyle = Automatic;
					};
				};
			};
			buildConfigurationList = EC473C892056556200CD9397 /* Build configuration list for PBXProject "FireMarchTch" */;
			compatibilityVersion = "Xcode 8.0";
			developmentRegion = en;
			hasScannedForEncodings = 0;
			knownRegions = (
				en,
				Base,
			);
			mainGroup = EC473C852056556200CD9397;
			productRefGroup = EC473C8F2056556200CD9397 /* Products */;
			projectDirPath = "";
			projectRoot = "";
			targets = (
				EC473C8D2056556200CD9397 /* FireMarchTch */,
			);
		};
/* End PBXProject section */

/* Begin PBXResourcesBuildPhase section */
		EC473C8C2056556200CD9397 /* Resources */ = {
			isa = PBXResourcesBuildPhase;
			buildActionMask = 2147483647;
			files = (
				EC38CB0D2074745600C09DC7 /* FMSetMyInfoViewController.xib in Resources */,
				EC473D0620576BD000CD9397 /* 方正兰亭细黑_GBK.TTF in Resources */,
				EC473CF62056BDCB00CD9397 /* Main.storyboard in Resources */,
				EC473CF92056BE0B00CD9397 /* RegLogin.storyboard in Resources */,
				ECDCE700207C9C91009BB554 /* .gitignore in Resources */,
				EC38CAFF2072507900C09DC7 /* CZJAlertView.xib in Resources */,
				EC42A4D12063F93000C52324 /* Assets.xcassets in Resources */,
				ECDCE70F207DF666009BB554 /* FMImageCollectionViewCell.xib in Resources */,
				EC42A4C2206346A800C52324 /* FMTCodeInputTextField.xib in Resources */,
				ECDCE67B207B0D07009BB554 /* FMTUpImageViewController.xib in Resources */,
				EC473CF52056BDCB00CD9397 /* LaunchScreen.storyboard in Resources */,
				ECDCE6F7207C9C91009BB554 /* README.md in Resources */,
				EC42A4DD2068DCC500C52324 /* Info.plist in Resources */,
			);
			runOnlyForDeploymentPostprocessing = 0;
		};
/* End PBXResourcesBuildPhase section */

/* Begin PBXShellScriptBuildPhase section */
		1E30CE152700EEB3A218D543 /* [CP] Copy Pods Resources */ = {
			isa = PBXShellScriptBuildPhase;
			buildActionMask = 2147483647;
			files = (
			);
			inputPaths = (
				"${SRCROOT}/Pods/Target Support Files/Pods-FireMarchTch/Pods-FireMarchTch-resources.sh",
				"${PODS_ROOT}/FlatUIKit/Resources/flat-ui-icons-regular.ttf",
				"${PODS_ROOT}/FlatUIKit/Resources/Lato-Bold.ttf",
				"${PODS_ROOT}/FlatUIKit/Resources/Lato-Italic.ttf",
				"${PODS_ROOT}/FlatUIKit/Resources/Lato-Light.ttf",
				"${PODS_ROOT}/FlatUIKit/Resources/Lato-Regular.ttf",
				"${PODS_ROOT}/GPUImage/framework/Resources/lookup.png",
				"${PODS_ROOT}/GPUImage/framework/Resources/lookup_amatorka.png",
				"${PODS_ROOT}/GPUImage/framework/Resources/lookup_miss_etikate.png",
				"${PODS_ROOT}/GPUImage/framework/Resources/lookup_soft_elegance_1.png",
				"${PODS_ROOT}/GPUImage/framework/Resources/lookup_soft_elegance_2.png",
				"${PODS_ROOT}/KMCGeigerCounter/KMCGeigerCounter/KMCGeigerCounterTick.aiff",
				"${PODS_ROOT}/SVProgressHUD/SVProgressHUD/SVProgressHUD.bundle",
				"${PODS_ROOT}/ZLPhotoBrowser/PhotoBrowser/resource/ZLPhotoActionSheet.xib",
				"${PODS_ROOT}/ZLPhotoBrowser/PhotoBrowser/resource/ZLPhotoBrowserCell.xib",
				"${PODS_ROOT}/ZLPhotoBrowser/PhotoBrowser/resource/ZLPhotoBrowser.bundle",
			);
			name = "[CP] Copy Pods Resources";
			outputPaths = (
				"${TARGET_BUILD_DIR}/${UNLOCALIZED_RESOURCES_FOLDER_PATH}/flat-ui-icons-regular.ttf",
				"${TARGET_BUILD_DIR}/${UNLOCALIZED_RESOURCES_FOLDER_PATH}/Lato-Bold.ttf",
				"${TARGET_BUILD_DIR}/${UNLOCALIZED_RESOURCES_FOLDER_PATH}/Lato-Italic.ttf",
				"${TARGET_BUILD_DIR}/${UNLOCALIZED_RESOURCES_FOLDER_PATH}/Lato-Light.ttf",
				"${TARGET_BUILD_DIR}/${UNLOCALIZED_RESOURCES_FOLDER_PATH}/Lato-Regular.ttf",
				"${TARGET_BUILD_DIR}/${UNLOCALIZED_RESOURCES_FOLDER_PATH}/lookup.png",
				"${TARGET_BUILD_DIR}/${UNLOCALIZED_RESOURCES_FOLDER_PATH}/lookup_amatorka.png",
				"${TARGET_BUILD_DIR}/${UNLOCALIZED_RESOURCES_FOLDER_PATH}/lookup_miss_etikate.png",
				"${TARGET_BUILD_DIR}/${UNLOCALIZED_RESOURCES_FOLDER_PATH}/lookup_soft_elegance_1.png",
				"${TARGET_BUILD_DIR}/${UNLOCALIZED_RESOURCES_FOLDER_PATH}/lookup_soft_elegance_2.png",
				"${TARGET_BUILD_DIR}/${UNLOCALIZED_RESOURCES_FOLDER_PATH}/KMCGeigerCounterTick.aiff",
				"${TARGET_BUILD_DIR}/${UNLOCALIZED_RESOURCES_FOLDER_PATH}/SVProgressHUD.bundle",
				"${TARGET_BUILD_DIR}/${UNLOCALIZED_RESOURCES_FOLDER_PATH}/ZLPhotoActionSheet.nib",
				"${TARGET_BUILD_DIR}/${UNLOCALIZED_RESOURCES_FOLDER_PATH}/ZLPhotoBrowserCell.nib",
				"${TARGET_BUILD_DIR}/${UNLOCALIZED_RESOURCES_FOLDER_PATH}/ZLPhotoBrowser.bundle",
			);
			runOnlyForDeploymentPostprocessing = 0;
			shellPath = /bin/sh;
			shellScript = "\"${SRCROOT}/Pods/Target Support Files/Pods-FireMarchTch/Pods-FireMarchTch-resources.sh\"\n";
			showEnvVarsInLog = 0;
		};
		6FA174B7A5B193B5BB790FDD /* [CP] Embed Pods Frameworks */ = {
			isa = PBXShellScriptBuildPhase;
			buildActionMask = 2147483647;
			files = (
			);
			inputPaths = (
			);
			name = "[CP] Embed Pods Frameworks";
			outputPaths = (
			);
			runOnlyForDeploymentPostprocessing = 0;
			shellPath = /bin/sh;
			shellScript = "\"${SRCROOT}/Pods/Target Support Files/Pods-FireMarchTch/Pods-FireMarchTch-frameworks.sh\"\n";
			showEnvVarsInLog = 0;
		};
		926821363AAB3EF771BDD3C2 /* [CP] Check Pods Manifest.lock */ = {
			isa = PBXShellScriptBuildPhase;
			buildActionMask = 2147483647;
			files = (
			);
			inputPaths = (
				"${PODS_PODFILE_DIR_PATH}/Podfile.lock",
				"${PODS_ROOT}/Manifest.lock",
			);
			name = "[CP] Check Pods Manifest.lock";
			outputPaths = (
				"$(DERIVED_FILE_DIR)/Pods-FireMarchTch-checkManifestLockResult.txt",
			);
			runOnlyForDeploymentPostprocessing = 0;
			shellPath = /bin/sh;
			shellScript = "diff \"${PODS_PODFILE_DIR_PATH}/Podfile.lock\" \"${PODS_ROOT}/Manifest.lock\" > /dev/null\nif [ $? != 0 ] ; then\n    # print error to STDERR\n    echo \"error: The sandbox is not in sync with the Podfile.lock. Run 'pod install' or update your CocoaPods installation.\" >&2\n    exit 1\nfi\n# This output is used by Xcode 'outputs' to avoid re-running this script phase.\necho \"SUCCESS\" > \"${SCRIPT_OUTPUT_FILE_0}\"\n";
			showEnvVarsInLog = 0;
		};
/* End PBXShellScriptBuildPhase section */

/* Begin PBXSourcesBuildPhase section */
		EC473C8A2056556200CD9397 /* Sources */ = {
			isa = PBXSourcesBuildPhase;
			buildActionMask = 2147483647;
			files = (
				EC42A4D92068DC3A00C52324 /* AppDelegate.m in Sources */,
				EC42A4C1206346A800C52324 /* FMTCodeInputTextField.m in Sources */,
				ECDCE6F1207C9C91009BB554 /* UIView+JKR_Frame.m in Sources */,
				ECDCE6F9207C9C91009BB554 /* NSString+URLComponents.m in Sources */,
				ECDCE6FD207C9C91009BB554 /* UIViewController+JKRStatusBarStyle.m in Sources */,
				EC473D0A205BD9BF00CD9397 /* FMUtils.m in Sources */,
				EC473D23205BF6DB00CD9397 /* UIView+RGSize.m in Sources */,
				ECDCE6F2207C9C91009BB554 /* UIView+JKRSnap.m in Sources */,
				ECDCE6EF207C9C91009BB554 /* UIView+JKRTouch.m in Sources */,
				ECDCE6EC207C9C91009BB554 /* UIImage+JKR_MessageImage.m in Sources */,
				EC38CB08207379FE00C09DC7 /* Reachability.m in Sources */,
				ECDCE67A207B0D07009BB554 /* FMTUpImageViewController.m in Sources */,
				ECDCE6F5207C9C91009BB554 /* NSObject+JKR_RunTime.m in Sources */,
				ECA70B88206A935B003E2F62 /* FMSetPWDViewController.m in Sources */,
				ECDCE6FE207C9C91009BB554 /* UINavigationController+JKRBackButton.m in Sources */,
				EC473D22205BF6DB00CD9397 /* UIView+Frame.m in Sources */,
				ECDCE6F4207C9C91009BB554 /* NSObject+JKR_Observer.m in Sources */,
				EC38CB02207250B200C09DC7 /* FMAlertViewController.m in Sources */,
				ECDCE689207B9C8C009BB554 /* UIView+SDAutoLayout.m in Sources */,
				EC473D2C205FBF5200CD9397 /* CCLocationManager.m in Sources */,
				ECDCE6FB207C9C91009BB554 /* NSString+JKRSize.m in Sources */,
				ECDCE6F8207C9C91009BB554 /* UINavigationBar+JKR_BackgroundColor.m in Sources */,
				EC42A4D42064F13600C52324 /* UINavigationBar+BackgroundColor.m in Sources */,
				ECDCE68C207B9D0D009BB554 /* UITableView+SDAutoTableViewCellHeight.m in Sources */,
				ECDCE6EA207C9C91009BB554 /* UIImage+JKRRender.m in Sources */,
				EC42A4AF20614F4700C52324 /* FMTBaseDataManager.m in Sources */,
				EC38CB0C2074745600C09DC7 /* FMSetMyInfoViewController.m in Sources */,
				EC42A4CF2063EF2200C52324 /* FMTRegLoginHomeController.m in Sources */,
				EC42A4C92063EEED00C52324 /* FMTLoginViewController.m in Sources */,
				EC38CAFA20722EDB00C09DC7 /* FMViewController.m in Sources */,
				EC42A4DE2068DCC500C52324 /* main.m in Sources */,
				ECDCE6FA207C9C91009BB554 /* NSString+JKRMD5.m in Sources */,
				EC38CB0520732C8A00C09DC7 /* FMDeviceInfo.m in Sources */,
				ECDCE699207C858A009BB554 /* YYWeakProxy.m in Sources */,
				EC473C962056556200CD9397 /* ViewController.m in Sources */,
				EC42A4F5206900E600C52324 /* UITextField+Delete.m in Sources */,
				EC42A4F22068F6A000C52324 /* FMTCodeInputTextFields.m in Sources */,
				ECDCE6EB207C9C91009BB554 /* UIImage+JKRImage.m in Sources */,
				ECDCE6EE207C9C91009BB554 /* UIColor+JKRColor.m in Sources */,
				EC473D21205BF6DB00CD9397 /* UIColor+WLZ_HexRGB.m in Sources */,
				EC473D2F205FBFF300CD9397 /* WGS84TOGCJ02.m in Sources */,
				ECDCE69A207C858A009BB554 /* YYFPSLabel.m in Sources */,
				ECDCE6ED207C9C91009BB554 /* UIView+JKR_HitTest.m in Sources */,
				ECDCE6F3207C9C91009BB554 /* UIView+JKRViewController.m in Sources */,
				EC42A4CC2063EF0700C52324 /* FMTRegistViewController.m in Sources */,
				EC473D25205BF6DB00CD9397 /* NSDictionary+NSDictonay_Unicode.m in Sources */,
				EC473D26205BF6DB00CD9397 /* CALayer+UIColor.m in Sources */,
				EC473D24205BF6DB00CD9397 /* UIScrollView+Touch.m in Sources */,
				ECDCE701207C9C91009BB554 /* UIGestureRecognizer+JKRTouch.m in Sources */,
				ECDCE70E207DF666009BB554 /* FMImageCollectionViewCell.m in Sources */,
				ECDCE6F6207C9C91009BB554 /* UITextView+JKRPlaceHolder.m in Sources */,
				EC38CB102074A7E500C09DC7 /* LewPickerController.m in Sources */,
				ECDCE686207B6ACE009BB554 /* PBaseTableViewCell.m in Sources */,
				EC42A4E62068DCCD00C52324 /* FMModel.m in Sources */,
				ECDCE6FF207C9C91009BB554 /* UINavigationController+JKRStatusBar.m in Sources */,
				ECDCE70A207C9C91009BB554 /* NSDate+JKRDate.m in Sources */,
				EC473D322060DB9500CD9397 /* FMNetworkMananger.m in Sources */,
				ECDCE6F0207C9C91009BB554 /* UIView+JKRTapGestureRecognizer.m in Sources */,
				ECDCE67E207B5DF0009BB554 /* FSDeletableImageView.m in Sources */,
				EC42A4B82062131500C52324 /* FMTUnLockViewController.m in Sources */,
				EC38CAFE2072507900C09DC7 /* CZJAlertView.m in Sources */,
				ECDCE694207BABD7009BB554 /* FMImageUploadView.m in Sources */,
				EC42A4E52068DCCD00C52324 /* ValueType.m in Sources */,
			);
			runOnlyForDeploymentPostprocessing = 0;
		};
/* End PBXSourcesBuildPhase section */

/* Begin PBXVariantGroup section */
		EC473CF12056BDCB00CD9397 /* LaunchScreen.storyboard */ = {
			isa = PBXVariantGroup;
			children = (
				EC473CF22056BDCB00CD9397 /* Base */,
			);
			name = LaunchScreen.storyboard;
			sourceTree = "<group>";
		};
		EC473CF32056BDCB00CD9397 /* Main.storyboard */ = {
			isa = PBXVariantGroup;
			children = (
				EC473CF42056BDCB00CD9397 /* Base */,
			);
			name = Main.storyboard;
			sourceTree = "<group>";
		};
		EC473CF72056BE0B00CD9397 /* RegLogin.storyboard */ = {
			isa = PBXVariantGroup;
			children = (
				EC473CF82056BE0B00CD9397 /* Base */,
			);
			name = RegLogin.storyboard;
			sourceTree = "<group>";
		};
/* End PBXVariantGroup section */

/* Begin XCBuildConfiguration section */
		EC473CA22056556200CD9397 /* Debug */ = {
			isa = XCBuildConfiguration;
			buildSettings = {
				ALWAYS_SEARCH_USER_PATHS = NO;
				CLANG_ANALYZER_NONNULL = YES;
				CLANG_ANALYZER_NUMBER_OBJECT_CONVERSION = YES_AGGRESSIVE;
				CLANG_CXX_LANGUAGE_STANDARD = "gnu++14";
				CLANG_CXX_LIBRARY = "libc++";
				CLANG_ENABLE_MODULES = YES;
				CLANG_ENABLE_OBJC_ARC = YES;
				CLANG_WARN_BLOCK_CAPTURE_AUTORELEASING = YES;
				CLANG_WARN_BOOL_CONVERSION = YES;
				CLANG_WARN_COMMA = YES;
				CLANG_WARN_CONSTANT_CONVERSION = YES;
				CLANG_WARN_DIRECT_OBJC_ISA_USAGE = YES_ERROR;
				CLANG_WARN_DOCUMENTATION_COMMENTS = YES;
				CLANG_WARN_EMPTY_BODY = YES;
				CLANG_WARN_ENUM_CONVERSION = YES;
				CLANG_WARN_INFINITE_RECURSION = YES;
				CLANG_WARN_INT_CONVERSION = YES;
				CLANG_WARN_NON_LITERAL_NULL_CONVERSION = YES;
				CLANG_WARN_OBJC_LITERAL_CONVERSION = YES;
				CLANG_WARN_OBJC_ROOT_CLASS = YES_ERROR;
				CLANG_WARN_RANGE_LOOP_ANALYSIS = YES;
				CLANG_WARN_STRICT_PROTOTYPES = YES;
				CLANG_WARN_SUSPICIOUS_MOVE = YES;
				CLANG_WARN_UNGUARDED_AVAILABILITY = YES_AGGRESSIVE;
				CLANG_WARN_UNREACHABLE_CODE = YES;
				CLANG_WARN__DUPLICATE_METHOD_MATCH = YES;
				CODE_SIGN_IDENTITY = "iPhone Developer";
				COPY_PHASE_STRIP = NO;
				DEBUG_INFORMATION_FORMAT = dwarf;
				ENABLE_STRICT_OBJC_MSGSEND = YES;
				ENABLE_TESTABILITY = YES;
				GCC_C_LANGUAGE_STANDARD = gnu11;
				GCC_DYNAMIC_NO_PIC = NO;
				GCC_NO_COMMON_BLOCKS = YES;
				GCC_OPTIMIZATION_LEVEL = 0;
				GCC_PREPROCESSOR_DEFINITIONS = (
					"DEBUG=1",
					"$(inherited)",
				);
				GCC_WARN_64_TO_32_BIT_CONVERSION = YES;
				GCC_WARN_ABOUT_RETURN_TYPE = YES_ERROR;
				GCC_WARN_UNDECLARED_SELECTOR = YES;
				GCC_WARN_UNINITIALIZED_AUTOS = YES_AGGRESSIVE;
				GCC_WARN_UNUSED_FUNCTION = YES;
				GCC_WARN_UNUSED_VARIABLE = YES;
				IPHONEOS_DEPLOYMENT_TARGET = 11.2;
				MTL_ENABLE_DEBUG_INFO = YES;
				ONLY_ACTIVE_ARCH = YES;
				SDKROOT = iphoneos;
			};
			name = Debug;
		};
		EC473CA32056556200CD9397 /* Release */ = {
			isa = XCBuildConfiguration;
			buildSettings = {
				ALWAYS_SEARCH_USER_PATHS = NO;
				CLANG_ANALYZER_NONNULL = YES;
				CLANG_ANALYZER_NUMBER_OBJECT_CONVERSION = YES_AGGRESSIVE;
				CLANG_CXX_LANGUAGE_STANDARD = "gnu++14";
				CLANG_CXX_LIBRARY = "libc++";
				CLANG_ENABLE_MODULES = YES;
				CLANG_ENABLE_OBJC_ARC = YES;
				CLANG_WARN_BLOCK_CAPTURE_AUTORELEASING = YES;
				CLANG_WARN_BOOL_CONVERSION = YES;
				CLANG_WARN_COMMA = YES;
				CLANG_WARN_CONSTANT_CONVERSION = YES;
				CLANG_WARN_DIRECT_OBJC_ISA_USAGE = YES_ERROR;
				CLANG_WARN_DOCUMENTATION_COMMENTS = YES;
				CLANG_WARN_EMPTY_BODY = YES;
				CLANG_WARN_ENUM_CONVERSION = YES;
				CLANG_WARN_INFINITE_RECURSION = YES;
				CLANG_WARN_INT_CONVERSION = YES;
				CLANG_WARN_NON_LITERAL_NULL_CONVERSION = YES;
				CLANG_WARN_OBJC_LITERAL_CONVERSION = YES;
				CLANG_WARN_OBJC_ROOT_CLASS = YES_ERROR;
				CLANG_WARN_RANGE_LOOP_ANALYSIS = YES;
				CLANG_WARN_STRICT_PROTOTYPES = YES;
				CLANG_WARN_SUSPICIOUS_MOVE = YES;
				CLANG_WARN_UNGUARDED_AVAILABILITY = YES_AGGRESSIVE;
				CLANG_WARN_UNREACHABLE_CODE = YES;
				CLANG_WARN__DUPLICATE_METHOD_MATCH = YES;
				CODE_SIGN_IDENTITY = "iPhone Developer";
				COPY_PHASE_STRIP = NO;
				DEBUG_INFORMATION_FORMAT = "dwarf-with-dsym";
				ENABLE_NS_ASSERTIONS = NO;
				ENABLE_STRICT_OBJC_MSGSEND = YES;
				GCC_C_LANGUAGE_STANDARD = gnu11;
				GCC_NO_COMMON_BLOCKS = YES;
				GCC_WARN_64_TO_32_BIT_CONVERSION = YES;
				GCC_WARN_ABOUT_RETURN_TYPE = YES_ERROR;
				GCC_WARN_UNDECLARED_SELECTOR = YES;
				GCC_WARN_UNINITIALIZED_AUTOS = YES_AGGRESSIVE;
				GCC_WARN_UNUSED_FUNCTION = YES;
				GCC_WARN_UNUSED_VARIABLE = YES;
				IPHONEOS_DEPLOYMENT_TARGET = 11.2;
				MTL_ENABLE_DEBUG_INFO = NO;
				SDKROOT = iphoneos;
				VALIDATE_PRODUCT = YES;
			};
			name = Release;
		};
		EC473CA52056556200CD9397 /* Debug */ = {
			isa = XCBuildConfiguration;
			baseConfigurationReference = C70B9865407A3A915AD13095 /* Pods-FireMarchTch.debug.xcconfig */;
			buildSettings = {
				ASSETCATALOG_COMPILER_APPICON_NAME = AppIcon;
				CODE_SIGN_STYLE = Automatic;
				DEVELOPMENT_TEAM = TL4R9BXB5H;
				GCC_PREFIX_HEADER = "$(SRCROOT)/FireMarchTch/SupportingFiles/PrefixHeader.pch";
				INFOPLIST_FILE = FireMarchTch/Info.plist;
				IPHONEOS_DEPLOYMENT_TARGET = 9.0;
				LD_RUNPATH_SEARCH_PATHS = "$(inherited) @executable_path/Frameworks";
				PRODUCT_BUNDLE_IDENTIFIER = com.xwbank.FireMarchTch;
				PRODUCT_NAME = "$(TARGET_NAME)";
				TARGETED_DEVICE_FAMILY = "1,2";
			};
			name = Debug;
		};
		EC473CA62056556200CD9397 /* Release */ = {
			isa = XCBuildConfiguration;
			baseConfigurationReference = 26A680B511CED9E372C15761 /* Pods-FireMarchTch.release.xcconfig */;
			buildSettings = {
				ASSETCATALOG_COMPILER_APPICON_NAME = AppIcon;
				CODE_SIGN_STYLE = Automatic;
				DEVELOPMENT_TEAM = TL4R9BXB5H;
				GCC_PREFIX_HEADER = "$(SRCROOT)/FireMarchTch/SupportingFiles/PrefixHeader.pch";
				INFOPLIST_FILE = FireMarchTch/Info.plist;
				IPHONEOS_DEPLOYMENT_TARGET = 9.0;
				LD_RUNPATH_SEARCH_PATHS = "$(inherited) @executable_path/Frameworks";
				PRODUCT_BUNDLE_IDENTIFIER = com.xwbank.FireMarchTch;
				PRODUCT_NAME = "$(TARGET_NAME)";
				TARGETED_DEVICE_FAMILY = "1,2";
			};
			name = Release;
		};
/* End XCBuildConfiguration section */

/* Begin XCConfigurationList section */
		EC473C892056556200CD9397 /* Build configuration list for PBXProject "FireMarchTch" */ = {
			isa = XCConfigurationList;
			buildConfigurations = (
				EC473CA22056556200CD9397 /* Debug */,
				EC473CA32056556200CD9397 /* Release */,
			);
			defaultConfigurationIsVisible = 0;
			defaultConfigurationName = Release;
		};
		EC473CA42056556200CD9397 /* Build configuration list for PBXNativeTarget "FireMarchTch" */ = {
			isa = XCConfigurationList;
			buildConfigurations = (
				EC473CA52056556200CD9397 /* Debug */,
				EC473CA62056556200CD9397 /* Release */,
			);
			defaultConfigurationIsVisible = 0;
			defaultConfigurationName = Release;
		};
/* End XCConfigurationList section */
	};
	rootObject = EC473C862056556200CD9397 /* Project object */;
}
